
Microsoft Visual Studio Solution File, Format Version 12.00
# Visual Studio 14
VisualStudioVersion = 14.0.25420.1
MinimumVisualStudioVersion = 10.0.40219.1
Project("{8BC9CEB8-8B4A-11D0-8D11-00A0C91BC942}") = "C++语言篇", "剑指Offer\剑指Offer.vcxproj", "{BF17E1EA-DC84-4568-9A82-54C30DD4978F}"
EndProject
Project("{8BC9CEB8-8B4A-11D0-8D11-00A0C91BC942}") = "CSharp语言篇", "CSharp语言篇\CSharp语言篇.vcxproj", "{E786C67E-3124-4463-96D9-971344D38BE1}"
EndProject
Project("{8BC9CEB8-8B4A-11D0-8D11-00A0C91BC942}") = "数据结构篇", "算法和数组结构篇\算法和数组结构篇.vcxproj", "{E8D5B8B1-C1E6-4D7F-A5BF-C26FED239D86}"
EndProject
Project("{8BC9CEB8-8B4A-11D0-8D11-00A0C91BC942}") = "算法篇", "算法篇\算法篇.vcxproj", "{BB01BCDC-487F-4612-86CC-DF9C07BD03C4}"
EndProject
Project("{8BC9CEB8-8B4A-11D0-8D11-00A0C91BC942}") = "算法篇2", "算法篇2\算法篇2.vcxproj", "{416577BA-C1DB-4C6A-B993-D35EFE3F1BB0}"
EndProject
Project("{8BC9CEB8-8B4A-11D0-8D11-00A0C91BC942}") = "算法篇3", "算法篇3\算法篇3.vcxproj", "{ABC22E39-E7A0-4385-9E4A-73D66CAF8976}"
EndProject
Project("{8BC9CEB8-8B4A-11D0-8D11-00A0C91BC942}") = "把数组排成最小的数", "把数组排成最小的数\把数组排成最小的数.vcxproj", "{782C18E8-7168-4072-B460-52EDE1A31726}"
EndProject
Project("{8BC9CEB8-8B4A-11D0-8D11-00A0C91BC942}") = "礼物的最大价值", "礼物的最大价值\礼物的最大价值.vcxproj", "{2496D68D-63C9-46CF-828C-FAEF497EDACC}"
EndProject
Project("{8BC9CEB8-8B4A-11D0-8D11-00A0C91BC942}") = "最长不含重复的子字符串", "最长不含重复的子字符串\最长不含重复的子字符串.vcxproj", "{FF08CD55-34C0-4486-B705-DBFE830D8961}"
EndProject
Project("{8BC9CEB8-8B4A-11D0-8D11-00A0C91BC942}") = "丑数", "丑数\丑数.vcxproj", "{684FB0D0-2E45-49CF-820C-B941D164CB02}"
EndProject
Project("{8BC9CEB8-8B4A-11D0-8D11-00A0C91BC942}") = "第一个只出现一次的字符", "第一个只出现一次的字符\第一个只出现一次的字符.vcxproj", "{C65361CF-30A2-4AB7-AE89-800D20167F24}"
EndProject
Project("{8BC9CEB8-8B4A-11D0-8D11-00A0C91BC942}") = "从第一个字符串中删除第二个字符串出现过的字符", "从第一个字符串中删除第二个字符串出现过的字符\从第一个字符串中删除第二个字符串出现过的字符.vcxproj", "{227E5E1C-5A2F-4372-A1C6-4A888BDC5A2A}"
EndProject
Project("{8BC9CEB8-8B4A-11D0-8D11-00A0C91BC942}") = "数组中的逆序对", "数组中的逆序对\数组中的逆序对.vcxproj", "{C096563C-0AF2-4F6E-A5DD-57DCFBDB2086}"
EndProject
Project("{8BC9CEB8-8B4A-11D0-8D11-00A0C91BC942}") = "两个链表中的第一个公共节点", "两个链表中的第一个公共节点\两个链表中的第一个公共节点.vcxproj", "{C6F774C8-4C0F-46DA-A2CD-99E93059B1AE}"
EndProject
Project("{8BC9CEB8-8B4A-11D0-8D11-00A0C91BC942}") = "在排序数组中查找数字", "在排序数组中查找数字\在排序数组中查找数字.vcxproj", "{0BFC045A-0CD3-44C3-AF75-7796818F2178}"
EndProject
Project("{8BC9CEB8-8B4A-11D0-8D11-00A0C91BC942}") = "0~1中缺失的数字", "0~1中缺失的数字\0~1中缺失的数字.vcxproj", "{39299EB7-5F3F-41F8-AAA1-30EBA6978338}"
EndProject
Project("{8BC9CEB8-8B4A-11D0-8D11-00A0C91BC942}") = "数组中只出现一次的两个数字", "数组中只出现一次的两个数字\数组中只出现一次的两个数字.vcxproj", "{0E1423F3-AA9F-4EE0-B1D9-B9BDCD42E5D4}"
EndProject
Global
	GlobalSection(SolutionConfigurationPlatforms) = preSolution
		Debug|x64 = Debug|x64
		Debug|x86 = Debug|x86
		Release|x64 = Release|x64
		Release|x86 = Release|x86
	EndGlobalSection
	GlobalSection(ProjectConfigurationPlatforms) = postSolution
		{BF17E1EA-DC84-4568-9A82-54C30DD4978F}.Debug|x64.ActiveCfg = Debug|x64
		{BF17E1EA-DC84-4568-9A82-54C30DD4978F}.Debug|x64.Build.0 = Debug|x64
		{BF17E1EA-DC84-4568-9A82-54C30DD4978F}.Debug|x86.ActiveCfg = Debug|Win32
		{BF17E1EA-DC84-4568-9A82-54C30DD4978F}.Debug|x86.Build.0 = Debug|Win32
		{BF17E1EA-DC84-4568-9A82-54C30DD4978F}.Release|x64.ActiveCfg = Release|x64
		{BF17E1EA-DC84-4568-9A82-54C30DD4978F}.Release|x64.Build.0 = Release|x64
		{BF17E1EA-DC84-4568-9A82-54C30DD4978F}.Release|x86.ActiveCfg = Release|Win32
		{BF17E1EA-DC84-4568-9A82-54C30DD4978F}.Release|x86.Build.0 = Release|Win32
		{E786C67E-3124-4463-96D9-971344D38BE1}.Debug|x64.ActiveCfg = Debug|x64
		{E786C67E-3124-4463-96D9-971344D38BE1}.Debug|x64.Build.0 = Debug|x64
		{E786C67E-3124-4463-96D9-971344D38BE1}.Debug|x86.ActiveCfg = Debug|Win32
		{E786C67E-3124-4463-96D9-971344D38BE1}.Debug|x86.Build.0 = Debug|Win32
		{E786C67E-3124-4463-96D9-971344D38BE1}.Release|x64.ActiveCfg = Release|x64
		{E786C67E-3124-4463-96D9-971344D38BE1}.Release|x64.Build.0 = Release|x64
		{E786C67E-3124-4463-96D9-971344D38BE1}.Release|x86.ActiveCfg = Release|Win32
		{E786C67E-3124-4463-96D9-971344D38BE1}.Release|x86.Build.0 = Release|Win32
		{E8D5B8B1-C1E6-4D7F-A5BF-C26FED239D86}.Debug|x64.ActiveCfg = Debug|x64
		{E8D5B8B1-C1E6-4D7F-A5BF-C26FED239D86}.Debug|x64.Build.0 = Debug|x64
		{E8D5B8B1-C1E6-4D7F-A5BF-C26FED239D86}.Debug|x86.ActiveCfg = Debug|Win32
		{E8D5B8B1-C1E6-4D7F-A5BF-C26FED239D86}.Debug|x86.Build.0 = Debug|Win32
		{E8D5B8B1-C1E6-4D7F-A5BF-C26FED239D86}.Release|x64.ActiveCfg = Release|x64
		{E8D5B8B1-C1E6-4D7F-A5BF-C26FED239D86}.Release|x64.Build.0 = Release|x64
		{E8D5B8B1-C1E6-4D7F-A5BF-C26FED239D86}.Release|x86.ActiveCfg = Release|Win32
		{E8D5B8B1-C1E6-4D7F-A5BF-C26FED239D86}.Release|x86.Build.0 = Release|Win32
		{BB01BCDC-487F-4612-86CC-DF9C07BD03C4}.Debug|x64.ActiveCfg = Debug|x64
		{BB01BCDC-487F-4612-86CC-DF9C07BD03C4}.Debug|x64.Build.0 = Debug|x64
		{BB01BCDC-487F-4612-86CC-DF9C07BD03C4}.Debug|x86.ActiveCfg = Debug|Win32
		{BB01BCDC-487F-4612-86CC-DF9C07BD03C4}.Debug|x86.Build.0 = Debug|Win32
		{BB01BCDC-487F-4612-86CC-DF9C07BD03C4}.Release|x64.ActiveCfg = Release|x64
		{BB01BCDC-487F-4612-86CC-DF9C07BD03C4}.Release|x64.Build.0 = Release|x64
		{BB01BCDC-487F-4612-86CC-DF9C07BD03C4}.Release|x86.ActiveCfg = Release|Win32
		{BB01BCDC-487F-4612-86CC-DF9C07BD03C4}.Release|x86.Build.0 = Release|Win32
		{416577BA-C1DB-4C6A-B993-D35EFE3F1BB0}.Debug|x64.ActiveCfg = Debug|x64
		{416577BA-C1DB-4C6A-B993-D35EFE3F1BB0}.Debug|x64.Build.0 = Debug|x64
		{416577BA-C1DB-4C6A-B993-D35EFE3F1BB0}.Debug|x86.ActiveCfg = Debug|Win32
		{416577BA-C1DB-4C6A-B993-D35EFE3F1BB0}.Debug|x86.Build.0 = Debug|Win32
		{416577BA-C1DB-4C6A-B993-D35EFE3F1BB0}.Release|x64.ActiveCfg = Release|x64
		{416577BA-C1DB-4C6A-B993-D35EFE3F1BB0}.Release|x64.Build.0 = Release|x64
		{416577BA-C1DB-4C6A-B993-D35EFE3F1BB0}.Release|x86.ActiveCfg = Release|Win32
		{416577BA-C1DB-4C6A-B993-D35EFE3F1BB0}.Release|x86.Build.0 = Release|Win32
		{ABC22E39-E7A0-4385-9E4A-73D66CAF8976}.Debug|x64.ActiveCfg = Debug|x64
		{ABC22E39-E7A0-4385-9E4A-73D66CAF8976}.Debug|x64.Build.0 = Debug|x64
		{ABC22E39-E7A0-4385-9E4A-73D66CAF8976}.Debug|x86.ActiveCfg = Debug|Win32
		{ABC22E39-E7A0-4385-9E4A-73D66CAF8976}.Debug|x86.Build.0 = Debug|Win32
		{ABC22E39-E7A0-4385-9E4A-73D66CAF8976}.Release|x64.ActiveCfg = Release|x64
		{ABC22E39-E7A0-4385-9E4A-73D66CAF8976}.Release|x64.Build.0 = Release|x64
		{ABC22E39-E7A0-4385-9E4A-73D66CAF8976}.Release|x86.ActiveCfg = Release|Win32
		{ABC22E39-E7A0-4385-9E4A-73D66CAF8976}.Release|x86.Build.0 = Release|Win32
		{782C18E8-7168-4072-B460-52EDE1A31726}.Debug|x64.ActiveCfg = Debug|x64
		{782C18E8-7168-4072-B460-52EDE1A31726}.Debug|x64.Build.0 = Debug|x64
		{782C18E8-7168-4072-B460-52EDE1A31726}.Debug|x86.ActiveCfg = Debug|Win32
		{782C18E8-7168-4072-B460-52EDE1A31726}.Debug|x86.Build.0 = Debug|Win32
		{782C18E8-7168-4072-B460-52EDE1A31726}.Release|x64.ActiveCfg = Release|x64
		{782C18E8-7168-4072-B460-52EDE1A31726}.Release|x64.Build.0 = Release|x64
		{782C18E8-7168-4072-B460-52EDE1A31726}.Release|x86.ActiveCfg = Release|Win32
		{782C18E8-7168-4072-B460-52EDE1A31726}.Release|x86.Build.0 = Release|Win32
		{2496D68D-63C9-46CF-828C-FAEF497EDACC}.Debug|x64.ActiveCfg = Debug|x64
		{2496D68D-63C9-46CF-828C-FAEF497EDACC}.Debug|x64.Build.0 = Debug|x64
		{2496D68D-63C9-46CF-828C-FAEF497EDACC}.Debug|x86.ActiveCfg = Debug|Win32
		{2496D68D-63C9-46CF-828C-FAEF497EDACC}.Debug|x86.Build.0 = Debug|Win32
		{2496D68D-63C9-46CF-828C-FAEF497EDACC}.Release|x64.ActiveCfg = Release|x64
		{2496D68D-63C9-46CF-828C-FAEF497EDACC}.Release|x64.Build.0 = Release|x64
		{2496D68D-63C9-46CF-828C-FAEF497EDACC}.Release|x86.ActiveCfg = Release|Win32
		{2496D68D-63C9-46CF-828C-FAEF497EDACC}.Release|x86.Build.0 = Release|Win32
		{FF08CD55-34C0-4486-B705-DBFE830D8961}.Debug|x64.ActiveCfg = Debug|x64
		{FF08CD55-34C0-4486-B705-DBFE830D8961}.Debug|x64.Build.0 = Debug|x64
		{FF08CD55-34C0-4486-B705-DBFE830D8961}.Debug|x86.ActiveCfg = Debug|Win32
		{FF08CD55-34C0-4486-B705-DBFE830D8961}.Debug|x86.Build.0 = Debug|Win32
		{FF08CD55-34C0-4486-B705-DBFE830D8961}.Release|x64.ActiveCfg = Release|x64
		{FF08CD55-34C0-4486-B705-DBFE830D8961}.Release|x64.Build.0 = Release|x64
		{FF08CD55-34C0-4486-B705-DBFE830D8961}.Release|x86.ActiveCfg = Release|Win32
		{FF08CD55-34C0-4486-B705-DBFE830D8961}.Release|x86.Build.0 = Release|Win32
		{684FB0D0-2E45-49CF-820C-B941D164CB02}.Debug|x64.ActiveCfg = Debug|x64
		{684FB0D0-2E45-49CF-820C-B941D164CB02}.Debug|x64.Build.0 = Debug|x64
		{684FB0D0-2E45-49CF-820C-B941D164CB02}.Debug|x86.ActiveCfg = Debug|Win32
		{684FB0D0-2E45-49CF-820C-B941D164CB02}.Debug|x86.Build.0 = Debug|Win32
		{684FB0D0-2E45-49CF-820C-B941D164CB02}.Release|x64.ActiveCfg = Release|x64
		{684FB0D0-2E45-49CF-820C-B941D164CB02}.Release|x64.Build.0 = Release|x64
		{684FB0D0-2E45-49CF-820C-B941D164CB02}.Release|x86.ActiveCfg = Release|Win32
		{684FB0D0-2E45-49CF-820C-B941D164CB02}.Release|x86.Build.0 = Release|Win32
		{C65361CF-30A2-4AB7-AE89-800D20167F24}.Debug|x64.ActiveCfg = Debug|x64
		{C65361CF-30A2-4AB7-AE89-800D20167F24}.Debug|x64.Build.0 = Debug|x64
		{C65361CF-30A2-4AB7-AE89-800D20167F24}.Debug|x86.ActiveCfg = Debug|Win32
		{C65361CF-30A2-4AB7-AE89-800D20167F24}.Debug|x86.Build.0 = Debug|Win32
		{C65361CF-30A2-4AB7-AE89-800D20167F24}.Release|x64.ActiveCfg = Release|x64
		{C65361CF-30A2-4AB7-AE89-800D20167F24}.Release|x64.Build.0 = Release|x64
		{C65361CF-30A2-4AB7-AE89-800D20167F24}.Release|x86.ActiveCfg = Release|Win32
		{C65361CF-30A2-4AB7-AE89-800D20167F24}.Release|x86.Build.0 = Release|Win32
		{227E5E1C-5A2F-4372-A1C6-4A888BDC5A2A}.Debug|x64.ActiveCfg = Debug|x64
		{227E5E1C-5A2F-4372-A1C6-4A888BDC5A2A}.Debug|x64.Build.0 = Debug|x64
		{227E5E1C-5A2F-4372-A1C6-4A888BDC5A2A}.Debug|x86.ActiveCfg = Debug|Win32
		{227E5E1C-5A2F-4372-A1C6-4A888BDC5A2A}.Debug|x86.Build.0 = Debug|Win32
		{227E5E1C-5A2F-4372-A1C6-4A888BDC5A2A}.Release|x64.ActiveCfg = Release|x64
		{227E5E1C-5A2F-4372-A1C6-4A888BDC5A2A}.Release|x64.Build.0 = Release|x64
		{227E5E1C-5A2F-4372-A1C6-4A888BDC5A2A}.Release|x86.ActiveCfg = Release|Win32
		{227E5E1C-5A2F-4372-A1C6-4A888BDC5A2A}.Release|x86.Build.0 = Release|Win32
		{C096563C-0AF2-4F6E-A5DD-57DCFBDB2086}.Debug|x64.ActiveCfg = Debug|x64
		{C096563C-0AF2-4F6E-A5DD-57DCFBDB2086}.Debug|x64.Build.0 = Debug|x64
		{C096563C-0AF2-4F6E-A5DD-57DCFBDB2086}.Debug|x86.ActiveCfg = Debug|Win32
		{C096563C-0AF2-4F6E-A5DD-57DCFBDB2086}.Debug|x86.Build.0 = Debug|Win32
		{C096563C-0AF2-4F6E-A5DD-57DCFBDB2086}.Release|x64.ActiveCfg = Release|x64
		{C096563C-0AF2-4F6E-A5DD-57DCFBDB2086}.Release|x64.Build.0 = Release|x64
		{C096563C-0AF2-4F6E-A5DD-57DCFBDB2086}.Release|x86.ActiveCfg = Release|Win32
		{C096563C-0AF2-4F6E-A5DD-57DCFBDB2086}.Release|x86.Build.0 = Release|Win32
		{C6F774C8-4C0F-46DA-A2CD-99E93059B1AE}.Debug|x64.ActiveCfg = Debug|x64
		{C6F774C8-4C0F-46DA-A2CD-99E93059B1AE}.Debug|x64.Build.0 = Debug|x64
		{C6F774C8-4C0F-46DA-A2CD-99E93059B1AE}.Debug|x86.ActiveCfg = Debug|Win32
		{C6F774C8-4C0F-46DA-A2CD-99E93059B1AE}.Debug|x86.Build.0 = Debug|Win32
		{C6F774C8-4C0F-46DA-A2CD-99E93059B1AE}.Release|x64.ActiveCfg = Release|x64
		{C6F774C8-4C0F-46DA-A2CD-99E93059B1AE}.Release|x64.Build.0 = Release|x64
		{C6F774C8-4C0F-46DA-A2CD-99E93059B1AE}.Release|x86.ActiveCfg = Release|Win32
		{C6F774C8-4C0F-46DA-A2CD-99E93059B1AE}.Release|x86.Build.0 = Release|Win32
		{0BFC045A-0CD3-44C3-AF75-7796818F2178}.Debug|x64.ActiveCfg = Debug|x64
		{0BFC045A-0CD3-44C3-AF75-7796818F2178}.Debug|x64.Build.0 = Debug|x64
		{0BFC045A-0CD3-44C3-AF75-7796818F2178}.Debug|x86.ActiveCfg = Debug|Win32
		{0BFC045A-0CD3-44C3-AF75-7796818F2178}.Debug|x86.Build.0 = Debug|Win32
		{0BFC045A-0CD3-44C3-AF75-7796818F2178}.Release|x64.ActiveCfg = Release|x64
		{0BFC045A-0CD3-44C3-AF75-7796818F2178}.Release|x64.Build.0 = Release|x64
		{0BFC045A-0CD3-44C3-AF75-7796818F2178}.Release|x86.ActiveCfg = Release|Win32
		{0BFC045A-0CD3-44C3-AF75-7796818F2178}.Release|x86.Build.0 = Release|Win32
		{39299EB7-5F3F-41F8-AAA1-30EBA6978338}.Debug|x64.ActiveCfg = Debug|x64
		{39299EB7-5F3F-41F8-AAA1-30EBA6978338}.Debug|x64.Build.0 = Debug|x64
		{39299EB7-5F3F-41F8-AAA1-30EBA6978338}.Debug|x86.ActiveCfg = Debug|Win32
		{39299EB7-5F3F-41F8-AAA1-30EBA6978338}.Debug|x86.Build.0 = Debug|Win32
		{39299EB7-5F3F-41F8-AAA1-30EBA6978338}.Release|x64.ActiveCfg = Release|x64
		{39299EB7-5F3F-41F8-AAA1-30EBA6978338}.Release|x64.Build.0 = Release|x64
		{39299EB7-5F3F-41F8-AAA1-30EBA6978338}.Release|x86.ActiveCfg = Release|Win32
		{39299EB7-5F3F-41F8-AAA1-30EBA6978338}.Release|x86.Build.0 = Release|Win32
		{0E1423F3-AA9F-4EE0-B1D9-B9BDCD42E5D4}.Debug|x64.ActiveCfg = Debug|x64
		{0E1423F3-AA9F-4EE0-B1D9-B9BDCD42E5D4}.Debug|x64.Build.0 = Debug|x64
		{0E1423F3-AA9F-4EE0-B1D9-B9BDCD42E5D4}.Debug|x86.ActiveCfg = Debug|Win32
		{0E1423F3-AA9F-4EE0-B1D9-B9BDCD42E5D4}.Debug|x86.Build.0 = Debug|Win32
		{0E1423F3-AA9F-4EE0-B1D9-B9BDCD42E5D4}.Release|x64.ActiveCfg = Release|x64
		{0E1423F3-AA9F-4EE0-B1D9-B9BDCD42E5D4}.Release|x64.Build.0 = Release|x64
		{0E1423F3-AA9F-4EE0-B1D9-B9BDCD42E5D4}.Release|x86.ActiveCfg = Release|Win32
		{0E1423F3-AA9F-4EE0-B1D9-B9BDCD42E5D4}.Release|x86.Build.0 = Release|Win32
	EndGlobalSection
	GlobalSection(SolutionProperties) = preSolution
		HideSolutionNode = FALSE
	EndGlobalSection
EndGlobal
