
Microsoft Visual Studio Solution File, Format Version 12.00
# Visual Studio 15
VisualStudioVersion = 15.0.28307.852
MinimumVisualStudioVersion = 10.0.40219.1
Project("{8BC9CEB8-8B4A-11D0-8D11-00A0C91BC942}") = "排队接水", "贪心算法\贪心算法.vcxproj", "{3D0A2BE0-E423-4E8E-8B4C-95C9153311BF}"
EndProject
Project("{8BC9CEB8-8B4A-11D0-8D11-00A0C91BC942}") = "均分纸牌", "均分纸牌\均分纸牌.vcxproj", "{069F7984-4A4E-4B06-B832-F71A76093309}"
EndProject
Project("{8BC9CEB8-8B4A-11D0-8D11-00A0C91BC942}") = "删数问题", "删数问题\删数问题.vcxproj", "{9EB3E001-0DCF-42EE-9DF1-566F350052D2}"
EndProject
Project("{8BC9CEB8-8B4A-11D0-8D11-00A0C91BC942}") = "拦截导弹", "拦截导弹\拦截导弹.vcxproj", "{6F4ADEE0-C3F0-4E12-9F7B-6F278D031FDA}"
EndProject
Project("{8BC9CEB8-8B4A-11D0-8D11-00A0C91BC942}") = "活动选择", "活动选择\活动选择.vcxproj", "{2C3FD558-9ED2-4922-B49F-ADB283AFFD7A}"
EndProject
Project("{8BC9CEB8-8B4A-11D0-8D11-00A0C91BC942}") = "整数区间", "整数区间\整数区间.vcxproj", "{C88A24A4-4502-4D3B-8AF4-EDD681763C03}"
EndProject
Project("{8BC9CEB8-8B4A-11D0-8D11-00A0C91BC942}") = "An Easy Problem", "An Easy Problem\An Easy Problem.vcxproj", "{BD750F78-7F61-4D17-9C8F-AD8D6808A0EC}"
EndProject
Project("{8BC9CEB8-8B4A-11D0-8D11-00A0C91BC942}") = "最大矩阵和", "最大矩阵和\最大矩阵和.vcxproj", "{AE5DF671-29ED-43E5-ACF6-4392B1B57089}"
EndProject
Project("{8BC9CEB8-8B4A-11D0-8D11-00A0C91BC942}") = "金银岛", "金银岛\金银岛.vcxproj", "{699B345B-1C39-4431-BF16-7F06215A682F}"
EndProject
Project("{8BC9CEB8-8B4A-11D0-8D11-00A0C91BC942}") = "装箱问题", "装箱问题\装箱问题.vcxproj", "{65083A39-C538-4924-AC24-7D6E3793A0F7}"
EndProject
Project("{8BC9CEB8-8B4A-11D0-8D11-00A0C91BC942}") = "Ride to Office", "Ride to Office\Ride to Office.vcxproj", "{2B8B5E8B-8098-4EB8-B729-BCE42FF18C84}"
EndProject
Project("{8BC9CEB8-8B4A-11D0-8D11-00A0C91BC942}") = "书架", "书架\书架.vcxproj", "{28C86D46-BB50-4DF0-8F71-5A205A69127E}"
EndProject
Project("{8BC9CEB8-8B4A-11D0-8D11-00A0C91BC942}") = "电池的寿命", "电池的寿命\电池的寿命.vcxproj", "{9C0500AD-90F4-43EC-A2B0-DA788506025B}"
EndProject
Project("{8BC9CEB8-8B4A-11D0-8D11-00A0C91BC942}") = "寻找平面上的极大点", "寻找平面上的极大点\寻找平面上的极大点.vcxproj", "{ACA89431-996D-49F2-8CCF-58A4F31A72A3}"
EndProject
Project("{8BC9CEB8-8B4A-11D0-8D11-00A0C91BC942}") = "最小新整数", "最小新整数\最小新整数.vcxproj", "{2D47271F-3138-4357-A540-3F5901D74B58}"
EndProject
Project("{8BC9CEB8-8B4A-11D0-8D11-00A0C91BC942}") = "Crossing River", "Crossing River\Crossing River.vcxproj", "{1BA01F91-AD30-4A17-882C-11FF7141FBEE}"
EndProject
Project("{8BC9CEB8-8B4A-11D0-8D11-00A0C91BC942}") = "接水问题", "接水问题\接水问题.vcxproj", "{CAD90162-4053-49AA-BF15-34CFF613BB59}"
EndProject
Global
	GlobalSection(SolutionConfigurationPlatforms) = preSolution
		Debug|x64 = Debug|x64
		Debug|x86 = Debug|x86
		Release|x64 = Release|x64
		Release|x86 = Release|x86
	EndGlobalSection
	GlobalSection(ProjectConfigurationPlatforms) = postSolution
		{3D0A2BE0-E423-4E8E-8B4C-95C9153311BF}.Debug|x64.ActiveCfg = Debug|x64
		{3D0A2BE0-E423-4E8E-8B4C-95C9153311BF}.Debug|x64.Build.0 = Debug|x64
		{3D0A2BE0-E423-4E8E-8B4C-95C9153311BF}.Debug|x86.ActiveCfg = Debug|Win32
		{3D0A2BE0-E423-4E8E-8B4C-95C9153311BF}.Debug|x86.Build.0 = Debug|Win32
		{3D0A2BE0-E423-4E8E-8B4C-95C9153311BF}.Release|x64.ActiveCfg = Release|x64
		{3D0A2BE0-E423-4E8E-8B4C-95C9153311BF}.Release|x64.Build.0 = Release|x64
		{3D0A2BE0-E423-4E8E-8B4C-95C9153311BF}.Release|x86.ActiveCfg = Release|Win32
		{3D0A2BE0-E423-4E8E-8B4C-95C9153311BF}.Release|x86.Build.0 = Release|Win32
		{069F7984-4A4E-4B06-B832-F71A76093309}.Debug|x64.ActiveCfg = Debug|x64
		{069F7984-4A4E-4B06-B832-F71A76093309}.Debug|x64.Build.0 = Debug|x64
		{069F7984-4A4E-4B06-B832-F71A76093309}.Debug|x86.ActiveCfg = Debug|Win32
		{069F7984-4A4E-4B06-B832-F71A76093309}.Debug|x86.Build.0 = Debug|Win32
		{069F7984-4A4E-4B06-B832-F71A76093309}.Release|x64.ActiveCfg = Release|x64
		{069F7984-4A4E-4B06-B832-F71A76093309}.Release|x64.Build.0 = Release|x64
		{069F7984-4A4E-4B06-B832-F71A76093309}.Release|x86.ActiveCfg = Release|Win32
		{069F7984-4A4E-4B06-B832-F71A76093309}.Release|x86.Build.0 = Release|Win32
		{9EB3E001-0DCF-42EE-9DF1-566F350052D2}.Debug|x64.ActiveCfg = Debug|x64
		{9EB3E001-0DCF-42EE-9DF1-566F350052D2}.Debug|x64.Build.0 = Debug|x64
		{9EB3E001-0DCF-42EE-9DF1-566F350052D2}.Debug|x86.ActiveCfg = Debug|Win32
		{9EB3E001-0DCF-42EE-9DF1-566F350052D2}.Debug|x86.Build.0 = Debug|Win32
		{9EB3E001-0DCF-42EE-9DF1-566F350052D2}.Release|x64.ActiveCfg = Release|x64
		{9EB3E001-0DCF-42EE-9DF1-566F350052D2}.Release|x64.Build.0 = Release|x64
		{9EB3E001-0DCF-42EE-9DF1-566F350052D2}.Release|x86.ActiveCfg = Release|Win32
		{9EB3E001-0DCF-42EE-9DF1-566F350052D2}.Release|x86.Build.0 = Release|Win32
		{6F4ADEE0-C3F0-4E12-9F7B-6F278D031FDA}.Debug|x64.ActiveCfg = Debug|x64
		{6F4ADEE0-C3F0-4E12-9F7B-6F278D031FDA}.Debug|x64.Build.0 = Debug|x64
		{6F4ADEE0-C3F0-4E12-9F7B-6F278D031FDA}.Debug|x86.ActiveCfg = Debug|Win32
		{6F4ADEE0-C3F0-4E12-9F7B-6F278D031FDA}.Debug|x86.Build.0 = Debug|Win32
		{6F4ADEE0-C3F0-4E12-9F7B-6F278D031FDA}.Release|x64.ActiveCfg = Release|x64
		{6F4ADEE0-C3F0-4E12-9F7B-6F278D031FDA}.Release|x64.Build.0 = Release|x64
		{6F4ADEE0-C3F0-4E12-9F7B-6F278D031FDA}.Release|x86.ActiveCfg = Release|Win32
		{6F4ADEE0-C3F0-4E12-9F7B-6F278D031FDA}.Release|x86.Build.0 = Release|Win32
		{2C3FD558-9ED2-4922-B49F-ADB283AFFD7A}.Debug|x64.ActiveCfg = Debug|x64
		{2C3FD558-9ED2-4922-B49F-ADB283AFFD7A}.Debug|x64.Build.0 = Debug|x64
		{2C3FD558-9ED2-4922-B49F-ADB283AFFD7A}.Debug|x86.ActiveCfg = Debug|Win32
		{2C3FD558-9ED2-4922-B49F-ADB283AFFD7A}.Debug|x86.Build.0 = Debug|Win32
		{2C3FD558-9ED2-4922-B49F-ADB283AFFD7A}.Release|x64.ActiveCfg = Release|x64
		{2C3FD558-9ED2-4922-B49F-ADB283AFFD7A}.Release|x64.Build.0 = Release|x64
		{2C3FD558-9ED2-4922-B49F-ADB283AFFD7A}.Release|x86.ActiveCfg = Release|Win32
		{2C3FD558-9ED2-4922-B49F-ADB283AFFD7A}.Release|x86.Build.0 = Release|Win32
		{C88A24A4-4502-4D3B-8AF4-EDD681763C03}.Debug|x64.ActiveCfg = Debug|x64
		{C88A24A4-4502-4D3B-8AF4-EDD681763C03}.Debug|x64.Build.0 = Debug|x64
		{C88A24A4-4502-4D3B-8AF4-EDD681763C03}.Debug|x86.ActiveCfg = Debug|Win32
		{C88A24A4-4502-4D3B-8AF4-EDD681763C03}.Debug|x86.Build.0 = Debug|Win32
		{C88A24A4-4502-4D3B-8AF4-EDD681763C03}.Release|x64.ActiveCfg = Release|x64
		{C88A24A4-4502-4D3B-8AF4-EDD681763C03}.Release|x64.Build.0 = Release|x64
		{C88A24A4-4502-4D3B-8AF4-EDD681763C03}.Release|x86.ActiveCfg = Release|Win32
		{C88A24A4-4502-4D3B-8AF4-EDD681763C03}.Release|x86.Build.0 = Release|Win32
		{BD750F78-7F61-4D17-9C8F-AD8D6808A0EC}.Debug|x64.ActiveCfg = Debug|x64
		{BD750F78-7F61-4D17-9C8F-AD8D6808A0EC}.Debug|x64.Build.0 = Debug|x64
		{BD750F78-7F61-4D17-9C8F-AD8D6808A0EC}.Debug|x86.ActiveCfg = Debug|Win32
		{BD750F78-7F61-4D17-9C8F-AD8D6808A0EC}.Debug|x86.Build.0 = Debug|Win32
		{BD750F78-7F61-4D17-9C8F-AD8D6808A0EC}.Release|x64.ActiveCfg = Release|x64
		{BD750F78-7F61-4D17-9C8F-AD8D6808A0EC}.Release|x64.Build.0 = Release|x64
		{BD750F78-7F61-4D17-9C8F-AD8D6808A0EC}.Release|x86.ActiveCfg = Release|Win32
		{BD750F78-7F61-4D17-9C8F-AD8D6808A0EC}.Release|x86.Build.0 = Release|Win32
		{AE5DF671-29ED-43E5-ACF6-4392B1B57089}.Debug|x64.ActiveCfg = Debug|x64
		{AE5DF671-29ED-43E5-ACF6-4392B1B57089}.Debug|x64.Build.0 = Debug|x64
		{AE5DF671-29ED-43E5-ACF6-4392B1B57089}.Debug|x86.ActiveCfg = Debug|Win32
		{AE5DF671-29ED-43E5-ACF6-4392B1B57089}.Debug|x86.Build.0 = Debug|Win32
		{AE5DF671-29ED-43E5-ACF6-4392B1B57089}.Release|x64.ActiveCfg = Release|x64
		{AE5DF671-29ED-43E5-ACF6-4392B1B57089}.Release|x64.Build.0 = Release|x64
		{AE5DF671-29ED-43E5-ACF6-4392B1B57089}.Release|x86.ActiveCfg = Release|Win32
		{AE5DF671-29ED-43E5-ACF6-4392B1B57089}.Release|x86.Build.0 = Release|Win32
		{699B345B-1C39-4431-BF16-7F06215A682F}.Debug|x64.ActiveCfg = Debug|x64
		{699B345B-1C39-4431-BF16-7F06215A682F}.Debug|x64.Build.0 = Debug|x64
		{699B345B-1C39-4431-BF16-7F06215A682F}.Debug|x86.ActiveCfg = Debug|Win32
		{699B345B-1C39-4431-BF16-7F06215A682F}.Debug|x86.Build.0 = Debug|Win32
		{699B345B-1C39-4431-BF16-7F06215A682F}.Release|x64.ActiveCfg = Release|x64
		{699B345B-1C39-4431-BF16-7F06215A682F}.Release|x64.Build.0 = Release|x64
		{699B345B-1C39-4431-BF16-7F06215A682F}.Release|x86.ActiveCfg = Release|Win32
		{699B345B-1C39-4431-BF16-7F06215A682F}.Release|x86.Build.0 = Release|Win32
		{65083A39-C538-4924-AC24-7D6E3793A0F7}.Debug|x64.ActiveCfg = Debug|x64
		{65083A39-C538-4924-AC24-7D6E3793A0F7}.Debug|x64.Build.0 = Debug|x64
		{65083A39-C538-4924-AC24-7D6E3793A0F7}.Debug|x86.ActiveCfg = Debug|Win32
		{65083A39-C538-4924-AC24-7D6E3793A0F7}.Debug|x86.Build.0 = Debug|Win32
		{65083A39-C538-4924-AC24-7D6E3793A0F7}.Release|x64.ActiveCfg = Release|x64
		{65083A39-C538-4924-AC24-7D6E3793A0F7}.Release|x64.Build.0 = Release|x64
		{65083A39-C538-4924-AC24-7D6E3793A0F7}.Release|x86.ActiveCfg = Release|Win32
		{65083A39-C538-4924-AC24-7D6E3793A0F7}.Release|x86.Build.0 = Release|Win32
		{2B8B5E8B-8098-4EB8-B729-BCE42FF18C84}.Debug|x64.ActiveCfg = Debug|x64
		{2B8B5E8B-8098-4EB8-B729-BCE42FF18C84}.Debug|x64.Build.0 = Debug|x64
		{2B8B5E8B-8098-4EB8-B729-BCE42FF18C84}.Debug|x86.ActiveCfg = Debug|Win32
		{2B8B5E8B-8098-4EB8-B729-BCE42FF18C84}.Debug|x86.Build.0 = Debug|Win32
		{2B8B5E8B-8098-4EB8-B729-BCE42FF18C84}.Release|x64.ActiveCfg = Release|x64
		{2B8B5E8B-8098-4EB8-B729-BCE42FF18C84}.Release|x64.Build.0 = Release|x64
		{2B8B5E8B-8098-4EB8-B729-BCE42FF18C84}.Release|x86.ActiveCfg = Release|Win32
		{2B8B5E8B-8098-4EB8-B729-BCE42FF18C84}.Release|x86.Build.0 = Release|Win32
		{28C86D46-BB50-4DF0-8F71-5A205A69127E}.Debug|x64.ActiveCfg = Debug|x64
		{28C86D46-BB50-4DF0-8F71-5A205A69127E}.Debug|x64.Build.0 = Debug|x64
		{28C86D46-BB50-4DF0-8F71-5A205A69127E}.Debug|x86.ActiveCfg = Debug|Win32
		{28C86D46-BB50-4DF0-8F71-5A205A69127E}.Debug|x86.Build.0 = Debug|Win32
		{28C86D46-BB50-4DF0-8F71-5A205A69127E}.Release|x64.ActiveCfg = Release|x64
		{28C86D46-BB50-4DF0-8F71-5A205A69127E}.Release|x64.Build.0 = Release|x64
		{28C86D46-BB50-4DF0-8F71-5A205A69127E}.Release|x86.ActiveCfg = Release|Win32
		{28C86D46-BB50-4DF0-8F71-5A205A69127E}.Release|x86.Build.0 = Release|Win32
		{9C0500AD-90F4-43EC-A2B0-DA788506025B}.Debug|x64.ActiveCfg = Debug|x64
		{9C0500AD-90F4-43EC-A2B0-DA788506025B}.Debug|x64.Build.0 = Debug|x64
		{9C0500AD-90F4-43EC-A2B0-DA788506025B}.Debug|x86.ActiveCfg = Debug|Win32
		{9C0500AD-90F4-43EC-A2B0-DA788506025B}.Debug|x86.Build.0 = Debug|Win32
		{9C0500AD-90F4-43EC-A2B0-DA788506025B}.Release|x64.ActiveCfg = Release|x64
		{9C0500AD-90F4-43EC-A2B0-DA788506025B}.Release|x64.Build.0 = Release|x64
		{9C0500AD-90F4-43EC-A2B0-DA788506025B}.Release|x86.ActiveCfg = Release|Win32
		{9C0500AD-90F4-43EC-A2B0-DA788506025B}.Release|x86.Build.0 = Release|Win32
		{ACA89431-996D-49F2-8CCF-58A4F31A72A3}.Debug|x64.ActiveCfg = Debug|x64
		{ACA89431-996D-49F2-8CCF-58A4F31A72A3}.Debug|x64.Build.0 = Debug|x64
		{ACA89431-996D-49F2-8CCF-58A4F31A72A3}.Debug|x86.ActiveCfg = Debug|Win32
		{ACA89431-996D-49F2-8CCF-58A4F31A72A3}.Debug|x86.Build.0 = Debug|Win32
		{ACA89431-996D-49F2-8CCF-58A4F31A72A3}.Release|x64.ActiveCfg = Release|x64
		{ACA89431-996D-49F2-8CCF-58A4F31A72A3}.Release|x64.Build.0 = Release|x64
		{ACA89431-996D-49F2-8CCF-58A4F31A72A3}.Release|x86.ActiveCfg = Release|Win32
		{ACA89431-996D-49F2-8CCF-58A4F31A72A3}.Release|x86.Build.0 = Release|Win32
		{2D47271F-3138-4357-A540-3F5901D74B58}.Debug|x64.ActiveCfg = Debug|x64
		{2D47271F-3138-4357-A540-3F5901D74B58}.Debug|x64.Build.0 = Debug|x64
		{2D47271F-3138-4357-A540-3F5901D74B58}.Debug|x86.ActiveCfg = Debug|Win32
		{2D47271F-3138-4357-A540-3F5901D74B58}.Debug|x86.Build.0 = Debug|Win32
		{2D47271F-3138-4357-A540-3F5901D74B58}.Release|x64.ActiveCfg = Release|x64
		{2D47271F-3138-4357-A540-3F5901D74B58}.Release|x64.Build.0 = Release|x64
		{2D47271F-3138-4357-A540-3F5901D74B58}.Release|x86.ActiveCfg = Release|Win32
		{2D47271F-3138-4357-A540-3F5901D74B58}.Release|x86.Build.0 = Release|Win32
		{1BA01F91-AD30-4A17-882C-11FF7141FBEE}.Debug|x64.ActiveCfg = Debug|x64
		{1BA01F91-AD30-4A17-882C-11FF7141FBEE}.Debug|x64.Build.0 = Debug|x64
		{1BA01F91-AD30-4A17-882C-11FF7141FBEE}.Debug|x86.ActiveCfg = Debug|Win32
		{1BA01F91-AD30-4A17-882C-11FF7141FBEE}.Debug|x86.Build.0 = Debug|Win32
		{1BA01F91-AD30-4A17-882C-11FF7141FBEE}.Release|x64.ActiveCfg = Release|x64
		{1BA01F91-AD30-4A17-882C-11FF7141FBEE}.Release|x64.Build.0 = Release|x64
		{1BA01F91-AD30-4A17-882C-11FF7141FBEE}.Release|x86.ActiveCfg = Release|Win32
		{1BA01F91-AD30-4A17-882C-11FF7141FBEE}.Release|x86.Build.0 = Release|Win32
		{CAD90162-4053-49AA-BF15-34CFF613BB59}.Debug|x64.ActiveCfg = Debug|x64
		{CAD90162-4053-49AA-BF15-34CFF613BB59}.Debug|x64.Build.0 = Debug|x64
		{CAD90162-4053-49AA-BF15-34CFF613BB59}.Debug|x86.ActiveCfg = Debug|Win32
		{CAD90162-4053-49AA-BF15-34CFF613BB59}.Debug|x86.Build.0 = Debug|Win32
		{CAD90162-4053-49AA-BF15-34CFF613BB59}.Release|x64.ActiveCfg = Release|x64
		{CAD90162-4053-49AA-BF15-34CFF613BB59}.Release|x64.Build.0 = Release|x64
		{CAD90162-4053-49AA-BF15-34CFF613BB59}.Release|x86.ActiveCfg = Release|Win32
		{CAD90162-4053-49AA-BF15-34CFF613BB59}.Release|x86.Build.0 = Release|Win32
	EndGlobalSection
	GlobalSection(SolutionProperties) = preSolution
		HideSolutionNode = FALSE
	EndGlobalSection
	GlobalSection(ExtensibilityGlobals) = postSolution
		SolutionGuid = {4F552C2E-0B90-4190-82F5-C8B1ED116023}
	EndGlobalSection
EndGlobal
