
Microsoft Visual Studio Solution File, Format Version 12.00
# Visual Studio 2013
VisualStudioVersion = 12.0.21005.1
MinimumVisualStudioVersion = 10.0.40219.1
Project("{FAE04EC0-301F-11D3-BF4B-00C04F79EFBC}") = "二叉树", "二叉树\二叉树.csproj", "{CCADFA43-5C89-4675-8F87-E5CEBE3247CA}"
EndProject
Global
	GlobalSection(SolutionConfigurationPlatforms) = preSolution
		Debug|Any CPU = Debug|Any CPU
		Release|Any CPU = Release|Any CPU
	EndGlobalSection
	GlobalSection(ProjectConfigurationPlatforms) = postSolution
		{CCADFA43-5C89-4675-8F87-E5CEBE3247CA}.Debug|Any CPU.ActiveCfg = Debug|Any CPU
		{CCADFA43-5C89-4675-8F87-E5CEBE3247CA}.Debug|Any CPU.Build.0 = Debug|Any CPU
		{CCADFA43-5C89-4675-8F87-E5CEBE3247CA}.Release|Any CPU.ActiveCfg = Release|Any CPU
		{CCADFA43-5C89-4675-8F87-E5CEBE3247CA}.Release|Any CPU.Build.0 = Release|Any CPU
	EndGlobalSection
	GlobalSection(SolutionProperties) = preSolution
		HideSolutionNode = FALSE
	EndGlobalSection
EndGlobal
