
Microsoft Visual Studio Solution File, Format Version 12.00
# Visual Studio 15
VisualStudioVersion = 15.0.28307.902
MinimumVisualStudioVersion = 10.0.40219.1
Project("{8BC9CEB8-8B4A-11D0-8D11-00A0C91BC942}") = "数字金字塔", "数字金字塔\数字金字塔.vcxproj", "{83F979A2-1377-4C33-B9C4-6C67058C1A1C}"
EndProject
Project("{8BC9CEB8-8B4A-11D0-8D11-00A0C91BC942}") = "求最长不下降序列", "求最长不下降序列\求最长不下降序列.vcxproj", "{BF22A901-2702-424A-8D11-B5CAB632897D}"
EndProject
Project("{8BC9CEB8-8B4A-11D0-8D11-00A0C91BC942}") = "拦截导弹", "拦截导弹\拦截导弹.vcxproj", "{57962DB5-9742-4C0E-834B-B01C67188A45}"
EndProject
Project("{8BC9CEB8-8B4A-11D0-8D11-00A0C91BC942}") = "城市交通路网", "城市交通路网\城市交通路网.vcxproj", "{5887E0BC-1B08-427A-9DB5-F79315B3C448}"
EndProject
Project("{8BC9CEB8-8B4A-11D0-8D11-00A0C91BC942}") = "挖地雷", "挖地雷\挖地雷.vcxproj", "{5C3EE2F8-4E2B-4ED0-97D8-8220875620DF}"
EndProject
Project("{8BC9CEB8-8B4A-11D0-8D11-00A0C91BC942}") = "友好城市", "友好城市\友好城市.vcxproj", "{5081CD56-0CEA-4EBF-9E39-70AE60FFBE68}"
EndProject
Project("{8BC9CEB8-8B4A-11D0-8D11-00A0C91BC942}") = "合唱队形", "合唱队形\合唱队形.vcxproj", "{8E8E76DC-BD0D-4DE7-AFCC-9A8FA6B4A9E4}"
EndProject
Project("{8BC9CEB8-8B4A-11D0-8D11-00A0C91BC942}") = "最长公共子序列", "最长公共子序列\最长公共子序列.vcxproj", "{72C6B2EB-3AA0-4429-8D83-CFF7FE502B2B}"
EndProject
Project("{8BC9CEB8-8B4A-11D0-8D11-00A0C91BC942}") = "机器分配", "机器分配\机器分配.vcxproj", "{6835EED9-9783-48A4-9A0A-8B91F29D0F1F}"
EndProject
Project("{8BC9CEB8-8B4A-11D0-8D11-00A0C91BC942}") = "最长上升子序列", "最长上升子序列\最长上升子序列.vcxproj", "{AE95F07D-948F-4434-A7EC-2BFEE7CAC88B}"
EndProject
Project("{8BC9CEB8-8B4A-11D0-8D11-00A0C91BC942}") = "最大子矩阵", "最大子矩阵\最大子矩阵.vcxproj", "{5DC768AF-AF12-4013-9231-088FD0EDC916}"
EndProject
Project("{8BC9CEB8-8B4A-11D0-8D11-00A0C91BC942}") = "登山", "登山\登山.vcxproj", "{51A2146C-6216-4220-8A4B-E8F675BDBACF}"
EndProject
Project("{8BC9CEB8-8B4A-11D0-8D11-00A0C91BC942}") = "摘花生", "摘花生\摘花生.vcxproj", "{C3BE6EF3-F603-47D9-BE54-C0511B0375E3}"
EndProject
Project("{8BC9CEB8-8B4A-11D0-8D11-00A0C91BC942}") = "最大上升子序列", "最大上升子序列\最大上升子序列.vcxproj", "{4B953730-B6CF-4253-A574-EA8F4B73E168}"
EndProject
Project("{8BC9CEB8-8B4A-11D0-8D11-00A0C91BC942}") = "怪盗基德的滑翔翼", "怪盗基德的滑翔翼\怪盗基德的滑翔翼.vcxproj", "{98210074-463F-4374-8F65-FF7472BF0889}"
EndProject
Project("{8BC9CEB8-8B4A-11D0-8D11-00A0C91BC942}") = "最低通行费", "最低通行费\最低通行费.vcxproj", "{E0711B7A-8091-4174-987A-7639CC2D083C}"
EndProject
Project("{8BC9CEB8-8B4A-11D0-8D11-00A0C91BC942}") = "三角形最佳路径问题", "三角形最佳路径问题\三角形最佳路径问题.vcxproj", "{B1C52F4D-1D1D-493B-B04D-F2C7670F5CAB}"
EndProject
Global
	GlobalSection(SolutionConfigurationPlatforms) = preSolution
		Debug|x64 = Debug|x64
		Debug|x86 = Debug|x86
		Release|x64 = Release|x64
		Release|x86 = Release|x86
	EndGlobalSection
	GlobalSection(ProjectConfigurationPlatforms) = postSolution
		{83F979A2-1377-4C33-B9C4-6C67058C1A1C}.Debug|x64.ActiveCfg = Debug|x64
		{83F979A2-1377-4C33-B9C4-6C67058C1A1C}.Debug|x64.Build.0 = Debug|x64
		{83F979A2-1377-4C33-B9C4-6C67058C1A1C}.Debug|x86.ActiveCfg = Debug|Win32
		{83F979A2-1377-4C33-B9C4-6C67058C1A1C}.Debug|x86.Build.0 = Debug|Win32
		{83F979A2-1377-4C33-B9C4-6C67058C1A1C}.Release|x64.ActiveCfg = Release|x64
		{83F979A2-1377-4C33-B9C4-6C67058C1A1C}.Release|x64.Build.0 = Release|x64
		{83F979A2-1377-4C33-B9C4-6C67058C1A1C}.Release|x86.ActiveCfg = Release|Win32
		{83F979A2-1377-4C33-B9C4-6C67058C1A1C}.Release|x86.Build.0 = Release|Win32
		{BF22A901-2702-424A-8D11-B5CAB632897D}.Debug|x64.ActiveCfg = Debug|x64
		{BF22A901-2702-424A-8D11-B5CAB632897D}.Debug|x64.Build.0 = Debug|x64
		{BF22A901-2702-424A-8D11-B5CAB632897D}.Debug|x86.ActiveCfg = Debug|Win32
		{BF22A901-2702-424A-8D11-B5CAB632897D}.Debug|x86.Build.0 = Debug|Win32
		{BF22A901-2702-424A-8D11-B5CAB632897D}.Release|x64.ActiveCfg = Release|x64
		{BF22A901-2702-424A-8D11-B5CAB632897D}.Release|x64.Build.0 = Release|x64
		{BF22A901-2702-424A-8D11-B5CAB632897D}.Release|x86.ActiveCfg = Release|Win32
		{BF22A901-2702-424A-8D11-B5CAB632897D}.Release|x86.Build.0 = Release|Win32
		{57962DB5-9742-4C0E-834B-B01C67188A45}.Debug|x64.ActiveCfg = Debug|x64
		{57962DB5-9742-4C0E-834B-B01C67188A45}.Debug|x64.Build.0 = Debug|x64
		{57962DB5-9742-4C0E-834B-B01C67188A45}.Debug|x86.ActiveCfg = Debug|Win32
		{57962DB5-9742-4C0E-834B-B01C67188A45}.Debug|x86.Build.0 = Debug|Win32
		{57962DB5-9742-4C0E-834B-B01C67188A45}.Release|x64.ActiveCfg = Release|x64
		{57962DB5-9742-4C0E-834B-B01C67188A45}.Release|x64.Build.0 = Release|x64
		{57962DB5-9742-4C0E-834B-B01C67188A45}.Release|x86.ActiveCfg = Release|Win32
		{57962DB5-9742-4C0E-834B-B01C67188A45}.Release|x86.Build.0 = Release|Win32
		{5887E0BC-1B08-427A-9DB5-F79315B3C448}.Debug|x64.ActiveCfg = Debug|x64
		{5887E0BC-1B08-427A-9DB5-F79315B3C448}.Debug|x64.Build.0 = Debug|x64
		{5887E0BC-1B08-427A-9DB5-F79315B3C448}.Debug|x86.ActiveCfg = Debug|Win32
		{5887E0BC-1B08-427A-9DB5-F79315B3C448}.Debug|x86.Build.0 = Debug|Win32
		{5887E0BC-1B08-427A-9DB5-F79315B3C448}.Release|x64.ActiveCfg = Release|x64
		{5887E0BC-1B08-427A-9DB5-F79315B3C448}.Release|x64.Build.0 = Release|x64
		{5887E0BC-1B08-427A-9DB5-F79315B3C448}.Release|x86.ActiveCfg = Release|Win32
		{5887E0BC-1B08-427A-9DB5-F79315B3C448}.Release|x86.Build.0 = Release|Win32
		{5C3EE2F8-4E2B-4ED0-97D8-8220875620DF}.Debug|x64.ActiveCfg = Debug|x64
		{5C3EE2F8-4E2B-4ED0-97D8-8220875620DF}.Debug|x64.Build.0 = Debug|x64
		{5C3EE2F8-4E2B-4ED0-97D8-8220875620DF}.Debug|x86.ActiveCfg = Debug|Win32
		{5C3EE2F8-4E2B-4ED0-97D8-8220875620DF}.Debug|x86.Build.0 = Debug|Win32
		{5C3EE2F8-4E2B-4ED0-97D8-8220875620DF}.Release|x64.ActiveCfg = Release|x64
		{5C3EE2F8-4E2B-4ED0-97D8-8220875620DF}.Release|x64.Build.0 = Release|x64
		{5C3EE2F8-4E2B-4ED0-97D8-8220875620DF}.Release|x86.ActiveCfg = Release|Win32
		{5C3EE2F8-4E2B-4ED0-97D8-8220875620DF}.Release|x86.Build.0 = Release|Win32
		{5081CD56-0CEA-4EBF-9E39-70AE60FFBE68}.Debug|x64.ActiveCfg = Debug|x64
		{5081CD56-0CEA-4EBF-9E39-70AE60FFBE68}.Debug|x64.Build.0 = Debug|x64
		{5081CD56-0CEA-4EBF-9E39-70AE60FFBE68}.Debug|x86.ActiveCfg = Debug|Win32
		{5081CD56-0CEA-4EBF-9E39-70AE60FFBE68}.Debug|x86.Build.0 = Debug|Win32
		{5081CD56-0CEA-4EBF-9E39-70AE60FFBE68}.Release|x64.ActiveCfg = Release|x64
		{5081CD56-0CEA-4EBF-9E39-70AE60FFBE68}.Release|x64.Build.0 = Release|x64
		{5081CD56-0CEA-4EBF-9E39-70AE60FFBE68}.Release|x86.ActiveCfg = Release|Win32
		{5081CD56-0CEA-4EBF-9E39-70AE60FFBE68}.Release|x86.Build.0 = Release|Win32
		{8E8E76DC-BD0D-4DE7-AFCC-9A8FA6B4A9E4}.Debug|x64.ActiveCfg = Debug|x64
		{8E8E76DC-BD0D-4DE7-AFCC-9A8FA6B4A9E4}.Debug|x64.Build.0 = Debug|x64
		{8E8E76DC-BD0D-4DE7-AFCC-9A8FA6B4A9E4}.Debug|x86.ActiveCfg = Debug|Win32
		{8E8E76DC-BD0D-4DE7-AFCC-9A8FA6B4A9E4}.Debug|x86.Build.0 = Debug|Win32
		{8E8E76DC-BD0D-4DE7-AFCC-9A8FA6B4A9E4}.Release|x64.ActiveCfg = Release|x64
		{8E8E76DC-BD0D-4DE7-AFCC-9A8FA6B4A9E4}.Release|x64.Build.0 = Release|x64
		{8E8E76DC-BD0D-4DE7-AFCC-9A8FA6B4A9E4}.Release|x86.ActiveCfg = Release|Win32
		{8E8E76DC-BD0D-4DE7-AFCC-9A8FA6B4A9E4}.Release|x86.Build.0 = Release|Win32
		{72C6B2EB-3AA0-4429-8D83-CFF7FE502B2B}.Debug|x64.ActiveCfg = Debug|x64
		{72C6B2EB-3AA0-4429-8D83-CFF7FE502B2B}.Debug|x64.Build.0 = Debug|x64
		{72C6B2EB-3AA0-4429-8D83-CFF7FE502B2B}.Debug|x86.ActiveCfg = Debug|Win32
		{72C6B2EB-3AA0-4429-8D83-CFF7FE502B2B}.Debug|x86.Build.0 = Debug|Win32
		{72C6B2EB-3AA0-4429-8D83-CFF7FE502B2B}.Release|x64.ActiveCfg = Release|x64
		{72C6B2EB-3AA0-4429-8D83-CFF7FE502B2B}.Release|x64.Build.0 = Release|x64
		{72C6B2EB-3AA0-4429-8D83-CFF7FE502B2B}.Release|x86.ActiveCfg = Release|Win32
		{72C6B2EB-3AA0-4429-8D83-CFF7FE502B2B}.Release|x86.Build.0 = Release|Win32
		{6835EED9-9783-48A4-9A0A-8B91F29D0F1F}.Debug|x64.ActiveCfg = Debug|x64
		{6835EED9-9783-48A4-9A0A-8B91F29D0F1F}.Debug|x64.Build.0 = Debug|x64
		{6835EED9-9783-48A4-9A0A-8B91F29D0F1F}.Debug|x86.ActiveCfg = Debug|Win32
		{6835EED9-9783-48A4-9A0A-8B91F29D0F1F}.Debug|x86.Build.0 = Debug|Win32
		{6835EED9-9783-48A4-9A0A-8B91F29D0F1F}.Release|x64.ActiveCfg = Release|x64
		{6835EED9-9783-48A4-9A0A-8B91F29D0F1F}.Release|x64.Build.0 = Release|x64
		{6835EED9-9783-48A4-9A0A-8B91F29D0F1F}.Release|x86.ActiveCfg = Release|Win32
		{6835EED9-9783-48A4-9A0A-8B91F29D0F1F}.Release|x86.Build.0 = Release|Win32
		{AE95F07D-948F-4434-A7EC-2BFEE7CAC88B}.Debug|x64.ActiveCfg = Debug|x64
		{AE95F07D-948F-4434-A7EC-2BFEE7CAC88B}.Debug|x64.Build.0 = Debug|x64
		{AE95F07D-948F-4434-A7EC-2BFEE7CAC88B}.Debug|x86.ActiveCfg = Debug|Win32
		{AE95F07D-948F-4434-A7EC-2BFEE7CAC88B}.Debug|x86.Build.0 = Debug|Win32
		{AE95F07D-948F-4434-A7EC-2BFEE7CAC88B}.Release|x64.ActiveCfg = Release|x64
		{AE95F07D-948F-4434-A7EC-2BFEE7CAC88B}.Release|x64.Build.0 = Release|x64
		{AE95F07D-948F-4434-A7EC-2BFEE7CAC88B}.Release|x86.ActiveCfg = Release|Win32
		{AE95F07D-948F-4434-A7EC-2BFEE7CAC88B}.Release|x86.Build.0 = Release|Win32
		{5DC768AF-AF12-4013-9231-088FD0EDC916}.Debug|x64.ActiveCfg = Debug|x64
		{5DC768AF-AF12-4013-9231-088FD0EDC916}.Debug|x64.Build.0 = Debug|x64
		{5DC768AF-AF12-4013-9231-088FD0EDC916}.Debug|x86.ActiveCfg = Debug|Win32
		{5DC768AF-AF12-4013-9231-088FD0EDC916}.Debug|x86.Build.0 = Debug|Win32
		{5DC768AF-AF12-4013-9231-088FD0EDC916}.Release|x64.ActiveCfg = Release|x64
		{5DC768AF-AF12-4013-9231-088FD0EDC916}.Release|x64.Build.0 = Release|x64
		{5DC768AF-AF12-4013-9231-088FD0EDC916}.Release|x86.ActiveCfg = Release|Win32
		{5DC768AF-AF12-4013-9231-088FD0EDC916}.Release|x86.Build.0 = Release|Win32
		{51A2146C-6216-4220-8A4B-E8F675BDBACF}.Debug|x64.ActiveCfg = Debug|x64
		{51A2146C-6216-4220-8A4B-E8F675BDBACF}.Debug|x64.Build.0 = Debug|x64
		{51A2146C-6216-4220-8A4B-E8F675BDBACF}.Debug|x86.ActiveCfg = Debug|Win32
		{51A2146C-6216-4220-8A4B-E8F675BDBACF}.Debug|x86.Build.0 = Debug|Win32
		{51A2146C-6216-4220-8A4B-E8F675BDBACF}.Release|x64.ActiveCfg = Release|x64
		{51A2146C-6216-4220-8A4B-E8F675BDBACF}.Release|x64.Build.0 = Release|x64
		{51A2146C-6216-4220-8A4B-E8F675BDBACF}.Release|x86.ActiveCfg = Release|Win32
		{51A2146C-6216-4220-8A4B-E8F675BDBACF}.Release|x86.Build.0 = Release|Win32
		{C3BE6EF3-F603-47D9-BE54-C0511B0375E3}.Debug|x64.ActiveCfg = Debug|x64
		{C3BE6EF3-F603-47D9-BE54-C0511B0375E3}.Debug|x64.Build.0 = Debug|x64
		{C3BE6EF3-F603-47D9-BE54-C0511B0375E3}.Debug|x86.ActiveCfg = Debug|Win32
		{C3BE6EF3-F603-47D9-BE54-C0511B0375E3}.Debug|x86.Build.0 = Debug|Win32
		{C3BE6EF3-F603-47D9-BE54-C0511B0375E3}.Release|x64.ActiveCfg = Release|x64
		{C3BE6EF3-F603-47D9-BE54-C0511B0375E3}.Release|x64.Build.0 = Release|x64
		{C3BE6EF3-F603-47D9-BE54-C0511B0375E3}.Release|x86.ActiveCfg = Release|Win32
		{C3BE6EF3-F603-47D9-BE54-C0511B0375E3}.Release|x86.Build.0 = Release|Win32
		{4B953730-B6CF-4253-A574-EA8F4B73E168}.Debug|x64.ActiveCfg = Debug|x64
		{4B953730-B6CF-4253-A574-EA8F4B73E168}.Debug|x64.Build.0 = Debug|x64
		{4B953730-B6CF-4253-A574-EA8F4B73E168}.Debug|x86.ActiveCfg = Debug|Win32
		{4B953730-B6CF-4253-A574-EA8F4B73E168}.Debug|x86.Build.0 = Debug|Win32
		{4B953730-B6CF-4253-A574-EA8F4B73E168}.Release|x64.ActiveCfg = Release|x64
		{4B953730-B6CF-4253-A574-EA8F4B73E168}.Release|x64.Build.0 = Release|x64
		{4B953730-B6CF-4253-A574-EA8F4B73E168}.Release|x86.ActiveCfg = Release|Win32
		{4B953730-B6CF-4253-A574-EA8F4B73E168}.Release|x86.Build.0 = Release|Win32
		{98210074-463F-4374-8F65-FF7472BF0889}.Debug|x64.ActiveCfg = Debug|x64
		{98210074-463F-4374-8F65-FF7472BF0889}.Debug|x64.Build.0 = Debug|x64
		{98210074-463F-4374-8F65-FF7472BF0889}.Debug|x86.ActiveCfg = Debug|Win32
		{98210074-463F-4374-8F65-FF7472BF0889}.Debug|x86.Build.0 = Debug|Win32
		{98210074-463F-4374-8F65-FF7472BF0889}.Release|x64.ActiveCfg = Release|x64
		{98210074-463F-4374-8F65-FF7472BF0889}.Release|x64.Build.0 = Release|x64
		{98210074-463F-4374-8F65-FF7472BF0889}.Release|x86.ActiveCfg = Release|Win32
		{98210074-463F-4374-8F65-FF7472BF0889}.Release|x86.Build.0 = Release|Win32
		{E0711B7A-8091-4174-987A-7639CC2D083C}.Debug|x64.ActiveCfg = Debug|x64
		{E0711B7A-8091-4174-987A-7639CC2D083C}.Debug|x64.Build.0 = Debug|x64
		{E0711B7A-8091-4174-987A-7639CC2D083C}.Debug|x86.ActiveCfg = Debug|Win32
		{E0711B7A-8091-4174-987A-7639CC2D083C}.Debug|x86.Build.0 = Debug|Win32
		{E0711B7A-8091-4174-987A-7639CC2D083C}.Release|x64.ActiveCfg = Release|x64
		{E0711B7A-8091-4174-987A-7639CC2D083C}.Release|x64.Build.0 = Release|x64
		{E0711B7A-8091-4174-987A-7639CC2D083C}.Release|x86.ActiveCfg = Release|Win32
		{E0711B7A-8091-4174-987A-7639CC2D083C}.Release|x86.Build.0 = Release|Win32
		{B1C52F4D-1D1D-493B-B04D-F2C7670F5CAB}.Debug|x64.ActiveCfg = Debug|x64
		{B1C52F4D-1D1D-493B-B04D-F2C7670F5CAB}.Debug|x64.Build.0 = Debug|x64
		{B1C52F4D-1D1D-493B-B04D-F2C7670F5CAB}.Debug|x86.ActiveCfg = Debug|Win32
		{B1C52F4D-1D1D-493B-B04D-F2C7670F5CAB}.Debug|x86.Build.0 = Debug|Win32
		{B1C52F4D-1D1D-493B-B04D-F2C7670F5CAB}.Release|x64.ActiveCfg = Release|x64
		{B1C52F4D-1D1D-493B-B04D-F2C7670F5CAB}.Release|x64.Build.0 = Release|x64
		{B1C52F4D-1D1D-493B-B04D-F2C7670F5CAB}.Release|x86.ActiveCfg = Release|Win32
		{B1C52F4D-1D1D-493B-B04D-F2C7670F5CAB}.Release|x86.Build.0 = Release|Win32
	EndGlobalSection
	GlobalSection(SolutionProperties) = preSolution
		HideSolutionNode = FALSE
	EndGlobalSection
	GlobalSection(ExtensibilityGlobals) = postSolution
		SolutionGuid = {105EF61F-0E6F-4A44-8763-5A74A2420400}
	EndGlobalSection
EndGlobal
