
Microsoft Visual Studio Solution File, Format Version 12.00
# Visual Studio 15
VisualStudioVersion = 15.0.28307.902
MinimumVisualStudioVersion = 10.0.40219.1
Project("{8BC9CEB8-8B4A-11D0-8D11-00A0C91BC942}") = "合并石子", "合并石子\合并石子.vcxproj", "{FAD86604-FEDD-4453-B44B-2E6018BD5475}"
EndProject
Project("{8BC9CEB8-8B4A-11D0-8D11-00A0C91BC942}") = "乘积最大", "乘积最大\乘积最大.vcxproj", "{307E1AE9-6CCE-4F6F-AC7C-95A360A351DE}"
EndProject
Project("{8BC9CEB8-8B4A-11D0-8D11-00A0C91BC942}") = "编辑距离", "编辑距离\编辑距离.vcxproj", "{FAD66A86-1D1A-46ED-A642-7F3EAA9A98F8}"
EndProject
Project("{8BC9CEB8-8B4A-11D0-8D11-00A0C91BC942}") = "方格取数", "方格取数\方格取数.vcxproj", "{05D8D3B6-F3B0-4816-BE97-7D090C66FB7D}"
EndProject
Project("{8BC9CEB8-8B4A-11D0-8D11-00A0C91BC942}") = "复制书稿", "复制书稿\复制书稿.vcxproj", "{8B96AB3A-80E9-4903-849D-3091162523AA}"
EndProject
Project("{8BC9CEB8-8B4A-11D0-8D11-00A0C91BC942}") = "橱窗布置", "橱窗布置\橱窗布置.vcxproj", "{BDE1FB36-0922-4E6B-B354-87878F9D87BC}"
EndProject
Project("{8BC9CEB8-8B4A-11D0-8D11-00A0C91BC942}") = "滑雪", "滑雪\滑雪.vcxproj", "{6C5ED43A-0057-429B-96C9-F42D95DA67A1}"
EndProject
Project("{8BC9CEB8-8B4A-11D0-8D11-00A0C91BC942}") = "公共子序列", "公共子序列\公共子序列.vcxproj", "{BB3D4473-57FD-45E9-9C81-11E2B0933977}"
EndProject
Project("{8BC9CEB8-8B4A-11D0-8D11-00A0C91BC942}") = "字符串距离", "字符串距离\字符串距离.vcxproj", "{E7F42CF0-9022-4C30-9876-471965A96826}"
EndProject
Project("{8BC9CEB8-8B4A-11D0-8D11-00A0C91BC942}") = "糖果", "糖果\糖果.vcxproj", "{71BED398-578E-4583-B977-3293E94355D7}"
EndProject
Project("{8BC9CEB8-8B4A-11D0-8D11-00A0C91BC942}") = "大盗阿福", "大盗阿福\大盗阿福.vcxproj", "{469F257F-808B-449C-9487-E4EAAD0EF516}"
EndProject
Project("{8BC9CEB8-8B4A-11D0-8D11-00A0C91BC942}") = "股票买卖", "股票买卖\股票买卖.vcxproj", "{A4A9D3EE-46D5-4FF7-B2BF-53F2AFCFE06D}"
EndProject
Project("{8BC9CEB8-8B4A-11D0-8D11-00A0C91BC942}") = "鸣人的影分身", "鸣人的影分身\鸣人的影分身.vcxproj", "{C2610743-0A00-4CFB-A3AA-52A154791194}"
EndProject
Project("{8BC9CEB8-8B4A-11D0-8D11-00A0C91BC942}") = "数的划分", "数的划分\数的划分.vcxproj", "{0446EBAD-8BA8-4AE2-9876-9669350FD6C7}"
EndProject
Project("{8BC9CEB8-8B4A-11D0-8D11-00A0C91BC942}") = "最大和", "最大和\最大和.vcxproj", "{5FF50A0C-8095-480A-9A1E-D2651824409C}"
EndProject
Project("{8BC9CEB8-8B4A-11D0-8D11-00A0C91BC942}") = "最长公共子上升序列", "最长公共子上升序列\最长公共子上升序列.vcxproj", "{F80DF613-2424-4D76-88D8-791EE69B12BE}"
EndProject
Global
	GlobalSection(SolutionConfigurationPlatforms) = preSolution
		Debug|x64 = Debug|x64
		Debug|x86 = Debug|x86
		Release|x64 = Release|x64
		Release|x86 = Release|x86
	EndGlobalSection
	GlobalSection(ProjectConfigurationPlatforms) = postSolution
		{FAD86604-FEDD-4453-B44B-2E6018BD5475}.Debug|x64.ActiveCfg = Debug|x64
		{FAD86604-FEDD-4453-B44B-2E6018BD5475}.Debug|x64.Build.0 = Debug|x64
		{FAD86604-FEDD-4453-B44B-2E6018BD5475}.Debug|x86.ActiveCfg = Debug|Win32
		{FAD86604-FEDD-4453-B44B-2E6018BD5475}.Debug|x86.Build.0 = Debug|Win32
		{FAD86604-FEDD-4453-B44B-2E6018BD5475}.Release|x64.ActiveCfg = Release|x64
		{FAD86604-FEDD-4453-B44B-2E6018BD5475}.Release|x64.Build.0 = Release|x64
		{FAD86604-FEDD-4453-B44B-2E6018BD5475}.Release|x86.ActiveCfg = Release|Win32
		{FAD86604-FEDD-4453-B44B-2E6018BD5475}.Release|x86.Build.0 = Release|Win32
		{307E1AE9-6CCE-4F6F-AC7C-95A360A351DE}.Debug|x64.ActiveCfg = Debug|x64
		{307E1AE9-6CCE-4F6F-AC7C-95A360A351DE}.Debug|x64.Build.0 = Debug|x64
		{307E1AE9-6CCE-4F6F-AC7C-95A360A351DE}.Debug|x86.ActiveCfg = Debug|Win32
		{307E1AE9-6CCE-4F6F-AC7C-95A360A351DE}.Debug|x86.Build.0 = Debug|Win32
		{307E1AE9-6CCE-4F6F-AC7C-95A360A351DE}.Release|x64.ActiveCfg = Release|x64
		{307E1AE9-6CCE-4F6F-AC7C-95A360A351DE}.Release|x64.Build.0 = Release|x64
		{307E1AE9-6CCE-4F6F-AC7C-95A360A351DE}.Release|x86.ActiveCfg = Release|Win32
		{307E1AE9-6CCE-4F6F-AC7C-95A360A351DE}.Release|x86.Build.0 = Release|Win32
		{FAD66A86-1D1A-46ED-A642-7F3EAA9A98F8}.Debug|x64.ActiveCfg = Debug|x64
		{FAD66A86-1D1A-46ED-A642-7F3EAA9A98F8}.Debug|x64.Build.0 = Debug|x64
		{FAD66A86-1D1A-46ED-A642-7F3EAA9A98F8}.Debug|x86.ActiveCfg = Debug|Win32
		{FAD66A86-1D1A-46ED-A642-7F3EAA9A98F8}.Debug|x86.Build.0 = Debug|Win32
		{FAD66A86-1D1A-46ED-A642-7F3EAA9A98F8}.Release|x64.ActiveCfg = Release|x64
		{FAD66A86-1D1A-46ED-A642-7F3EAA9A98F8}.Release|x64.Build.0 = Release|x64
		{FAD66A86-1D1A-46ED-A642-7F3EAA9A98F8}.Release|x86.ActiveCfg = Release|Win32
		{FAD66A86-1D1A-46ED-A642-7F3EAA9A98F8}.Release|x86.Build.0 = Release|Win32
		{05D8D3B6-F3B0-4816-BE97-7D090C66FB7D}.Debug|x64.ActiveCfg = Debug|x64
		{05D8D3B6-F3B0-4816-BE97-7D090C66FB7D}.Debug|x64.Build.0 = Debug|x64
		{05D8D3B6-F3B0-4816-BE97-7D090C66FB7D}.Debug|x86.ActiveCfg = Debug|Win32
		{05D8D3B6-F3B0-4816-BE97-7D090C66FB7D}.Debug|x86.Build.0 = Debug|Win32
		{05D8D3B6-F3B0-4816-BE97-7D090C66FB7D}.Release|x64.ActiveCfg = Release|x64
		{05D8D3B6-F3B0-4816-BE97-7D090C66FB7D}.Release|x64.Build.0 = Release|x64
		{05D8D3B6-F3B0-4816-BE97-7D090C66FB7D}.Release|x86.ActiveCfg = Release|Win32
		{05D8D3B6-F3B0-4816-BE97-7D090C66FB7D}.Release|x86.Build.0 = Release|Win32
		{8B96AB3A-80E9-4903-849D-3091162523AA}.Debug|x64.ActiveCfg = Debug|x64
		{8B96AB3A-80E9-4903-849D-3091162523AA}.Debug|x64.Build.0 = Debug|x64
		{8B96AB3A-80E9-4903-849D-3091162523AA}.Debug|x86.ActiveCfg = Debug|Win32
		{8B96AB3A-80E9-4903-849D-3091162523AA}.Debug|x86.Build.0 = Debug|Win32
		{8B96AB3A-80E9-4903-849D-3091162523AA}.Release|x64.ActiveCfg = Release|x64
		{8B96AB3A-80E9-4903-849D-3091162523AA}.Release|x64.Build.0 = Release|x64
		{8B96AB3A-80E9-4903-849D-3091162523AA}.Release|x86.ActiveCfg = Release|Win32
		{8B96AB3A-80E9-4903-849D-3091162523AA}.Release|x86.Build.0 = Release|Win32
		{BDE1FB36-0922-4E6B-B354-87878F9D87BC}.Debug|x64.ActiveCfg = Debug|x64
		{BDE1FB36-0922-4E6B-B354-87878F9D87BC}.Debug|x64.Build.0 = Debug|x64
		{BDE1FB36-0922-4E6B-B354-87878F9D87BC}.Debug|x86.ActiveCfg = Debug|Win32
		{BDE1FB36-0922-4E6B-B354-87878F9D87BC}.Debug|x86.Build.0 = Debug|Win32
		{BDE1FB36-0922-4E6B-B354-87878F9D87BC}.Release|x64.ActiveCfg = Release|x64
		{BDE1FB36-0922-4E6B-B354-87878F9D87BC}.Release|x64.Build.0 = Release|x64
		{BDE1FB36-0922-4E6B-B354-87878F9D87BC}.Release|x86.ActiveCfg = Release|Win32
		{BDE1FB36-0922-4E6B-B354-87878F9D87BC}.Release|x86.Build.0 = Release|Win32
		{6C5ED43A-0057-429B-96C9-F42D95DA67A1}.Debug|x64.ActiveCfg = Debug|x64
		{6C5ED43A-0057-429B-96C9-F42D95DA67A1}.Debug|x64.Build.0 = Debug|x64
		{6C5ED43A-0057-429B-96C9-F42D95DA67A1}.Debug|x86.ActiveCfg = Debug|Win32
		{6C5ED43A-0057-429B-96C9-F42D95DA67A1}.Debug|x86.Build.0 = Debug|Win32
		{6C5ED43A-0057-429B-96C9-F42D95DA67A1}.Release|x64.ActiveCfg = Release|x64
		{6C5ED43A-0057-429B-96C9-F42D95DA67A1}.Release|x64.Build.0 = Release|x64
		{6C5ED43A-0057-429B-96C9-F42D95DA67A1}.Release|x86.ActiveCfg = Release|Win32
		{6C5ED43A-0057-429B-96C9-F42D95DA67A1}.Release|x86.Build.0 = Release|Win32
		{BB3D4473-57FD-45E9-9C81-11E2B0933977}.Debug|x64.ActiveCfg = Debug|x64
		{BB3D4473-57FD-45E9-9C81-11E2B0933977}.Debug|x64.Build.0 = Debug|x64
		{BB3D4473-57FD-45E9-9C81-11E2B0933977}.Debug|x86.ActiveCfg = Debug|Win32
		{BB3D4473-57FD-45E9-9C81-11E2B0933977}.Debug|x86.Build.0 = Debug|Win32
		{BB3D4473-57FD-45E9-9C81-11E2B0933977}.Release|x64.ActiveCfg = Release|x64
		{BB3D4473-57FD-45E9-9C81-11E2B0933977}.Release|x64.Build.0 = Release|x64
		{BB3D4473-57FD-45E9-9C81-11E2B0933977}.Release|x86.ActiveCfg = Release|Win32
		{BB3D4473-57FD-45E9-9C81-11E2B0933977}.Release|x86.Build.0 = Release|Win32
		{E7F42CF0-9022-4C30-9876-471965A96826}.Debug|x64.ActiveCfg = Debug|x64
		{E7F42CF0-9022-4C30-9876-471965A96826}.Debug|x64.Build.0 = Debug|x64
		{E7F42CF0-9022-4C30-9876-471965A96826}.Debug|x86.ActiveCfg = Debug|Win32
		{E7F42CF0-9022-4C30-9876-471965A96826}.Debug|x86.Build.0 = Debug|Win32
		{E7F42CF0-9022-4C30-9876-471965A96826}.Release|x64.ActiveCfg = Release|x64
		{E7F42CF0-9022-4C30-9876-471965A96826}.Release|x64.Build.0 = Release|x64
		{E7F42CF0-9022-4C30-9876-471965A96826}.Release|x86.ActiveCfg = Release|Win32
		{E7F42CF0-9022-4C30-9876-471965A96826}.Release|x86.Build.0 = Release|Win32
		{71BED398-578E-4583-B977-3293E94355D7}.Debug|x64.ActiveCfg = Debug|x64
		{71BED398-578E-4583-B977-3293E94355D7}.Debug|x64.Build.0 = Debug|x64
		{71BED398-578E-4583-B977-3293E94355D7}.Debug|x86.ActiveCfg = Debug|Win32
		{71BED398-578E-4583-B977-3293E94355D7}.Debug|x86.Build.0 = Debug|Win32
		{71BED398-578E-4583-B977-3293E94355D7}.Release|x64.ActiveCfg = Release|x64
		{71BED398-578E-4583-B977-3293E94355D7}.Release|x64.Build.0 = Release|x64
		{71BED398-578E-4583-B977-3293E94355D7}.Release|x86.ActiveCfg = Release|Win32
		{71BED398-578E-4583-B977-3293E94355D7}.Release|x86.Build.0 = Release|Win32
		{469F257F-808B-449C-9487-E4EAAD0EF516}.Debug|x64.ActiveCfg = Debug|x64
		{469F257F-808B-449C-9487-E4EAAD0EF516}.Debug|x64.Build.0 = Debug|x64
		{469F257F-808B-449C-9487-E4EAAD0EF516}.Debug|x86.ActiveCfg = Debug|Win32
		{469F257F-808B-449C-9487-E4EAAD0EF516}.Debug|x86.Build.0 = Debug|Win32
		{469F257F-808B-449C-9487-E4EAAD0EF516}.Release|x64.ActiveCfg = Release|x64
		{469F257F-808B-449C-9487-E4EAAD0EF516}.Release|x64.Build.0 = Release|x64
		{469F257F-808B-449C-9487-E4EAAD0EF516}.Release|x86.ActiveCfg = Release|Win32
		{469F257F-808B-449C-9487-E4EAAD0EF516}.Release|x86.Build.0 = Release|Win32
		{A4A9D3EE-46D5-4FF7-B2BF-53F2AFCFE06D}.Debug|x64.ActiveCfg = Debug|x64
		{A4A9D3EE-46D5-4FF7-B2BF-53F2AFCFE06D}.Debug|x64.Build.0 = Debug|x64
		{A4A9D3EE-46D5-4FF7-B2BF-53F2AFCFE06D}.Debug|x86.ActiveCfg = Debug|Win32
		{A4A9D3EE-46D5-4FF7-B2BF-53F2AFCFE06D}.Debug|x86.Build.0 = Debug|Win32
		{A4A9D3EE-46D5-4FF7-B2BF-53F2AFCFE06D}.Release|x64.ActiveCfg = Release|x64
		{A4A9D3EE-46D5-4FF7-B2BF-53F2AFCFE06D}.Release|x64.Build.0 = Release|x64
		{A4A9D3EE-46D5-4FF7-B2BF-53F2AFCFE06D}.Release|x86.ActiveCfg = Release|Win32
		{A4A9D3EE-46D5-4FF7-B2BF-53F2AFCFE06D}.Release|x86.Build.0 = Release|Win32
		{C2610743-0A00-4CFB-A3AA-52A154791194}.Debug|x64.ActiveCfg = Debug|x64
		{C2610743-0A00-4CFB-A3AA-52A154791194}.Debug|x64.Build.0 = Debug|x64
		{C2610743-0A00-4CFB-A3AA-52A154791194}.Debug|x86.ActiveCfg = Debug|Win32
		{C2610743-0A00-4CFB-A3AA-52A154791194}.Debug|x86.Build.0 = Debug|Win32
		{C2610743-0A00-4CFB-A3AA-52A154791194}.Release|x64.ActiveCfg = Release|x64
		{C2610743-0A00-4CFB-A3AA-52A154791194}.Release|x64.Build.0 = Release|x64
		{C2610743-0A00-4CFB-A3AA-52A154791194}.Release|x86.ActiveCfg = Release|Win32
		{C2610743-0A00-4CFB-A3AA-52A154791194}.Release|x86.Build.0 = Release|Win32
		{0446EBAD-8BA8-4AE2-9876-9669350FD6C7}.Debug|x64.ActiveCfg = Debug|x64
		{0446EBAD-8BA8-4AE2-9876-9669350FD6C7}.Debug|x64.Build.0 = Debug|x64
		{0446EBAD-8BA8-4AE2-9876-9669350FD6C7}.Debug|x86.ActiveCfg = Debug|Win32
		{0446EBAD-8BA8-4AE2-9876-9669350FD6C7}.Debug|x86.Build.0 = Debug|Win32
		{0446EBAD-8BA8-4AE2-9876-9669350FD6C7}.Release|x64.ActiveCfg = Release|x64
		{0446EBAD-8BA8-4AE2-9876-9669350FD6C7}.Release|x64.Build.0 = Release|x64
		{0446EBAD-8BA8-4AE2-9876-9669350FD6C7}.Release|x86.ActiveCfg = Release|Win32
		{0446EBAD-8BA8-4AE2-9876-9669350FD6C7}.Release|x86.Build.0 = Release|Win32
		{5FF50A0C-8095-480A-9A1E-D2651824409C}.Debug|x64.ActiveCfg = Debug|x64
		{5FF50A0C-8095-480A-9A1E-D2651824409C}.Debug|x64.Build.0 = Debug|x64
		{5FF50A0C-8095-480A-9A1E-D2651824409C}.Debug|x86.ActiveCfg = Debug|Win32
		{5FF50A0C-8095-480A-9A1E-D2651824409C}.Debug|x86.Build.0 = Debug|Win32
		{5FF50A0C-8095-480A-9A1E-D2651824409C}.Release|x64.ActiveCfg = Release|x64
		{5FF50A0C-8095-480A-9A1E-D2651824409C}.Release|x64.Build.0 = Release|x64
		{5FF50A0C-8095-480A-9A1E-D2651824409C}.Release|x86.ActiveCfg = Release|Win32
		{5FF50A0C-8095-480A-9A1E-D2651824409C}.Release|x86.Build.0 = Release|Win32
		{F80DF613-2424-4D76-88D8-791EE69B12BE}.Debug|x64.ActiveCfg = Debug|x64
		{F80DF613-2424-4D76-88D8-791EE69B12BE}.Debug|x64.Build.0 = Debug|x64
		{F80DF613-2424-4D76-88D8-791EE69B12BE}.Debug|x86.ActiveCfg = Debug|Win32
		{F80DF613-2424-4D76-88D8-791EE69B12BE}.Debug|x86.Build.0 = Debug|Win32
		{F80DF613-2424-4D76-88D8-791EE69B12BE}.Release|x64.ActiveCfg = Release|x64
		{F80DF613-2424-4D76-88D8-791EE69B12BE}.Release|x64.Build.0 = Release|x64
		{F80DF613-2424-4D76-88D8-791EE69B12BE}.Release|x86.ActiveCfg = Release|Win32
		{F80DF613-2424-4D76-88D8-791EE69B12BE}.Release|x86.Build.0 = Release|Win32
	EndGlobalSection
	GlobalSection(SolutionProperties) = preSolution
		HideSolutionNode = FALSE
	EndGlobalSection
	GlobalSection(ExtensibilityGlobals) = postSolution
		SolutionGuid = {0C441692-54EF-476E-8437-D76E512882CC}
	EndGlobalSection
EndGlobal
