
Microsoft Visual Studio Solution File, Format Version 12.00
# Visual Studio 2013
VisualStudioVersion = 12.0.21005.1
MinimumVisualStudioVersion = 10.0.40219.1
Project("{FAE04EC0-301F-11D3-BF4B-00C04F79EFBC}") = "二叉堆排序", "二叉堆排序\二叉堆排序.csproj", "{C68198CE-FC4C-417E-92AF-66E3679BDB53}"
EndProject
Global
	GlobalSection(SolutionConfigurationPlatforms) = preSolution
		Debug|Any CPU = Debug|Any CPU
		Release|Any CPU = Release|Any CPU
	EndGlobalSection
	GlobalSection(ProjectConfigurationPlatforms) = postSolution
		{C68198CE-FC4C-417E-92AF-66E3679BDB53}.Debug|Any CPU.ActiveCfg = Debug|Any CPU
		{C68198CE-FC4C-417E-92AF-66E3679BDB53}.Debug|Any CPU.Build.0 = Debug|Any CPU
		{C68198CE-FC4C-417E-92AF-66E3679BDB53}.Release|Any CPU.ActiveCfg = Release|Any CPU
		{C68198CE-FC4C-417E-92AF-66E3679BDB53}.Release|Any CPU.Build.0 = Release|Any CPU
	EndGlobalSection
	GlobalSection(SolutionProperties) = preSolution
		HideSolutionNode = FALSE
	EndGlobalSection
EndGlobal
