
Microsoft Visual Studio Solution File, Format Version 12.00
# Visual Studio 15
VisualStudioVersion = 15.0.28307.852
MinimumVisualStudioVersion = 10.0.40219.1
Project("{8BC9CEB8-8B4A-11D0-8D11-00A0C91BC942}") = "昆虫繁殖", "昆虫繁殖\昆虫繁殖.vcxproj", "{8D28F27E-47EB-436D-A8CA-015620E69852}"
EndProject
Project("{8BC9CEB8-8B4A-11D0-8D11-00A0C91BC942}") = "位数问题", "位数问题\位数问题.vcxproj", "{F8F8EF24-5BDA-469B-BA86-B3D26ECD433C}"
EndProject
Project("{8BC9CEB8-8B4A-11D0-8D11-00A0C91BC942}") = "过河卒", "过河卒\过河卒.vcxproj", "{9AE1E2A2-3C8B-4D85-BEBA-0213277B3610}"
EndProject
Project("{8BC9CEB8-8B4A-11D0-8D11-00A0C91BC942}") = "斐波那契数列", "斐波那契数列\斐波那契数列.vcxproj", "{B35C0D9E-CAE8-4CB3-A82B-31C2C1F527F4}"
EndProject
Project("{8BC9CEB8-8B4A-11D0-8D11-00A0C91BC942}") = "Pell数列", "Pell数列\Pell数列.vcxproj", "{9DE40778-6484-4733-96CF-93AEAB1B33BC}"
EndProject
Project("{8BC9CEB8-8B4A-11D0-8D11-00A0C91BC942}") = "上台阶", "上台阶\上台阶.vcxproj", "{A31A23EF-A21F-4A36-B726-A148A629A501}"
EndProject
Project("{8BC9CEB8-8B4A-11D0-8D11-00A0C91BC942}") = "流感传染", "流感传染\流感传染.vcxproj", "{386B1CD8-FA18-421C-A15C-9752D61DF888}"
EndProject
Project("{8BC9CEB8-8B4A-11D0-8D11-00A0C91BC942}") = "放苹果", "放苹果\放苹果.vcxproj", "{2E9B638A-85A6-4BFE-8D56-5C46502FB98C}"
EndProject
Project("{8BC9CEB8-8B4A-11D0-8D11-00A0C91BC942}") = "吃糖果", "吃糖果\吃糖果.vcxproj", "{86395A49-E55D-4C6E-88F2-F2C945164C4D}"
EndProject
Project("{8BC9CEB8-8B4A-11D0-8D11-00A0C91BC942}") = "移动路线", "移动路线\移动路线.vcxproj", "{AC31146A-4873-43CC-9CB9-A51E8682E91E}"
EndProject
Project("{8BC9CEB8-8B4A-11D0-8D11-00A0C91BC942}") = "判断整除", "判断整除\判断整除.vcxproj", "{1CA43AA0-EB3F-4988-A431-99BE7FC3A3D7}"
EndProject
Project("{8BC9CEB8-8B4A-11D0-8D11-00A0C91BC942}") = "踩方格", "踩方格\踩方格.vcxproj", "{B153679E-E470-460E-818D-1A1930AAB1FB}"
EndProject
Project("{8BC9CEB8-8B4A-11D0-8D11-00A0C91BC942}") = "山区建小学", "山区建小学\山区建小学.vcxproj", "{1E2A8EDA-2B17-4940-B0E2-A30C0522D959}"
EndProject
Global
	GlobalSection(SolutionConfigurationPlatforms) = preSolution
		Debug|x64 = Debug|x64
		Debug|x86 = Debug|x86
		Release|x64 = Release|x64
		Release|x86 = Release|x86
	EndGlobalSection
	GlobalSection(ProjectConfigurationPlatforms) = postSolution
		{8D28F27E-47EB-436D-A8CA-015620E69852}.Debug|x64.ActiveCfg = Debug|x64
		{8D28F27E-47EB-436D-A8CA-015620E69852}.Debug|x64.Build.0 = Debug|x64
		{8D28F27E-47EB-436D-A8CA-015620E69852}.Debug|x86.ActiveCfg = Debug|Win32
		{8D28F27E-47EB-436D-A8CA-015620E69852}.Debug|x86.Build.0 = Debug|Win32
		{8D28F27E-47EB-436D-A8CA-015620E69852}.Release|x64.ActiveCfg = Release|x64
		{8D28F27E-47EB-436D-A8CA-015620E69852}.Release|x64.Build.0 = Release|x64
		{8D28F27E-47EB-436D-A8CA-015620E69852}.Release|x86.ActiveCfg = Release|Win32
		{8D28F27E-47EB-436D-A8CA-015620E69852}.Release|x86.Build.0 = Release|Win32
		{F8F8EF24-5BDA-469B-BA86-B3D26ECD433C}.Debug|x64.ActiveCfg = Debug|x64
		{F8F8EF24-5BDA-469B-BA86-B3D26ECD433C}.Debug|x64.Build.0 = Debug|x64
		{F8F8EF24-5BDA-469B-BA86-B3D26ECD433C}.Debug|x86.ActiveCfg = Debug|Win32
		{F8F8EF24-5BDA-469B-BA86-B3D26ECD433C}.Debug|x86.Build.0 = Debug|Win32
		{F8F8EF24-5BDA-469B-BA86-B3D26ECD433C}.Release|x64.ActiveCfg = Release|x64
		{F8F8EF24-5BDA-469B-BA86-B3D26ECD433C}.Release|x64.Build.0 = Release|x64
		{F8F8EF24-5BDA-469B-BA86-B3D26ECD433C}.Release|x86.ActiveCfg = Release|Win32
		{F8F8EF24-5BDA-469B-BA86-B3D26ECD433C}.Release|x86.Build.0 = Release|Win32
		{9AE1E2A2-3C8B-4D85-BEBA-0213277B3610}.Debug|x64.ActiveCfg = Debug|x64
		{9AE1E2A2-3C8B-4D85-BEBA-0213277B3610}.Debug|x64.Build.0 = Debug|x64
		{9AE1E2A2-3C8B-4D85-BEBA-0213277B3610}.Debug|x86.ActiveCfg = Debug|Win32
		{9AE1E2A2-3C8B-4D85-BEBA-0213277B3610}.Debug|x86.Build.0 = Debug|Win32
		{9AE1E2A2-3C8B-4D85-BEBA-0213277B3610}.Release|x64.ActiveCfg = Release|x64
		{9AE1E2A2-3C8B-4D85-BEBA-0213277B3610}.Release|x64.Build.0 = Release|x64
		{9AE1E2A2-3C8B-4D85-BEBA-0213277B3610}.Release|x86.ActiveCfg = Release|Win32
		{9AE1E2A2-3C8B-4D85-BEBA-0213277B3610}.Release|x86.Build.0 = Release|Win32
		{B35C0D9E-CAE8-4CB3-A82B-31C2C1F527F4}.Debug|x64.ActiveCfg = Debug|x64
		{B35C0D9E-CAE8-4CB3-A82B-31C2C1F527F4}.Debug|x64.Build.0 = Debug|x64
		{B35C0D9E-CAE8-4CB3-A82B-31C2C1F527F4}.Debug|x86.ActiveCfg = Debug|Win32
		{B35C0D9E-CAE8-4CB3-A82B-31C2C1F527F4}.Debug|x86.Build.0 = Debug|Win32
		{B35C0D9E-CAE8-4CB3-A82B-31C2C1F527F4}.Release|x64.ActiveCfg = Release|x64
		{B35C0D9E-CAE8-4CB3-A82B-31C2C1F527F4}.Release|x64.Build.0 = Release|x64
		{B35C0D9E-CAE8-4CB3-A82B-31C2C1F527F4}.Release|x86.ActiveCfg = Release|Win32
		{B35C0D9E-CAE8-4CB3-A82B-31C2C1F527F4}.Release|x86.Build.0 = Release|Win32
		{9DE40778-6484-4733-96CF-93AEAB1B33BC}.Debug|x64.ActiveCfg = Debug|x64
		{9DE40778-6484-4733-96CF-93AEAB1B33BC}.Debug|x64.Build.0 = Debug|x64
		{9DE40778-6484-4733-96CF-93AEAB1B33BC}.Debug|x86.ActiveCfg = Debug|Win32
		{9DE40778-6484-4733-96CF-93AEAB1B33BC}.Debug|x86.Build.0 = Debug|Win32
		{9DE40778-6484-4733-96CF-93AEAB1B33BC}.Release|x64.ActiveCfg = Release|x64
		{9DE40778-6484-4733-96CF-93AEAB1B33BC}.Release|x64.Build.0 = Release|x64
		{9DE40778-6484-4733-96CF-93AEAB1B33BC}.Release|x86.ActiveCfg = Release|Win32
		{9DE40778-6484-4733-96CF-93AEAB1B33BC}.Release|x86.Build.0 = Release|Win32
		{A31A23EF-A21F-4A36-B726-A148A629A501}.Debug|x64.ActiveCfg = Debug|x64
		{A31A23EF-A21F-4A36-B726-A148A629A501}.Debug|x64.Build.0 = Debug|x64
		{A31A23EF-A21F-4A36-B726-A148A629A501}.Debug|x86.ActiveCfg = Debug|Win32
		{A31A23EF-A21F-4A36-B726-A148A629A501}.Debug|x86.Build.0 = Debug|Win32
		{A31A23EF-A21F-4A36-B726-A148A629A501}.Release|x64.ActiveCfg = Release|x64
		{A31A23EF-A21F-4A36-B726-A148A629A501}.Release|x64.Build.0 = Release|x64
		{A31A23EF-A21F-4A36-B726-A148A629A501}.Release|x86.ActiveCfg = Release|Win32
		{A31A23EF-A21F-4A36-B726-A148A629A501}.Release|x86.Build.0 = Release|Win32
		{386B1CD8-FA18-421C-A15C-9752D61DF888}.Debug|x64.ActiveCfg = Debug|x64
		{386B1CD8-FA18-421C-A15C-9752D61DF888}.Debug|x64.Build.0 = Debug|x64
		{386B1CD8-FA18-421C-A15C-9752D61DF888}.Debug|x86.ActiveCfg = Debug|Win32
		{386B1CD8-FA18-421C-A15C-9752D61DF888}.Debug|x86.Build.0 = Debug|Win32
		{386B1CD8-FA18-421C-A15C-9752D61DF888}.Release|x64.ActiveCfg = Release|x64
		{386B1CD8-FA18-421C-A15C-9752D61DF888}.Release|x64.Build.0 = Release|x64
		{386B1CD8-FA18-421C-A15C-9752D61DF888}.Release|x86.ActiveCfg = Release|Win32
		{386B1CD8-FA18-421C-A15C-9752D61DF888}.Release|x86.Build.0 = Release|Win32
		{2E9B638A-85A6-4BFE-8D56-5C46502FB98C}.Debug|x64.ActiveCfg = Debug|x64
		{2E9B638A-85A6-4BFE-8D56-5C46502FB98C}.Debug|x64.Build.0 = Debug|x64
		{2E9B638A-85A6-4BFE-8D56-5C46502FB98C}.Debug|x86.ActiveCfg = Debug|Win32
		{2E9B638A-85A6-4BFE-8D56-5C46502FB98C}.Debug|x86.Build.0 = Debug|Win32
		{2E9B638A-85A6-4BFE-8D56-5C46502FB98C}.Release|x64.ActiveCfg = Release|x64
		{2E9B638A-85A6-4BFE-8D56-5C46502FB98C}.Release|x64.Build.0 = Release|x64
		{2E9B638A-85A6-4BFE-8D56-5C46502FB98C}.Release|x86.ActiveCfg = Release|Win32
		{2E9B638A-85A6-4BFE-8D56-5C46502FB98C}.Release|x86.Build.0 = Release|Win32
		{86395A49-E55D-4C6E-88F2-F2C945164C4D}.Debug|x64.ActiveCfg = Debug|x64
		{86395A49-E55D-4C6E-88F2-F2C945164C4D}.Debug|x64.Build.0 = Debug|x64
		{86395A49-E55D-4C6E-88F2-F2C945164C4D}.Debug|x86.ActiveCfg = Debug|Win32
		{86395A49-E55D-4C6E-88F2-F2C945164C4D}.Debug|x86.Build.0 = Debug|Win32
		{86395A49-E55D-4C6E-88F2-F2C945164C4D}.Release|x64.ActiveCfg = Release|x64
		{86395A49-E55D-4C6E-88F2-F2C945164C4D}.Release|x64.Build.0 = Release|x64
		{86395A49-E55D-4C6E-88F2-F2C945164C4D}.Release|x86.ActiveCfg = Release|Win32
		{86395A49-E55D-4C6E-88F2-F2C945164C4D}.Release|x86.Build.0 = Release|Win32
		{AC31146A-4873-43CC-9CB9-A51E8682E91E}.Debug|x64.ActiveCfg = Debug|x64
		{AC31146A-4873-43CC-9CB9-A51E8682E91E}.Debug|x64.Build.0 = Debug|x64
		{AC31146A-4873-43CC-9CB9-A51E8682E91E}.Debug|x86.ActiveCfg = Debug|Win32
		{AC31146A-4873-43CC-9CB9-A51E8682E91E}.Debug|x86.Build.0 = Debug|Win32
		{AC31146A-4873-43CC-9CB9-A51E8682E91E}.Release|x64.ActiveCfg = Release|x64
		{AC31146A-4873-43CC-9CB9-A51E8682E91E}.Release|x64.Build.0 = Release|x64
		{AC31146A-4873-43CC-9CB9-A51E8682E91E}.Release|x86.ActiveCfg = Release|Win32
		{AC31146A-4873-43CC-9CB9-A51E8682E91E}.Release|x86.Build.0 = Release|Win32
		{1CA43AA0-EB3F-4988-A431-99BE7FC3A3D7}.Debug|x64.ActiveCfg = Debug|x64
		{1CA43AA0-EB3F-4988-A431-99BE7FC3A3D7}.Debug|x64.Build.0 = Debug|x64
		{1CA43AA0-EB3F-4988-A431-99BE7FC3A3D7}.Debug|x86.ActiveCfg = Debug|Win32
		{1CA43AA0-EB3F-4988-A431-99BE7FC3A3D7}.Debug|x86.Build.0 = Debug|Win32
		{1CA43AA0-EB3F-4988-A431-99BE7FC3A3D7}.Release|x64.ActiveCfg = Release|x64
		{1CA43AA0-EB3F-4988-A431-99BE7FC3A3D7}.Release|x64.Build.0 = Release|x64
		{1CA43AA0-EB3F-4988-A431-99BE7FC3A3D7}.Release|x86.ActiveCfg = Release|Win32
		{1CA43AA0-EB3F-4988-A431-99BE7FC3A3D7}.Release|x86.Build.0 = Release|Win32
		{B153679E-E470-460E-818D-1A1930AAB1FB}.Debug|x64.ActiveCfg = Debug|x64
		{B153679E-E470-460E-818D-1A1930AAB1FB}.Debug|x64.Build.0 = Debug|x64
		{B153679E-E470-460E-818D-1A1930AAB1FB}.Debug|x86.ActiveCfg = Debug|Win32
		{B153679E-E470-460E-818D-1A1930AAB1FB}.Debug|x86.Build.0 = Debug|Win32
		{B153679E-E470-460E-818D-1A1930AAB1FB}.Release|x64.ActiveCfg = Release|x64
		{B153679E-E470-460E-818D-1A1930AAB1FB}.Release|x64.Build.0 = Release|x64
		{B153679E-E470-460E-818D-1A1930AAB1FB}.Release|x86.ActiveCfg = Release|Win32
		{B153679E-E470-460E-818D-1A1930AAB1FB}.Release|x86.Build.0 = Release|Win32
		{1E2A8EDA-2B17-4940-B0E2-A30C0522D959}.Debug|x64.ActiveCfg = Debug|x64
		{1E2A8EDA-2B17-4940-B0E2-A30C0522D959}.Debug|x64.Build.0 = Debug|x64
		{1E2A8EDA-2B17-4940-B0E2-A30C0522D959}.Debug|x86.ActiveCfg = Debug|Win32
		{1E2A8EDA-2B17-4940-B0E2-A30C0522D959}.Debug|x86.Build.0 = Debug|Win32
		{1E2A8EDA-2B17-4940-B0E2-A30C0522D959}.Release|x64.ActiveCfg = Release|x64
		{1E2A8EDA-2B17-4940-B0E2-A30C0522D959}.Release|x64.Build.0 = Release|x64
		{1E2A8EDA-2B17-4940-B0E2-A30C0522D959}.Release|x86.ActiveCfg = Release|Win32
		{1E2A8EDA-2B17-4940-B0E2-A30C0522D959}.Release|x86.Build.0 = Release|Win32
	EndGlobalSection
	GlobalSection(SolutionProperties) = preSolution
		HideSolutionNode = FALSE
	EndGlobalSection
	GlobalSection(ExtensibilityGlobals) = postSolution
		SolutionGuid = {45FDB3EF-C76A-4AD6-90BD-DAFDA9D47D69}
	EndGlobalSection
EndGlobal
