
Microsoft Visual Studio Solution File, Format Version 12.00
# Visual Studio 15
VisualStudioVersion = 15.0.28307.902
MinimumVisualStudioVersion = 10.0.40219.1
Project("{8BC9CEB8-8B4A-11D0-8D11-00A0C91BC942}") = "一元三次方程的解", "一元三次方程的解\一元三次方程的解.vcxproj", "{7A434C34-C3E1-4EDC-B99A-F791D6D25941}"
EndProject
Project("{8BC9CEB8-8B4A-11D0-8D11-00A0C91BC942}") = "循环比赛日程", "循环比赛日程\循环比赛日程.vcxproj", "{98B6E5B1-242D-4427-999B-ECC303E82403}"
EndProject
Project("{8BC9CEB8-8B4A-11D0-8D11-00A0C91BC942}") = "黑白棋子的移动", "黑白棋子的移动\黑白棋子的移动.vcxproj", "{8E563BAB-CDD8-42E1-9400-3AEE4D681956}"
EndProject
Project("{8BC9CEB8-8B4A-11D0-8D11-00A0C91BC942}") = "光荣的梦想", "光荣的梦想\光荣的梦想.vcxproj", "{22700DB0-D798-4550-9484-200D5022D9BF}"
EndProject
Project("{8BC9CEB8-8B4A-11D0-8D11-00A0C91BC942}") = "2011", "2011\2011.vcxproj", "{250E5E60-42DC-498B-8397-481F9421F3BC}"
EndProject
Project("{8BC9CEB8-8B4A-11D0-8D11-00A0C91BC942}") = "输出前k大的数", "输出前k大的数\输出前k大的数.vcxproj", "{5B659CA9-66EA-4244-93BA-3C31B7040660}"
EndProject
Project("{8BC9CEB8-8B4A-11D0-8D11-00A0C91BC942}") = "区间合并", "区间合并\区间合并.vcxproj", "{D9AD4CBA-A4C1-4D4D-99FD-28B74D300830}"
EndProject
Project("{8BC9CEB8-8B4A-11D0-8D11-00A0C91BC942}") = "求排列的逆序数", "求排列的逆序数\求排列的逆序数.vcxproj", "{71EEE856-4002-4ABF-8AF3-AB28E0A3AB8D}"
EndProject
Project("{8BC9CEB8-8B4A-11D0-8D11-00A0C91BC942}") = "统计数字", "统计数字\统计数字.vcxproj", "{10663733-3EA1-4013-9583-339872D61570}"
EndProject
Project("{8BC9CEB8-8B4A-11D0-8D11-00A0C91BC942}") = "查找最接近的元素", "查找最接近的元素\查找最接近的元素.vcxproj", "{717AC1B1-0604-45E7-9888-1CD7B6DB11CA}"
EndProject
Project("{8BC9CEB8-8B4A-11D0-8D11-00A0C91BC942}") = "二分法找函数零点", "二分法找函数零点\二分法找函数零点.vcxproj", "{B47E3DA5-F87C-4E19-88CB-E9D03A8F346E}"
EndProject
Project("{8BC9CEB8-8B4A-11D0-8D11-00A0C91BC942}") = "网线主管", "网线主管\网线主管.vcxproj", "{91E039B4-D4E4-48D4-BE9C-148F0EDB642B}"
EndProject
Project("{8BC9CEB8-8B4A-11D0-8D11-00A0C91BC942}") = "月度开销", "月度开销\月度开销.vcxproj", "{2B86AAF9-6D28-401F-BF5D-A3204CCB97C4}"
EndProject
Project("{8BC9CEB8-8B4A-11D0-8D11-00A0C91BC942}") = "和为给定数", "和为给定数\和为给定数.vcxproj", "{3BD7668D-C9B6-413F-B8C7-18AB14F2993D}"
EndProject
Project("{8BC9CEB8-8B4A-11D0-8D11-00A0C91BC942}") = "河中跳房子", "河中跳房子\河中跳房子.vcxproj", "{3AC1AC7E-3998-4ADA-A963-CC460B713E6B}"
EndProject
Global
	GlobalSection(SolutionConfigurationPlatforms) = preSolution
		Debug|x64 = Debug|x64
		Debug|x86 = Debug|x86
		Release|x64 = Release|x64
		Release|x86 = Release|x86
	EndGlobalSection
	GlobalSection(ProjectConfigurationPlatforms) = postSolution
		{7A434C34-C3E1-4EDC-B99A-F791D6D25941}.Debug|x64.ActiveCfg = Debug|x64
		{7A434C34-C3E1-4EDC-B99A-F791D6D25941}.Debug|x64.Build.0 = Debug|x64
		{7A434C34-C3E1-4EDC-B99A-F791D6D25941}.Debug|x86.ActiveCfg = Debug|Win32
		{7A434C34-C3E1-4EDC-B99A-F791D6D25941}.Debug|x86.Build.0 = Debug|Win32
		{7A434C34-C3E1-4EDC-B99A-F791D6D25941}.Release|x64.ActiveCfg = Release|x64
		{7A434C34-C3E1-4EDC-B99A-F791D6D25941}.Release|x64.Build.0 = Release|x64
		{7A434C34-C3E1-4EDC-B99A-F791D6D25941}.Release|x86.ActiveCfg = Release|Win32
		{7A434C34-C3E1-4EDC-B99A-F791D6D25941}.Release|x86.Build.0 = Release|Win32
		{98B6E5B1-242D-4427-999B-ECC303E82403}.Debug|x64.ActiveCfg = Debug|x64
		{98B6E5B1-242D-4427-999B-ECC303E82403}.Debug|x64.Build.0 = Debug|x64
		{98B6E5B1-242D-4427-999B-ECC303E82403}.Debug|x86.ActiveCfg = Debug|Win32
		{98B6E5B1-242D-4427-999B-ECC303E82403}.Debug|x86.Build.0 = Debug|Win32
		{98B6E5B1-242D-4427-999B-ECC303E82403}.Release|x64.ActiveCfg = Release|x64
		{98B6E5B1-242D-4427-999B-ECC303E82403}.Release|x64.Build.0 = Release|x64
		{98B6E5B1-242D-4427-999B-ECC303E82403}.Release|x86.ActiveCfg = Release|Win32
		{98B6E5B1-242D-4427-999B-ECC303E82403}.Release|x86.Build.0 = Release|Win32
		{8E563BAB-CDD8-42E1-9400-3AEE4D681956}.Debug|x64.ActiveCfg = Debug|x64
		{8E563BAB-CDD8-42E1-9400-3AEE4D681956}.Debug|x64.Build.0 = Debug|x64
		{8E563BAB-CDD8-42E1-9400-3AEE4D681956}.Debug|x86.ActiveCfg = Debug|Win32
		{8E563BAB-CDD8-42E1-9400-3AEE4D681956}.Debug|x86.Build.0 = Debug|Win32
		{8E563BAB-CDD8-42E1-9400-3AEE4D681956}.Release|x64.ActiveCfg = Release|x64
		{8E563BAB-CDD8-42E1-9400-3AEE4D681956}.Release|x64.Build.0 = Release|x64
		{8E563BAB-CDD8-42E1-9400-3AEE4D681956}.Release|x86.ActiveCfg = Release|Win32
		{8E563BAB-CDD8-42E1-9400-3AEE4D681956}.Release|x86.Build.0 = Release|Win32
		{22700DB0-D798-4550-9484-200D5022D9BF}.Debug|x64.ActiveCfg = Debug|x64
		{22700DB0-D798-4550-9484-200D5022D9BF}.Debug|x64.Build.0 = Debug|x64
		{22700DB0-D798-4550-9484-200D5022D9BF}.Debug|x86.ActiveCfg = Debug|Win32
		{22700DB0-D798-4550-9484-200D5022D9BF}.Debug|x86.Build.0 = Debug|Win32
		{22700DB0-D798-4550-9484-200D5022D9BF}.Release|x64.ActiveCfg = Release|x64
		{22700DB0-D798-4550-9484-200D5022D9BF}.Release|x64.Build.0 = Release|x64
		{22700DB0-D798-4550-9484-200D5022D9BF}.Release|x86.ActiveCfg = Release|Win32
		{22700DB0-D798-4550-9484-200D5022D9BF}.Release|x86.Build.0 = Release|Win32
		{250E5E60-42DC-498B-8397-481F9421F3BC}.Debug|x64.ActiveCfg = Debug|x64
		{250E5E60-42DC-498B-8397-481F9421F3BC}.Debug|x64.Build.0 = Debug|x64
		{250E5E60-42DC-498B-8397-481F9421F3BC}.Debug|x86.ActiveCfg = Debug|Win32
		{250E5E60-42DC-498B-8397-481F9421F3BC}.Debug|x86.Build.0 = Debug|Win32
		{250E5E60-42DC-498B-8397-481F9421F3BC}.Release|x64.ActiveCfg = Release|x64
		{250E5E60-42DC-498B-8397-481F9421F3BC}.Release|x64.Build.0 = Release|x64
		{250E5E60-42DC-498B-8397-481F9421F3BC}.Release|x86.ActiveCfg = Release|Win32
		{250E5E60-42DC-498B-8397-481F9421F3BC}.Release|x86.Build.0 = Release|Win32
		{5B659CA9-66EA-4244-93BA-3C31B7040660}.Debug|x64.ActiveCfg = Debug|x64
		{5B659CA9-66EA-4244-93BA-3C31B7040660}.Debug|x64.Build.0 = Debug|x64
		{5B659CA9-66EA-4244-93BA-3C31B7040660}.Debug|x86.ActiveCfg = Debug|Win32
		{5B659CA9-66EA-4244-93BA-3C31B7040660}.Debug|x86.Build.0 = Debug|Win32
		{5B659CA9-66EA-4244-93BA-3C31B7040660}.Release|x64.ActiveCfg = Release|x64
		{5B659CA9-66EA-4244-93BA-3C31B7040660}.Release|x64.Build.0 = Release|x64
		{5B659CA9-66EA-4244-93BA-3C31B7040660}.Release|x86.ActiveCfg = Release|Win32
		{5B659CA9-66EA-4244-93BA-3C31B7040660}.Release|x86.Build.0 = Release|Win32
		{D9AD4CBA-A4C1-4D4D-99FD-28B74D300830}.Debug|x64.ActiveCfg = Debug|x64
		{D9AD4CBA-A4C1-4D4D-99FD-28B74D300830}.Debug|x64.Build.0 = Debug|x64
		{D9AD4CBA-A4C1-4D4D-99FD-28B74D300830}.Debug|x86.ActiveCfg = Debug|Win32
		{D9AD4CBA-A4C1-4D4D-99FD-28B74D300830}.Debug|x86.Build.0 = Debug|Win32
		{D9AD4CBA-A4C1-4D4D-99FD-28B74D300830}.Release|x64.ActiveCfg = Release|x64
		{D9AD4CBA-A4C1-4D4D-99FD-28B74D300830}.Release|x64.Build.0 = Release|x64
		{D9AD4CBA-A4C1-4D4D-99FD-28B74D300830}.Release|x86.ActiveCfg = Release|Win32
		{D9AD4CBA-A4C1-4D4D-99FD-28B74D300830}.Release|x86.Build.0 = Release|Win32
		{71EEE856-4002-4ABF-8AF3-AB28E0A3AB8D}.Debug|x64.ActiveCfg = Debug|x64
		{71EEE856-4002-4ABF-8AF3-AB28E0A3AB8D}.Debug|x64.Build.0 = Debug|x64
		{71EEE856-4002-4ABF-8AF3-AB28E0A3AB8D}.Debug|x86.ActiveCfg = Debug|Win32
		{71EEE856-4002-4ABF-8AF3-AB28E0A3AB8D}.Debug|x86.Build.0 = Debug|Win32
		{71EEE856-4002-4ABF-8AF3-AB28E0A3AB8D}.Release|x64.ActiveCfg = Release|x64
		{71EEE856-4002-4ABF-8AF3-AB28E0A3AB8D}.Release|x64.Build.0 = Release|x64
		{71EEE856-4002-4ABF-8AF3-AB28E0A3AB8D}.Release|x86.ActiveCfg = Release|Win32
		{71EEE856-4002-4ABF-8AF3-AB28E0A3AB8D}.Release|x86.Build.0 = Release|Win32
		{10663733-3EA1-4013-9583-339872D61570}.Debug|x64.ActiveCfg = Debug|x64
		{10663733-3EA1-4013-9583-339872D61570}.Debug|x64.Build.0 = Debug|x64
		{10663733-3EA1-4013-9583-339872D61570}.Debug|x86.ActiveCfg = Debug|Win32
		{10663733-3EA1-4013-9583-339872D61570}.Debug|x86.Build.0 = Debug|Win32
		{10663733-3EA1-4013-9583-339872D61570}.Release|x64.ActiveCfg = Release|x64
		{10663733-3EA1-4013-9583-339872D61570}.Release|x64.Build.0 = Release|x64
		{10663733-3EA1-4013-9583-339872D61570}.Release|x86.ActiveCfg = Release|Win32
		{10663733-3EA1-4013-9583-339872D61570}.Release|x86.Build.0 = Release|Win32
		{717AC1B1-0604-45E7-9888-1CD7B6DB11CA}.Debug|x64.ActiveCfg = Debug|x64
		{717AC1B1-0604-45E7-9888-1CD7B6DB11CA}.Debug|x64.Build.0 = Debug|x64
		{717AC1B1-0604-45E7-9888-1CD7B6DB11CA}.Debug|x86.ActiveCfg = Debug|Win32
		{717AC1B1-0604-45E7-9888-1CD7B6DB11CA}.Debug|x86.Build.0 = Debug|Win32
		{717AC1B1-0604-45E7-9888-1CD7B6DB11CA}.Release|x64.ActiveCfg = Release|x64
		{717AC1B1-0604-45E7-9888-1CD7B6DB11CA}.Release|x64.Build.0 = Release|x64
		{717AC1B1-0604-45E7-9888-1CD7B6DB11CA}.Release|x86.ActiveCfg = Release|Win32
		{717AC1B1-0604-45E7-9888-1CD7B6DB11CA}.Release|x86.Build.0 = Release|Win32
		{B47E3DA5-F87C-4E19-88CB-E9D03A8F346E}.Debug|x64.ActiveCfg = Debug|x64
		{B47E3DA5-F87C-4E19-88CB-E9D03A8F346E}.Debug|x64.Build.0 = Debug|x64
		{B47E3DA5-F87C-4E19-88CB-E9D03A8F346E}.Debug|x86.ActiveCfg = Debug|Win32
		{B47E3DA5-F87C-4E19-88CB-E9D03A8F346E}.Debug|x86.Build.0 = Debug|Win32
		{B47E3DA5-F87C-4E19-88CB-E9D03A8F346E}.Release|x64.ActiveCfg = Release|x64
		{B47E3DA5-F87C-4E19-88CB-E9D03A8F346E}.Release|x64.Build.0 = Release|x64
		{B47E3DA5-F87C-4E19-88CB-E9D03A8F346E}.Release|x86.ActiveCfg = Release|Win32
		{B47E3DA5-F87C-4E19-88CB-E9D03A8F346E}.Release|x86.Build.0 = Release|Win32
		{91E039B4-D4E4-48D4-BE9C-148F0EDB642B}.Debug|x64.ActiveCfg = Debug|x64
		{91E039B4-D4E4-48D4-BE9C-148F0EDB642B}.Debug|x64.Build.0 = Debug|x64
		{91E039B4-D4E4-48D4-BE9C-148F0EDB642B}.Debug|x86.ActiveCfg = Debug|Win32
		{91E039B4-D4E4-48D4-BE9C-148F0EDB642B}.Debug|x86.Build.0 = Debug|Win32
		{91E039B4-D4E4-48D4-BE9C-148F0EDB642B}.Release|x64.ActiveCfg = Release|x64
		{91E039B4-D4E4-48D4-BE9C-148F0EDB642B}.Release|x64.Build.0 = Release|x64
		{91E039B4-D4E4-48D4-BE9C-148F0EDB642B}.Release|x86.ActiveCfg = Release|Win32
		{91E039B4-D4E4-48D4-BE9C-148F0EDB642B}.Release|x86.Build.0 = Release|Win32
		{2B86AAF9-6D28-401F-BF5D-A3204CCB97C4}.Debug|x64.ActiveCfg = Debug|x64
		{2B86AAF9-6D28-401F-BF5D-A3204CCB97C4}.Debug|x64.Build.0 = Debug|x64
		{2B86AAF9-6D28-401F-BF5D-A3204CCB97C4}.Debug|x86.ActiveCfg = Debug|Win32
		{2B86AAF9-6D28-401F-BF5D-A3204CCB97C4}.Debug|x86.Build.0 = Debug|Win32
		{2B86AAF9-6D28-401F-BF5D-A3204CCB97C4}.Release|x64.ActiveCfg = Release|x64
		{2B86AAF9-6D28-401F-BF5D-A3204CCB97C4}.Release|x64.Build.0 = Release|x64
		{2B86AAF9-6D28-401F-BF5D-A3204CCB97C4}.Release|x86.ActiveCfg = Release|Win32
		{2B86AAF9-6D28-401F-BF5D-A3204CCB97C4}.Release|x86.Build.0 = Release|Win32
		{3BD7668D-C9B6-413F-B8C7-18AB14F2993D}.Debug|x64.ActiveCfg = Debug|x64
		{3BD7668D-C9B6-413F-B8C7-18AB14F2993D}.Debug|x64.Build.0 = Debug|x64
		{3BD7668D-C9B6-413F-B8C7-18AB14F2993D}.Debug|x86.ActiveCfg = Debug|Win32
		{3BD7668D-C9B6-413F-B8C7-18AB14F2993D}.Debug|x86.Build.0 = Debug|Win32
		{3BD7668D-C9B6-413F-B8C7-18AB14F2993D}.Release|x64.ActiveCfg = Release|x64
		{3BD7668D-C9B6-413F-B8C7-18AB14F2993D}.Release|x64.Build.0 = Release|x64
		{3BD7668D-C9B6-413F-B8C7-18AB14F2993D}.Release|x86.ActiveCfg = Release|Win32
		{3BD7668D-C9B6-413F-B8C7-18AB14F2993D}.Release|x86.Build.0 = Release|Win32
		{3AC1AC7E-3998-4ADA-A963-CC460B713E6B}.Debug|x64.ActiveCfg = Debug|x64
		{3AC1AC7E-3998-4ADA-A963-CC460B713E6B}.Debug|x64.Build.0 = Debug|x64
		{3AC1AC7E-3998-4ADA-A963-CC460B713E6B}.Debug|x86.ActiveCfg = Debug|Win32
		{3AC1AC7E-3998-4ADA-A963-CC460B713E6B}.Debug|x86.Build.0 = Debug|Win32
		{3AC1AC7E-3998-4ADA-A963-CC460B713E6B}.Release|x64.ActiveCfg = Release|x64
		{3AC1AC7E-3998-4ADA-A963-CC460B713E6B}.Release|x64.Build.0 = Release|x64
		{3AC1AC7E-3998-4ADA-A963-CC460B713E6B}.Release|x86.ActiveCfg = Release|Win32
		{3AC1AC7E-3998-4ADA-A963-CC460B713E6B}.Release|x86.Build.0 = Release|Win32
	EndGlobalSection
	GlobalSection(SolutionProperties) = preSolution
		HideSolutionNode = FALSE
	EndGlobalSection
	GlobalSection(ExtensibilityGlobals) = postSolution
		SolutionGuid = {CB43F467-961B-4CC7-A04D-F7D179B5EC8E}
	EndGlobalSection
EndGlobal
