
Microsoft Visual Studio Solution File, Format Version 12.00
# Visual Studio 14
VisualStudioVersion = 14.0.25420.1
MinimumVisualStudioVersion = 10.0.40219.1
Project("{8BC9CEB8-8B4A-11D0-8D11-00A0C91BC942}") = "Sort Array By Parity（数组奇偶分类）", "Sort Array By Parity（数组奇偶分类）\Sort Array By Parity（数组奇偶分类）.vcxproj", "{17B1D47C-A9FA-4F68-815E-5220D3B46B53}"
EndProject
Project("{8BC9CEB8-8B4A-11D0-8D11-00A0C91BC942}") = "Sort Array By Parity II", "Sort Array By Parity II\Sort Array By Parity II.vcxproj", "{F0474C42-4E3F-4921-BEB4-F7620AC15432}"
EndProject
Project("{8BC9CEB8-8B4A-11D0-8D11-00A0C91BC942}") = "Roman to Integer", "Roman to Integer\Roman to Integer.vcxproj", "{C8270E6E-5C9D-4626-A501-05BCC2A90ACF}"
EndProject
Project("{8BC9CEB8-8B4A-11D0-8D11-00A0C91BC942}") = "Climbing Stairs", "Climbing Stairs\Climbing Stairs.vcxproj", "{7B0AC4C0-42A4-478C-8975-026A52A3FCD9}"
EndProject
Project("{8BC9CEB8-8B4A-11D0-8D11-00A0C91BC942}") = "数字之和", "Two Sum\Two Sum.vcxproj", "{0976A529-79F7-4CFF-9248-76910DBF7FEF}"
EndProject
Project("{8BC9CEB8-8B4A-11D0-8D11-00A0C91BC942}") = "最大子数组之和", "最大子数组之和\最大子数组之和.vcxproj", "{4F6823C2-4B7D-447E-B943-99E9A0E429AB}"
EndProject
Project("{8BC9CEB8-8B4A-11D0-8D11-00A0C91BC942}") = "判断树是否是平衡的", "判断树是否是平衡的\判断树是否是平衡的.vcxproj", "{1DF06318-962F-47F5-A81F-13101635D7BA}"
EndProject
Project("{8BC9CEB8-8B4A-11D0-8D11-00A0C91BC942}") = "入室抢劫", "入室抢劫\入室抢劫.vcxproj", "{09686AFB-5161-4D07-AEB9-E422EFA68D8C}"
EndProject
Project("{8BC9CEB8-8B4A-11D0-8D11-00A0C91BC942}") = "给一个数字求其范围内的全排列", "给一个数字求其范围内的全排列\给一个数字求其范围内的全排列.vcxproj", "{C787481C-783E-4615-9614-F6F30262C188}"
EndProject
Project("{8BC9CEB8-8B4A-11D0-8D11-00A0C91BC942}") = "使用前序序列来构建二叉树", "使用前序序列来构建二叉树\使用前序序列来构建二叉树.vcxproj", "{B063BAC2-6A5B-4E8E-BBFD-4967CD44F820}"
EndProject
Project("{8BC9CEB8-8B4A-11D0-8D11-00A0C91BC942}") = "给树中的每一个节点分硬币", "给树中的每一个节点分硬币\给树中的每一个节点分硬币.vcxproj", "{4AC050C9-4030-444B-8CAC-30788A3128FD}"
EndProject
Project("{8BC9CEB8-8B4A-11D0-8D11-00A0C91BC942}") = "编程实现strcpy函数", "编程实现strcpy函数\编程实现strcpy函数.vcxproj", "{802B39DB-CC28-417E-B70F-7CC99D253350}"
EndProject
Project("{8BC9CEB8-8B4A-11D0-8D11-00A0C91BC942}") = "数组反转排序", "数组反转排序\数组反转排序.vcxproj", "{F6F3CB0D-0038-4FBA-9240-9B7B4FC52DCF}"
EndProject
Project("{8BC9CEB8-8B4A-11D0-8D11-00A0C91BC942}") = "节点的最大差值", "节点的最大差值\节点的最大差值.vcxproj", "{953D761C-D2B3-45C6-B37D-81481627BA3C}"
EndProject
Project("{8BC9CEB8-8B4A-11D0-8D11-00A0C91BC942}") = "中序遍历迭代版本", "中序遍历迭代版本\中序遍历迭代版本.vcxproj", "{CB9F787C-A103-448E-B218-D3FEB261969E}"
EndProject
Project("{8BC9CEB8-8B4A-11D0-8D11-00A0C91BC942}") = "前k个节点", "前k个节点\前k个节点.vcxproj", "{0569AD26-849C-4258-A785-C2E1B521E48D}"
EndProject
Project("{8BC9CEB8-8B4A-11D0-8D11-00A0C91BC942}") = "树的节点和子节点的最大差值", "树的节点和子节点的最大差值\树的节点和子节点的最大差值.vcxproj", "{5B4E3632-2A04-4756-B3FB-C932D9DF25E5}"
EndProject
Project("{8BC9CEB8-8B4A-11D0-8D11-00A0C91BC942}") = "钥匙和房间", "钥匙和房间\钥匙和房间.vcxproj", "{03F8D7D7-5319-45D4-B40D-3E2E666FE3B6}"
EndProject
Project("{8BC9CEB8-8B4A-11D0-8D11-00A0C91BC942}") = "树的左下角的节点", "树的左下角的节点\树的左下角的节点.vcxproj", "{94CF2C95-12D2-4401-B2EC-D6C65DD9A2C2}"
EndProject
Project("{8BC9CEB8-8B4A-11D0-8D11-00A0C91BC942}") = "距离为k的节点", "距离为k的节点\距离为k的节点.vcxproj", "{FF9AF39F-752E-4D13-B999-E6AC03B75D1F}"
EndProject
Project("{8BC9CEB8-8B4A-11D0-8D11-00A0C91BC942}") = "寻找回文字串", "寻找回文字串\寻找回文字串.vcxproj", "{01EF39A2-F20C-4A85-9900-8D2F2A6A55F1}"
EndProject
Project("{8BC9CEB8-8B4A-11D0-8D11-00A0C91BC942}") = "排列组合", "排列组合\排列组合.vcxproj", "{F20B8225-EE45-4FA4-944A-26614171B213}"
EndProject
Project("{8BC9CEB8-8B4A-11D0-8D11-00A0C91BC942}") = "括号匹配", "括号匹配\括号匹配.vcxproj", "{EBD5596C-63C2-472A-ABE1-F81150E76114}"
EndProject
Project("{8BC9CEB8-8B4A-11D0-8D11-00A0C91BC942}") = "数列个数统计", "数列个数统计\数列个数统计.vcxproj", "{F65C2BE3-7728-4D7E-83A9-B31F5FE3C33A}"
EndProject
Project("{8BC9CEB8-8B4A-11D0-8D11-00A0C91BC942}") = "最小删除之和", "最小删除之和\最小删除之和.vcxproj", "{652FD460-E14C-46CB-9E0F-03B665AB8AD3}"
EndProject
Project("{8BC9CEB8-8B4A-11D0-8D11-00A0C91BC942}") = "组合", "组合\组合.vcxproj", "{501B7EF7-EE35-4AF0-B607-31C00D824727}"
EndProject
Project("{8BC9CEB8-8B4A-11D0-8D11-00A0C91BC942}") = "九十度旋转矩阵", "九十度旋转矩阵\九十度旋转矩阵.vcxproj", "{131AC683-A1F2-4966-ABDA-193675050866}"
EndProject
Project("{8BC9CEB8-8B4A-11D0-8D11-00A0C91BC942}") = "括号生成", "括号生成\括号生成.vcxproj", "{1DE27949-077F-47A2-BD47-132C6B4809EC}"
EndProject
Project("{8BC9CEB8-8B4A-11D0-8D11-00A0C91BC942}") = "一个数和中乘积最大的值", "一个数和中乘积最大的值\一个数和中乘积最大的值.vcxproj", "{F90A88A5-8B3E-4894-B834-B2B91C3D1560}"
EndProject
Project("{8BC9CEB8-8B4A-11D0-8D11-00A0C91BC942}") = "最小路径和", "最小路径和\最小路径和.vcxproj", "{166508F0-91BB-4F55-98DC-BF8F2BD6C3F2}"
EndProject
Project("{8BC9CEB8-8B4A-11D0-8D11-00A0C91BC942}") = "螺旋生成矩阵", "螺旋生成矩阵\螺旋生成矩阵.vcxproj", "{B7CC8B57-415A-4C9B-BBE1-0BBF1ABBADDA}"
EndProject
Project("{8BC9CEB8-8B4A-11D0-8D11-00A0C91BC942}") = "统计范围内不相同的数字", "统计范围内不相同的数字\统计范围内不相同的数字.vcxproj", "{8C820F60-BEF4-4555-9FE9-71991B76BA27}"
EndProject
Project("{8BC9CEB8-8B4A-11D0-8D11-00A0C91BC942}") = "独特的二叉查找树", "独特的二叉查找树\独特的二叉查找树.vcxproj", "{A94F099A-BCD9-4495-B27A-A6A41D664730}"
EndProject
Project("{8BC9CEB8-8B4A-11D0-8D11-00A0C91BC942}") = "通过删除字符串后最长并且字典序最小的字符换", "通过删除字符串后最长并且字典序最小的字符换\通过删除字符串后最长并且字典序最小的字符换.vcxproj", "{58D437A7-13EF-412C-BA5C-176CD0DD9E5C}"
EndProject
Project("{8BC9CEB8-8B4A-11D0-8D11-00A0C91BC942}") = "从一个数组中找到能容纳最多水的箱子的面积", "从一个数组中找到能容纳最多水的箱子的面积\从一个数组中找到能容纳最多水的箱子的面积.vcxproj", "{EC06DE70-067D-4841-954A-9C3F33EC7383}"
EndProject
Project("{8BC9CEB8-8B4A-11D0-8D11-00A0C91BC942}") = "成对交换节点", "成对交换节点\成对交换节点.vcxproj", "{F7B83FFD-87F0-4918-AD72-E5C6AA67A82D}"
EndProject
Project("{8BC9CEB8-8B4A-11D0-8D11-00A0C91BC942}") = "从一个数组中找到最近3数之和", "从一个数组中找到最近3数之和\从一个数组中找到最近3数之和.vcxproj", "{B3DFE55D-CBE9-4054-9F71-45CC3043DFE4}"
EndProject
Project("{8BC9CEB8-8B4A-11D0-8D11-00A0C91BC942}") = "改变字符寻找最长重复子串", "改变字符寻找最长重复字串\改变字符寻找最长重复字串.vcxproj", "{A3ED9E97-686E-4E18-8359-0B891228C8EE}"
EndProject
Project("{8BC9CEB8-8B4A-11D0-8D11-00A0C91BC942}") = "从一个旋转数组中寻找最小值", "从一个旋转数组中寻找最小值\从一个旋转数组中寻找最小值.vcxproj", "{D33AE83E-51A3-4702-8238-F0039D632C26}"
EndProject
Project("{8BC9CEB8-8B4A-11D0-8D11-00A0C91BC942}") = "对颜色进行排序", "对颜色进行排序\对颜色进行排序.vcxproj", "{A0C01AC3-B909-4043-ACFE-340E101DB4CB}"
EndProject
Project("{8BC9CEB8-8B4A-11D0-8D11-00A0C91BC942}") = "数字电话转换", "数字电话转换\数字电话转换.vcxproj", "{C567AAB7-BE3B-4F5D-B0FC-BB5EEDDDB5C2}"
EndProject
Project("{8BC9CEB8-8B4A-11D0-8D11-00A0C91BC942}") = "将一个输入的链表转换为AVI树", "将一个输入的链表转换为AVI树\将一个输入的链表转换为AVI树.vcxproj", "{27E81FE7-19E3-4F97-82BD-2E86C74B4692}"
EndProject
Project("{8BC9CEB8-8B4A-11D0-8D11-00A0C91BC942}") = "重复数组的排列", "重复数组的排列\重复数组的排列.vcxproj", "{A2EA91D2-67D0-4AC7-BAF7-8016696B9A81}"
EndProject
Project("{8BC9CEB8-8B4A-11D0-8D11-00A0C91BC942}") = "设置矩阵为零", "设置矩阵为零\设置矩阵为零.vcxproj", "{A0D55F97-BBCF-458C-9C85-35E93A9B3083}"
EndProject
Project("{8BC9CEB8-8B4A-11D0-8D11-00A0C91BC942}") = "数组中重复的数字", "数组中重复的数字\数组中重复的数字.vcxproj", "{E321C147-03DC-42A2-81F0-223B8A888FF3}"
EndProject
Project("{8BC9CEB8-8B4A-11D0-8D11-00A0C91BC942}") = "在旋转数组中进行查找", "在旋转数组中进行查找\在旋转数组中进行查找.vcxproj", "{90473A34-3364-4FFF-8538-0EBB2ACE6309}"
EndProject
Project("{8BC9CEB8-8B4A-11D0-8D11-00A0C91BC942}") = "寻找数组中的峰值", "寻找数组中的峰值\寻找数组中的峰值.vcxproj", "{DB541BAB-397C-43E0-8147-797125C76D22}"
EndProject
Project("{8BC9CEB8-8B4A-11D0-8D11-00A0C91BC942}") = "数组中唯一出现两次的数字", "数组中唯一出现两次的数字\数组中唯一出现两次的数字.vcxproj", "{E583040F-1233-4DFA-ADCD-1BD08C9A0516}"
EndProject
Project("{8BC9CEB8-8B4A-11D0-8D11-00A0C91BC942}") = "找到数字中缺失的数字", "找到数字中缺失的数字\找到数字中缺失的数字.vcxproj", "{722FE2A9-B1A6-4D10-A5FA-20653742520B}"
EndProject
Project("{8BC9CEB8-8B4A-11D0-8D11-00A0C91BC942}") = "出现频率最高的几个数字", "出现频率最高的几个数字\出现频率最高的几个数字.vcxproj", "{042DAEDC-7DE1-408A-9162-922B53D2BE16}"
EndProject
Project("{8BC9CEB8-8B4A-11D0-8D11-00A0C91BC942}") = "将零移动到数组末尾", "将零移动到数组末尾\将零移动到数组末尾.vcxproj", "{AEA90506-2D6E-4DA7-8E8E-73B18B1F6819}"
EndProject
Project("{8BC9CEB8-8B4A-11D0-8D11-00A0C91BC942}") = "最长连续子序列", "最长连续子序列\最长连续子序列.vcxproj", "{695FEEB9-4B9B-41B5-A8E3-5F2D0729464D}"
EndProject
Project("{8BC9CEB8-8B4A-11D0-8D11-00A0C91BC942}") = "最长上升子序列", "最长上升子序列\最长上升子序列.vcxproj", "{0CD0823E-9C0D-4969-B2B6-0BF57FF36A8D}"
EndProject
Project("{8BC9CEB8-8B4A-11D0-8D11-00A0C91BC942}") = "上升三元组子序列", "上升三元组子序列\上升三元组子序列.vcxproj", "{08BDC498-BC28-47E0-8AA0-2EC70C21B880}"
EndProject
Project("{8BC9CEB8-8B4A-11D0-8D11-00A0C91BC942}") = "N皇后", "N皇后\N皇后.vcxproj", "{12AE1D1F-283F-4491-9EAB-C754F58BD2FE}"
EndProject
Project("{8BC9CEB8-8B4A-11D0-8D11-00A0C91BC942}") = "组合数之和", "组合数之和\组合数之和.vcxproj", "{804B56CF-E92D-4901-89B7-AEB7A0AD86C6}"
EndProject
Project("{8BC9CEB8-8B4A-11D0-8D11-00A0C91BC942}") = "组合数之和二", "组合数之和二\组合数之和二.vcxproj", "{669AA3D0-E8C1-4CFD-9E7A-8BD7CEFCF25E}"
EndProject
Project("{8BC9CEB8-8B4A-11D0-8D11-00A0C91BC942}") = "下一个排列", "下一个排列\下一个排列.vcxproj", "{8855FADF-AD62-4953-9992-8855093A2FDA}"
EndProject
Project("{8BC9CEB8-8B4A-11D0-8D11-00A0C91BC942}") = "第k个排列", "第k个排列\第k个排列.vcxproj", "{F05FDF97-D52F-47D4-8253-0B80F56C9B1B}"
EndProject
Project("{8BC9CEB8-8B4A-11D0-8D11-00A0C91BC942}") = "Project1", "Project1\Project1.vcxproj", "{DD94917B-BE5A-45AF-8693-4AB344A948BE}"
EndProject
Project("{8BC9CEB8-8B4A-11D0-8D11-00A0C91BC942}") = "连续子数组的最大乘积", "连续子数组的最大乘积\连续子数组的最大乘积.vcxproj", "{B3AD2A9E-9EF3-478E-BEF3-FBE3BE036585}"
EndProject
Project("{8BC9CEB8-8B4A-11D0-8D11-00A0C91BC942}") = "打家劫舍", "打家劫舍\打家劫舍.vcxproj", "{79A9FBD1-8D19-45EE-A07F-A7A19D5C28FF}"
EndProject
Project("{8BC9CEB8-8B4A-11D0-8D11-00A0C91BC942}") = "找钱", "找钱\找钱.vcxproj", "{87BC753A-296F-4FD0-90E7-648ABD77A7E9}"
EndProject
Project("{8BC9CEB8-8B4A-11D0-8D11-00A0C91BC942}") = "矩阵中第k小的数字", "矩阵中第k小的数字\矩阵中第k小的数字.vcxproj", "{F7050482-FDE9-4663-A500-E76B7BB93121}"
EndProject
Project("{8BC9CEB8-8B4A-11D0-8D11-00A0C91BC942}") = "单词查找", "单词查找\单词查找.vcxproj", "{5DCBD289-9D15-473B-8860-EA58C6036F75}"
EndProject
Project("{8BC9CEB8-8B4A-11D0-8D11-00A0C91BC942}") = "判断字符串是否表示一个数值", "判断字符串是否表示一个数值\判断字符串是否表示一个数值.vcxproj", "{C26EEB0C-5B73-448B-AC52-ABAA2C0EC5DD}"
EndProject
Project("{8BC9CEB8-8B4A-11D0-8D11-00A0C91BC942}") = "字符串的价值", "字符串的价值\字符串的价值.vcxproj", "{FCFD35A0-A6A5-44D2-8B38-C97596465DC2}"
EndProject
Project("{8BC9CEB8-8B4A-11D0-8D11-00A0C91BC942}") = "字符串转换为整数", "字符串转换为整数\字符串转换为整数.vcxproj", "{1607A4DB-6C48-4D29-8C9D-E39F4C6891AD}"
EndProject
Project("{8BC9CEB8-8B4A-11D0-8D11-00A0C91BC942}") = "简化路径", "简化路径\简化路径.vcxproj", "{3D971CE3-2FFF-4C84-818E-5A3A66F94F73}"
EndProject
Project("{8BC9CEB8-8B4A-11D0-8D11-00A0C91BC942}") = "高精度乘法", "高精度乘法\高精度乘法.vcxproj", "{F8B93CEB-5FD9-4E50-8BA2-F0B997AC6BBB}"
EndProject
Project("{8BC9CEB8-8B4A-11D0-8D11-00A0C91BC942}") = "高精度除法", "高精度除法\高精度除法.vcxproj", "{C2301115-7064-4213-85C3-1A890745D94D}"
EndProject
Project("{8BC9CEB8-8B4A-11D0-8D11-00A0C91BC942}") = "回文数", "回文数\回文数.vcxproj", "{B537C21A-EB8A-4794-B3F1-8C4DE1A6B581}"
EndProject
Project("{8BC9CEB8-8B4A-11D0-8D11-00A0C91BC942}") = "大数", "大数\大数.vcxproj", "{7A660BFA-C127-45A0-8805-9C357A9FB315}"
EndProject
Project("{8BC9CEB8-8B4A-11D0-8D11-00A0C91BC942}") = "2的N次方", "2的N次方\2的N次方.vcxproj", "{9080D2BB-CC64-4077-895D-DBC2FD398772}"
EndProject
Project("{8BC9CEB8-8B4A-11D0-8D11-00A0C91BC942}") = "大整数的因子", "大整数的因子\大整数的因子.vcxproj", "{9959D0F8-6936-46AB-AD4C-3B6C58FCDABD}"
EndProject
Project("{8BC9CEB8-8B4A-11D0-8D11-00A0C91BC942}") = "求10000以内n的阶乘", "求10000以内n的阶乘\求10000以内n的阶乘.vcxproj", "{C52E4699-C246-4F36-992E-B5C1647A0605}"
EndProject
Project("{8BC9CEB8-8B4A-11D0-8D11-00A0C91BC942}") = "阶乘和", "阶乘和\阶乘和.vcxproj", "{BDCBED84-2E6F-4516-BCDF-57561C8E3A70}"
EndProject
Project("{8BC9CEB8-8B4A-11D0-8D11-00A0C91BC942}") = "大数相乘", "大数相乘\大数相乘.vcxproj", "{91CEF5B6-3482-4825-B08E-6B1A899B00FF}"
EndProject
Project("{8BC9CEB8-8B4A-11D0-8D11-00A0C91BC942}") = "除以13", "除以13\除以13.vcxproj", "{AFFF2966-94AF-4BC5-9862-97DBD6192EAC}"
EndProject
Project("{8BC9CEB8-8B4A-11D0-8D11-00A0C91BC942}") = "车厢重组", "车厢重组\车厢重组.vcxproj", "{28B2D5A3-FB44-4AD5-98A4-0C5373CF01A1}"
EndProject
Project("{8BC9CEB8-8B4A-11D0-8D11-00A0C91BC942}") = "逆序对", "逆序对\逆序对.vcxproj", "{39F6F4C9-140A-4D8A-9B5D-12CF91C2130C}"
EndProject
Project("{8BC9CEB8-8B4A-11D0-8D11-00A0C91BC942}") = "谁考了第k名", "谁考了第k名\谁考了第k名.vcxproj", "{1C78BA45-DF48-4A0B-8549-674F627FE64E}"
EndProject
Project("{8BC9CEB8-8B4A-11D0-8D11-00A0C91BC942}") = "奇数单增序列", "奇数单增序列\奇数单增序列.vcxproj", "{4310C6C6-A195-4B7A-A08F-935E3843DFA8}"
EndProject
Project("{8BC9CEB8-8B4A-11D0-8D11-00A0C91BC942}") = "成绩排序", "成绩排序\成绩排序.vcxproj", "{1CF49321-9EC6-4182-BE2D-5A226BCC01E1}"
EndProject
Project("{8BC9CEB8-8B4A-11D0-8D11-00A0C91BC942}") = "奖学金", "奖学金\奖学金.vcxproj", "{6FCA3CC1-CF2B-4C3B-876F-40294287ECB3}"
EndProject
Project("{8BC9CEB8-8B4A-11D0-8D11-00A0C91BC942}") = "分数线划定", "分数线划定\分数线划定.vcxproj", "{999E3A8B-D35F-40E5-879B-4B047FA390E5}"
EndProject
Project("{8BC9CEB8-8B4A-11D0-8D11-00A0C91BC942}") = "整数奇数偶数排序", "整数奇数偶数排序\整数奇数偶数排序.vcxproj", "{97BF7CF8-8D5E-4024-A483-F272FB2D7FEA}"
EndProject
Project("{8BC9CEB8-8B4A-11D0-8D11-00A0C91BC942}") = "合影效果", "合影效果\合影效果.vcxproj", "{C62C9B61-C6AE-46D7-82F7-B7E0DB118F44}"
EndProject
Project("{8BC9CEB8-8B4A-11D0-8D11-00A0C91BC942}") = "病人排队", "病人排队\病人排队.vcxproj", "{7F215673-20D6-4CE6-A5BA-C115B2F672B9}"
EndProject
Project("{8BC9CEB8-8B4A-11D0-8D11-00A0C91BC942}") = "明明的随机数", "明明的随机数\明明的随机数.vcxproj", "{E7F20438-3023-4B57-A0B2-933F200B9921}"
EndProject
Project("{8BC9CEB8-8B4A-11D0-8D11-00A0C91BC942}") = "出现次数超过一半的数", "出现次数超过一半的数\出现次数超过一半的数.vcxproj", "{735D6DF3-1224-4D8D-AC16-1EACC7B61E81}"
EndProject
Project("{8BC9CEB8-8B4A-11D0-8D11-00A0C91BC942}") = "统计字符数", "统计字符数\统计字符数.vcxproj", "{2BD85CE9-363B-44BB-AA3F-4A4F7F04199B}"
EndProject
Global
	GlobalSection(SolutionConfigurationPlatforms) = preSolution
		Debug|x64 = Debug|x64
		Debug|x86 = Debug|x86
		Release|x64 = Release|x64
		Release|x86 = Release|x86
	EndGlobalSection
	GlobalSection(ProjectConfigurationPlatforms) = postSolution
		{17B1D47C-A9FA-4F68-815E-5220D3B46B53}.Debug|x64.ActiveCfg = Debug|x64
		{17B1D47C-A9FA-4F68-815E-5220D3B46B53}.Debug|x64.Build.0 = Debug|x64
		{17B1D47C-A9FA-4F68-815E-5220D3B46B53}.Debug|x86.ActiveCfg = Debug|Win32
		{17B1D47C-A9FA-4F68-815E-5220D3B46B53}.Debug|x86.Build.0 = Debug|Win32
		{17B1D47C-A9FA-4F68-815E-5220D3B46B53}.Release|x64.ActiveCfg = Release|x64
		{17B1D47C-A9FA-4F68-815E-5220D3B46B53}.Release|x64.Build.0 = Release|x64
		{17B1D47C-A9FA-4F68-815E-5220D3B46B53}.Release|x86.ActiveCfg = Release|Win32
		{17B1D47C-A9FA-4F68-815E-5220D3B46B53}.Release|x86.Build.0 = Release|Win32
		{F0474C42-4E3F-4921-BEB4-F7620AC15432}.Debug|x64.ActiveCfg = Debug|x64
		{F0474C42-4E3F-4921-BEB4-F7620AC15432}.Debug|x64.Build.0 = Debug|x64
		{F0474C42-4E3F-4921-BEB4-F7620AC15432}.Debug|x86.ActiveCfg = Debug|Win32
		{F0474C42-4E3F-4921-BEB4-F7620AC15432}.Debug|x86.Build.0 = Debug|Win32
		{F0474C42-4E3F-4921-BEB4-F7620AC15432}.Release|x64.ActiveCfg = Release|x64
		{F0474C42-4E3F-4921-BEB4-F7620AC15432}.Release|x64.Build.0 = Release|x64
		{F0474C42-4E3F-4921-BEB4-F7620AC15432}.Release|x86.ActiveCfg = Release|Win32
		{F0474C42-4E3F-4921-BEB4-F7620AC15432}.Release|x86.Build.0 = Release|Win32
		{C8270E6E-5C9D-4626-A501-05BCC2A90ACF}.Debug|x64.ActiveCfg = Debug|x64
		{C8270E6E-5C9D-4626-A501-05BCC2A90ACF}.Debug|x64.Build.0 = Debug|x64
		{C8270E6E-5C9D-4626-A501-05BCC2A90ACF}.Debug|x86.ActiveCfg = Debug|Win32
		{C8270E6E-5C9D-4626-A501-05BCC2A90ACF}.Debug|x86.Build.0 = Debug|Win32
		{C8270E6E-5C9D-4626-A501-05BCC2A90ACF}.Release|x64.ActiveCfg = Release|x64
		{C8270E6E-5C9D-4626-A501-05BCC2A90ACF}.Release|x64.Build.0 = Release|x64
		{C8270E6E-5C9D-4626-A501-05BCC2A90ACF}.Release|x86.ActiveCfg = Release|Win32
		{C8270E6E-5C9D-4626-A501-05BCC2A90ACF}.Release|x86.Build.0 = Release|Win32
		{7B0AC4C0-42A4-478C-8975-026A52A3FCD9}.Debug|x64.ActiveCfg = Debug|x64
		{7B0AC4C0-42A4-478C-8975-026A52A3FCD9}.Debug|x64.Build.0 = Debug|x64
		{7B0AC4C0-42A4-478C-8975-026A52A3FCD9}.Debug|x86.ActiveCfg = Debug|Win32
		{7B0AC4C0-42A4-478C-8975-026A52A3FCD9}.Debug|x86.Build.0 = Debug|Win32
		{7B0AC4C0-42A4-478C-8975-026A52A3FCD9}.Release|x64.ActiveCfg = Release|x64
		{7B0AC4C0-42A4-478C-8975-026A52A3FCD9}.Release|x64.Build.0 = Release|x64
		{7B0AC4C0-42A4-478C-8975-026A52A3FCD9}.Release|x86.ActiveCfg = Release|Win32
		{7B0AC4C0-42A4-478C-8975-026A52A3FCD9}.Release|x86.Build.0 = Release|Win32
		{0976A529-79F7-4CFF-9248-76910DBF7FEF}.Debug|x64.ActiveCfg = Debug|x64
		{0976A529-79F7-4CFF-9248-76910DBF7FEF}.Debug|x64.Build.0 = Debug|x64
		{0976A529-79F7-4CFF-9248-76910DBF7FEF}.Debug|x86.ActiveCfg = Debug|Win32
		{0976A529-79F7-4CFF-9248-76910DBF7FEF}.Debug|x86.Build.0 = Debug|Win32
		{0976A529-79F7-4CFF-9248-76910DBF7FEF}.Release|x64.ActiveCfg = Release|x64
		{0976A529-79F7-4CFF-9248-76910DBF7FEF}.Release|x64.Build.0 = Release|x64
		{0976A529-79F7-4CFF-9248-76910DBF7FEF}.Release|x86.ActiveCfg = Release|Win32
		{0976A529-79F7-4CFF-9248-76910DBF7FEF}.Release|x86.Build.0 = Release|Win32
		{4F6823C2-4B7D-447E-B943-99E9A0E429AB}.Debug|x64.ActiveCfg = Debug|x64
		{4F6823C2-4B7D-447E-B943-99E9A0E429AB}.Debug|x64.Build.0 = Debug|x64
		{4F6823C2-4B7D-447E-B943-99E9A0E429AB}.Debug|x86.ActiveCfg = Debug|Win32
		{4F6823C2-4B7D-447E-B943-99E9A0E429AB}.Debug|x86.Build.0 = Debug|Win32
		{4F6823C2-4B7D-447E-B943-99E9A0E429AB}.Release|x64.ActiveCfg = Release|x64
		{4F6823C2-4B7D-447E-B943-99E9A0E429AB}.Release|x64.Build.0 = Release|x64
		{4F6823C2-4B7D-447E-B943-99E9A0E429AB}.Release|x86.ActiveCfg = Release|Win32
		{4F6823C2-4B7D-447E-B943-99E9A0E429AB}.Release|x86.Build.0 = Release|Win32
		{1DF06318-962F-47F5-A81F-13101635D7BA}.Debug|x64.ActiveCfg = Debug|x64
		{1DF06318-962F-47F5-A81F-13101635D7BA}.Debug|x64.Build.0 = Debug|x64
		{1DF06318-962F-47F5-A81F-13101635D7BA}.Debug|x86.ActiveCfg = Debug|Win32
		{1DF06318-962F-47F5-A81F-13101635D7BA}.Debug|x86.Build.0 = Debug|Win32
		{1DF06318-962F-47F5-A81F-13101635D7BA}.Release|x64.ActiveCfg = Release|x64
		{1DF06318-962F-47F5-A81F-13101635D7BA}.Release|x64.Build.0 = Release|x64
		{1DF06318-962F-47F5-A81F-13101635D7BA}.Release|x86.ActiveCfg = Release|Win32
		{1DF06318-962F-47F5-A81F-13101635D7BA}.Release|x86.Build.0 = Release|Win32
		{09686AFB-5161-4D07-AEB9-E422EFA68D8C}.Debug|x64.ActiveCfg = Debug|x64
		{09686AFB-5161-4D07-AEB9-E422EFA68D8C}.Debug|x64.Build.0 = Debug|x64
		{09686AFB-5161-4D07-AEB9-E422EFA68D8C}.Debug|x86.ActiveCfg = Debug|Win32
		{09686AFB-5161-4D07-AEB9-E422EFA68D8C}.Debug|x86.Build.0 = Debug|Win32
		{09686AFB-5161-4D07-AEB9-E422EFA68D8C}.Release|x64.ActiveCfg = Release|x64
		{09686AFB-5161-4D07-AEB9-E422EFA68D8C}.Release|x64.Build.0 = Release|x64
		{09686AFB-5161-4D07-AEB9-E422EFA68D8C}.Release|x86.ActiveCfg = Release|Win32
		{09686AFB-5161-4D07-AEB9-E422EFA68D8C}.Release|x86.Build.0 = Release|Win32
		{C787481C-783E-4615-9614-F6F30262C188}.Debug|x64.ActiveCfg = Debug|x64
		{C787481C-783E-4615-9614-F6F30262C188}.Debug|x64.Build.0 = Debug|x64
		{C787481C-783E-4615-9614-F6F30262C188}.Debug|x86.ActiveCfg = Debug|Win32
		{C787481C-783E-4615-9614-F6F30262C188}.Debug|x86.Build.0 = Debug|Win32
		{C787481C-783E-4615-9614-F6F30262C188}.Release|x64.ActiveCfg = Release|x64
		{C787481C-783E-4615-9614-F6F30262C188}.Release|x64.Build.0 = Release|x64
		{C787481C-783E-4615-9614-F6F30262C188}.Release|x86.ActiveCfg = Release|Win32
		{C787481C-783E-4615-9614-F6F30262C188}.Release|x86.Build.0 = Release|Win32
		{B063BAC2-6A5B-4E8E-BBFD-4967CD44F820}.Debug|x64.ActiveCfg = Debug|x64
		{B063BAC2-6A5B-4E8E-BBFD-4967CD44F820}.Debug|x64.Build.0 = Debug|x64
		{B063BAC2-6A5B-4E8E-BBFD-4967CD44F820}.Debug|x86.ActiveCfg = Debug|Win32
		{B063BAC2-6A5B-4E8E-BBFD-4967CD44F820}.Debug|x86.Build.0 = Debug|Win32
		{B063BAC2-6A5B-4E8E-BBFD-4967CD44F820}.Release|x64.ActiveCfg = Release|x64
		{B063BAC2-6A5B-4E8E-BBFD-4967CD44F820}.Release|x64.Build.0 = Release|x64
		{B063BAC2-6A5B-4E8E-BBFD-4967CD44F820}.Release|x86.ActiveCfg = Release|Win32
		{B063BAC2-6A5B-4E8E-BBFD-4967CD44F820}.Release|x86.Build.0 = Release|Win32
		{4AC050C9-4030-444B-8CAC-30788A3128FD}.Debug|x64.ActiveCfg = Debug|x64
		{4AC050C9-4030-444B-8CAC-30788A3128FD}.Debug|x64.Build.0 = Debug|x64
		{4AC050C9-4030-444B-8CAC-30788A3128FD}.Debug|x86.ActiveCfg = Debug|Win32
		{4AC050C9-4030-444B-8CAC-30788A3128FD}.Debug|x86.Build.0 = Debug|Win32
		{4AC050C9-4030-444B-8CAC-30788A3128FD}.Release|x64.ActiveCfg = Release|x64
		{4AC050C9-4030-444B-8CAC-30788A3128FD}.Release|x64.Build.0 = Release|x64
		{4AC050C9-4030-444B-8CAC-30788A3128FD}.Release|x86.ActiveCfg = Release|Win32
		{4AC050C9-4030-444B-8CAC-30788A3128FD}.Release|x86.Build.0 = Release|Win32
		{802B39DB-CC28-417E-B70F-7CC99D253350}.Debug|x64.ActiveCfg = Debug|x64
		{802B39DB-CC28-417E-B70F-7CC99D253350}.Debug|x64.Build.0 = Debug|x64
		{802B39DB-CC28-417E-B70F-7CC99D253350}.Debug|x86.ActiveCfg = Debug|Win32
		{802B39DB-CC28-417E-B70F-7CC99D253350}.Debug|x86.Build.0 = Debug|Win32
		{802B39DB-CC28-417E-B70F-7CC99D253350}.Release|x64.ActiveCfg = Release|x64
		{802B39DB-CC28-417E-B70F-7CC99D253350}.Release|x64.Build.0 = Release|x64
		{802B39DB-CC28-417E-B70F-7CC99D253350}.Release|x86.ActiveCfg = Release|Win32
		{802B39DB-CC28-417E-B70F-7CC99D253350}.Release|x86.Build.0 = Release|Win32
		{F6F3CB0D-0038-4FBA-9240-9B7B4FC52DCF}.Debug|x64.ActiveCfg = Debug|x64
		{F6F3CB0D-0038-4FBA-9240-9B7B4FC52DCF}.Debug|x64.Build.0 = Debug|x64
		{F6F3CB0D-0038-4FBA-9240-9B7B4FC52DCF}.Debug|x86.ActiveCfg = Debug|Win32
		{F6F3CB0D-0038-4FBA-9240-9B7B4FC52DCF}.Debug|x86.Build.0 = Debug|Win32
		{F6F3CB0D-0038-4FBA-9240-9B7B4FC52DCF}.Release|x64.ActiveCfg = Release|x64
		{F6F3CB0D-0038-4FBA-9240-9B7B4FC52DCF}.Release|x64.Build.0 = Release|x64
		{F6F3CB0D-0038-4FBA-9240-9B7B4FC52DCF}.Release|x86.ActiveCfg = Release|Win32
		{F6F3CB0D-0038-4FBA-9240-9B7B4FC52DCF}.Release|x86.Build.0 = Release|Win32
		{953D761C-D2B3-45C6-B37D-81481627BA3C}.Debug|x64.ActiveCfg = Debug|x64
		{953D761C-D2B3-45C6-B37D-81481627BA3C}.Debug|x64.Build.0 = Debug|x64
		{953D761C-D2B3-45C6-B37D-81481627BA3C}.Debug|x86.ActiveCfg = Debug|Win32
		{953D761C-D2B3-45C6-B37D-81481627BA3C}.Debug|x86.Build.0 = Debug|Win32
		{953D761C-D2B3-45C6-B37D-81481627BA3C}.Release|x64.ActiveCfg = Release|x64
		{953D761C-D2B3-45C6-B37D-81481627BA3C}.Release|x64.Build.0 = Release|x64
		{953D761C-D2B3-45C6-B37D-81481627BA3C}.Release|x86.ActiveCfg = Release|Win32
		{953D761C-D2B3-45C6-B37D-81481627BA3C}.Release|x86.Build.0 = Release|Win32
		{CB9F787C-A103-448E-B218-D3FEB261969E}.Debug|x64.ActiveCfg = Debug|x64
		{CB9F787C-A103-448E-B218-D3FEB261969E}.Debug|x64.Build.0 = Debug|x64
		{CB9F787C-A103-448E-B218-D3FEB261969E}.Debug|x86.ActiveCfg = Debug|Win32
		{CB9F787C-A103-448E-B218-D3FEB261969E}.Debug|x86.Build.0 = Debug|Win32
		{CB9F787C-A103-448E-B218-D3FEB261969E}.Release|x64.ActiveCfg = Release|x64
		{CB9F787C-A103-448E-B218-D3FEB261969E}.Release|x64.Build.0 = Release|x64
		{CB9F787C-A103-448E-B218-D3FEB261969E}.Release|x86.ActiveCfg = Release|Win32
		{CB9F787C-A103-448E-B218-D3FEB261969E}.Release|x86.Build.0 = Release|Win32
		{0569AD26-849C-4258-A785-C2E1B521E48D}.Debug|x64.ActiveCfg = Debug|x64
		{0569AD26-849C-4258-A785-C2E1B521E48D}.Debug|x64.Build.0 = Debug|x64
		{0569AD26-849C-4258-A785-C2E1B521E48D}.Debug|x86.ActiveCfg = Debug|Win32
		{0569AD26-849C-4258-A785-C2E1B521E48D}.Debug|x86.Build.0 = Debug|Win32
		{0569AD26-849C-4258-A785-C2E1B521E48D}.Release|x64.ActiveCfg = Release|x64
		{0569AD26-849C-4258-A785-C2E1B521E48D}.Release|x64.Build.0 = Release|x64
		{0569AD26-849C-4258-A785-C2E1B521E48D}.Release|x86.ActiveCfg = Release|Win32
		{0569AD26-849C-4258-A785-C2E1B521E48D}.Release|x86.Build.0 = Release|Win32
		{5B4E3632-2A04-4756-B3FB-C932D9DF25E5}.Debug|x64.ActiveCfg = Debug|x64
		{5B4E3632-2A04-4756-B3FB-C932D9DF25E5}.Debug|x64.Build.0 = Debug|x64
		{5B4E3632-2A04-4756-B3FB-C932D9DF25E5}.Debug|x86.ActiveCfg = Debug|Win32
		{5B4E3632-2A04-4756-B3FB-C932D9DF25E5}.Debug|x86.Build.0 = Debug|Win32
		{5B4E3632-2A04-4756-B3FB-C932D9DF25E5}.Release|x64.ActiveCfg = Release|x64
		{5B4E3632-2A04-4756-B3FB-C932D9DF25E5}.Release|x64.Build.0 = Release|x64
		{5B4E3632-2A04-4756-B3FB-C932D9DF25E5}.Release|x86.ActiveCfg = Release|Win32
		{5B4E3632-2A04-4756-B3FB-C932D9DF25E5}.Release|x86.Build.0 = Release|Win32
		{03F8D7D7-5319-45D4-B40D-3E2E666FE3B6}.Debug|x64.ActiveCfg = Debug|x64
		{03F8D7D7-5319-45D4-B40D-3E2E666FE3B6}.Debug|x64.Build.0 = Debug|x64
		{03F8D7D7-5319-45D4-B40D-3E2E666FE3B6}.Debug|x86.ActiveCfg = Debug|Win32
		{03F8D7D7-5319-45D4-B40D-3E2E666FE3B6}.Debug|x86.Build.0 = Debug|Win32
		{03F8D7D7-5319-45D4-B40D-3E2E666FE3B6}.Release|x64.ActiveCfg = Release|x64
		{03F8D7D7-5319-45D4-B40D-3E2E666FE3B6}.Release|x64.Build.0 = Release|x64
		{03F8D7D7-5319-45D4-B40D-3E2E666FE3B6}.Release|x86.ActiveCfg = Release|Win32
		{03F8D7D7-5319-45D4-B40D-3E2E666FE3B6}.Release|x86.Build.0 = Release|Win32
		{94CF2C95-12D2-4401-B2EC-D6C65DD9A2C2}.Debug|x64.ActiveCfg = Debug|x64
		{94CF2C95-12D2-4401-B2EC-D6C65DD9A2C2}.Debug|x64.Build.0 = Debug|x64
		{94CF2C95-12D2-4401-B2EC-D6C65DD9A2C2}.Debug|x86.ActiveCfg = Debug|Win32
		{94CF2C95-12D2-4401-B2EC-D6C65DD9A2C2}.Debug|x86.Build.0 = Debug|Win32
		{94CF2C95-12D2-4401-B2EC-D6C65DD9A2C2}.Release|x64.ActiveCfg = Release|x64
		{94CF2C95-12D2-4401-B2EC-D6C65DD9A2C2}.Release|x64.Build.0 = Release|x64
		{94CF2C95-12D2-4401-B2EC-D6C65DD9A2C2}.Release|x86.ActiveCfg = Release|Win32
		{94CF2C95-12D2-4401-B2EC-D6C65DD9A2C2}.Release|x86.Build.0 = Release|Win32
		{FF9AF39F-752E-4D13-B999-E6AC03B75D1F}.Debug|x64.ActiveCfg = Debug|x64
		{FF9AF39F-752E-4D13-B999-E6AC03B75D1F}.Debug|x64.Build.0 = Debug|x64
		{FF9AF39F-752E-4D13-B999-E6AC03B75D1F}.Debug|x86.ActiveCfg = Debug|Win32
		{FF9AF39F-752E-4D13-B999-E6AC03B75D1F}.Debug|x86.Build.0 = Debug|Win32
		{FF9AF39F-752E-4D13-B999-E6AC03B75D1F}.Release|x64.ActiveCfg = Release|x64
		{FF9AF39F-752E-4D13-B999-E6AC03B75D1F}.Release|x64.Build.0 = Release|x64
		{FF9AF39F-752E-4D13-B999-E6AC03B75D1F}.Release|x86.ActiveCfg = Release|Win32
		{FF9AF39F-752E-4D13-B999-E6AC03B75D1F}.Release|x86.Build.0 = Release|Win32
		{01EF39A2-F20C-4A85-9900-8D2F2A6A55F1}.Debug|x64.ActiveCfg = Debug|x64
		{01EF39A2-F20C-4A85-9900-8D2F2A6A55F1}.Debug|x64.Build.0 = Debug|x64
		{01EF39A2-F20C-4A85-9900-8D2F2A6A55F1}.Debug|x86.ActiveCfg = Debug|Win32
		{01EF39A2-F20C-4A85-9900-8D2F2A6A55F1}.Debug|x86.Build.0 = Debug|Win32
		{01EF39A2-F20C-4A85-9900-8D2F2A6A55F1}.Release|x64.ActiveCfg = Release|x64
		{01EF39A2-F20C-4A85-9900-8D2F2A6A55F1}.Release|x64.Build.0 = Release|x64
		{01EF39A2-F20C-4A85-9900-8D2F2A6A55F1}.Release|x86.ActiveCfg = Release|Win32
		{01EF39A2-F20C-4A85-9900-8D2F2A6A55F1}.Release|x86.Build.0 = Release|Win32
		{F20B8225-EE45-4FA4-944A-26614171B213}.Debug|x64.ActiveCfg = Debug|x64
		{F20B8225-EE45-4FA4-944A-26614171B213}.Debug|x64.Build.0 = Debug|x64
		{F20B8225-EE45-4FA4-944A-26614171B213}.Debug|x86.ActiveCfg = Debug|Win32
		{F20B8225-EE45-4FA4-944A-26614171B213}.Debug|x86.Build.0 = Debug|Win32
		{F20B8225-EE45-4FA4-944A-26614171B213}.Release|x64.ActiveCfg = Release|x64
		{F20B8225-EE45-4FA4-944A-26614171B213}.Release|x64.Build.0 = Release|x64
		{F20B8225-EE45-4FA4-944A-26614171B213}.Release|x86.ActiveCfg = Release|Win32
		{F20B8225-EE45-4FA4-944A-26614171B213}.Release|x86.Build.0 = Release|Win32
		{EBD5596C-63C2-472A-ABE1-F81150E76114}.Debug|x64.ActiveCfg = Debug|x64
		{EBD5596C-63C2-472A-ABE1-F81150E76114}.Debug|x64.Build.0 = Debug|x64
		{EBD5596C-63C2-472A-ABE1-F81150E76114}.Debug|x86.ActiveCfg = Debug|Win32
		{EBD5596C-63C2-472A-ABE1-F81150E76114}.Debug|x86.Build.0 = Debug|Win32
		{EBD5596C-63C2-472A-ABE1-F81150E76114}.Release|x64.ActiveCfg = Release|x64
		{EBD5596C-63C2-472A-ABE1-F81150E76114}.Release|x64.Build.0 = Release|x64
		{EBD5596C-63C2-472A-ABE1-F81150E76114}.Release|x86.ActiveCfg = Release|Win32
		{EBD5596C-63C2-472A-ABE1-F81150E76114}.Release|x86.Build.0 = Release|Win32
		{F65C2BE3-7728-4D7E-83A9-B31F5FE3C33A}.Debug|x64.ActiveCfg = Debug|x64
		{F65C2BE3-7728-4D7E-83A9-B31F5FE3C33A}.Debug|x64.Build.0 = Debug|x64
		{F65C2BE3-7728-4D7E-83A9-B31F5FE3C33A}.Debug|x86.ActiveCfg = Debug|Win32
		{F65C2BE3-7728-4D7E-83A9-B31F5FE3C33A}.Debug|x86.Build.0 = Debug|Win32
		{F65C2BE3-7728-4D7E-83A9-B31F5FE3C33A}.Release|x64.ActiveCfg = Release|x64
		{F65C2BE3-7728-4D7E-83A9-B31F5FE3C33A}.Release|x64.Build.0 = Release|x64
		{F65C2BE3-7728-4D7E-83A9-B31F5FE3C33A}.Release|x86.ActiveCfg = Release|Win32
		{F65C2BE3-7728-4D7E-83A9-B31F5FE3C33A}.Release|x86.Build.0 = Release|Win32
		{652FD460-E14C-46CB-9E0F-03B665AB8AD3}.Debug|x64.ActiveCfg = Debug|x64
		{652FD460-E14C-46CB-9E0F-03B665AB8AD3}.Debug|x64.Build.0 = Debug|x64
		{652FD460-E14C-46CB-9E0F-03B665AB8AD3}.Debug|x86.ActiveCfg = Debug|Win32
		{652FD460-E14C-46CB-9E0F-03B665AB8AD3}.Debug|x86.Build.0 = Debug|Win32
		{652FD460-E14C-46CB-9E0F-03B665AB8AD3}.Release|x64.ActiveCfg = Release|x64
		{652FD460-E14C-46CB-9E0F-03B665AB8AD3}.Release|x64.Build.0 = Release|x64
		{652FD460-E14C-46CB-9E0F-03B665AB8AD3}.Release|x86.ActiveCfg = Release|Win32
		{652FD460-E14C-46CB-9E0F-03B665AB8AD3}.Release|x86.Build.0 = Release|Win32
		{501B7EF7-EE35-4AF0-B607-31C00D824727}.Debug|x64.ActiveCfg = Debug|x64
		{501B7EF7-EE35-4AF0-B607-31C00D824727}.Debug|x64.Build.0 = Debug|x64
		{501B7EF7-EE35-4AF0-B607-31C00D824727}.Debug|x86.ActiveCfg = Debug|Win32
		{501B7EF7-EE35-4AF0-B607-31C00D824727}.Debug|x86.Build.0 = Debug|Win32
		{501B7EF7-EE35-4AF0-B607-31C00D824727}.Release|x64.ActiveCfg = Release|x64
		{501B7EF7-EE35-4AF0-B607-31C00D824727}.Release|x64.Build.0 = Release|x64
		{501B7EF7-EE35-4AF0-B607-31C00D824727}.Release|x86.ActiveCfg = Release|Win32
		{501B7EF7-EE35-4AF0-B607-31C00D824727}.Release|x86.Build.0 = Release|Win32
		{131AC683-A1F2-4966-ABDA-193675050866}.Debug|x64.ActiveCfg = Debug|x64
		{131AC683-A1F2-4966-ABDA-193675050866}.Debug|x64.Build.0 = Debug|x64
		{131AC683-A1F2-4966-ABDA-193675050866}.Debug|x86.ActiveCfg = Debug|Win32
		{131AC683-A1F2-4966-ABDA-193675050866}.Debug|x86.Build.0 = Debug|Win32
		{131AC683-A1F2-4966-ABDA-193675050866}.Release|x64.ActiveCfg = Release|x64
		{131AC683-A1F2-4966-ABDA-193675050866}.Release|x64.Build.0 = Release|x64
		{131AC683-A1F2-4966-ABDA-193675050866}.Release|x86.ActiveCfg = Release|Win32
		{131AC683-A1F2-4966-ABDA-193675050866}.Release|x86.Build.0 = Release|Win32
		{1DE27949-077F-47A2-BD47-132C6B4809EC}.Debug|x64.ActiveCfg = Debug|x64
		{1DE27949-077F-47A2-BD47-132C6B4809EC}.Debug|x64.Build.0 = Debug|x64
		{1DE27949-077F-47A2-BD47-132C6B4809EC}.Debug|x86.ActiveCfg = Debug|Win32
		{1DE27949-077F-47A2-BD47-132C6B4809EC}.Debug|x86.Build.0 = Debug|Win32
		{1DE27949-077F-47A2-BD47-132C6B4809EC}.Release|x64.ActiveCfg = Release|x64
		{1DE27949-077F-47A2-BD47-132C6B4809EC}.Release|x64.Build.0 = Release|x64
		{1DE27949-077F-47A2-BD47-132C6B4809EC}.Release|x86.ActiveCfg = Release|Win32
		{1DE27949-077F-47A2-BD47-132C6B4809EC}.Release|x86.Build.0 = Release|Win32
		{F90A88A5-8B3E-4894-B834-B2B91C3D1560}.Debug|x64.ActiveCfg = Debug|x64
		{F90A88A5-8B3E-4894-B834-B2B91C3D1560}.Debug|x64.Build.0 = Debug|x64
		{F90A88A5-8B3E-4894-B834-B2B91C3D1560}.Debug|x86.ActiveCfg = Debug|Win32
		{F90A88A5-8B3E-4894-B834-B2B91C3D1560}.Debug|x86.Build.0 = Debug|Win32
		{F90A88A5-8B3E-4894-B834-B2B91C3D1560}.Release|x64.ActiveCfg = Release|x64
		{F90A88A5-8B3E-4894-B834-B2B91C3D1560}.Release|x64.Build.0 = Release|x64
		{F90A88A5-8B3E-4894-B834-B2B91C3D1560}.Release|x86.ActiveCfg = Release|Win32
		{F90A88A5-8B3E-4894-B834-B2B91C3D1560}.Release|x86.Build.0 = Release|Win32
		{166508F0-91BB-4F55-98DC-BF8F2BD6C3F2}.Debug|x64.ActiveCfg = Debug|x64
		{166508F0-91BB-4F55-98DC-BF8F2BD6C3F2}.Debug|x64.Build.0 = Debug|x64
		{166508F0-91BB-4F55-98DC-BF8F2BD6C3F2}.Debug|x86.ActiveCfg = Debug|Win32
		{166508F0-91BB-4F55-98DC-BF8F2BD6C3F2}.Debug|x86.Build.0 = Debug|Win32
		{166508F0-91BB-4F55-98DC-BF8F2BD6C3F2}.Release|x64.ActiveCfg = Release|x64
		{166508F0-91BB-4F55-98DC-BF8F2BD6C3F2}.Release|x64.Build.0 = Release|x64
		{166508F0-91BB-4F55-98DC-BF8F2BD6C3F2}.Release|x86.ActiveCfg = Release|Win32
		{166508F0-91BB-4F55-98DC-BF8F2BD6C3F2}.Release|x86.Build.0 = Release|Win32
		{B7CC8B57-415A-4C9B-BBE1-0BBF1ABBADDA}.Debug|x64.ActiveCfg = Debug|x64
		{B7CC8B57-415A-4C9B-BBE1-0BBF1ABBADDA}.Debug|x64.Build.0 = Debug|x64
		{B7CC8B57-415A-4C9B-BBE1-0BBF1ABBADDA}.Debug|x86.ActiveCfg = Debug|Win32
		{B7CC8B57-415A-4C9B-BBE1-0BBF1ABBADDA}.Debug|x86.Build.0 = Debug|Win32
		{B7CC8B57-415A-4C9B-BBE1-0BBF1ABBADDA}.Release|x64.ActiveCfg = Release|x64
		{B7CC8B57-415A-4C9B-BBE1-0BBF1ABBADDA}.Release|x64.Build.0 = Release|x64
		{B7CC8B57-415A-4C9B-BBE1-0BBF1ABBADDA}.Release|x86.ActiveCfg = Release|Win32
		{B7CC8B57-415A-4C9B-BBE1-0BBF1ABBADDA}.Release|x86.Build.0 = Release|Win32
		{8C820F60-BEF4-4555-9FE9-71991B76BA27}.Debug|x64.ActiveCfg = Debug|x64
		{8C820F60-BEF4-4555-9FE9-71991B76BA27}.Debug|x64.Build.0 = Debug|x64
		{8C820F60-BEF4-4555-9FE9-71991B76BA27}.Debug|x86.ActiveCfg = Debug|Win32
		{8C820F60-BEF4-4555-9FE9-71991B76BA27}.Debug|x86.Build.0 = Debug|Win32
		{8C820F60-BEF4-4555-9FE9-71991B76BA27}.Release|x64.ActiveCfg = Release|x64
		{8C820F60-BEF4-4555-9FE9-71991B76BA27}.Release|x64.Build.0 = Release|x64
		{8C820F60-BEF4-4555-9FE9-71991B76BA27}.Release|x86.ActiveCfg = Release|Win32
		{8C820F60-BEF4-4555-9FE9-71991B76BA27}.Release|x86.Build.0 = Release|Win32
		{A94F099A-BCD9-4495-B27A-A6A41D664730}.Debug|x64.ActiveCfg = Debug|x64
		{A94F099A-BCD9-4495-B27A-A6A41D664730}.Debug|x64.Build.0 = Debug|x64
		{A94F099A-BCD9-4495-B27A-A6A41D664730}.Debug|x86.ActiveCfg = Debug|Win32
		{A94F099A-BCD9-4495-B27A-A6A41D664730}.Debug|x86.Build.0 = Debug|Win32
		{A94F099A-BCD9-4495-B27A-A6A41D664730}.Release|x64.ActiveCfg = Release|x64
		{A94F099A-BCD9-4495-B27A-A6A41D664730}.Release|x64.Build.0 = Release|x64
		{A94F099A-BCD9-4495-B27A-A6A41D664730}.Release|x86.ActiveCfg = Release|Win32
		{A94F099A-BCD9-4495-B27A-A6A41D664730}.Release|x86.Build.0 = Release|Win32
		{58D437A7-13EF-412C-BA5C-176CD0DD9E5C}.Debug|x64.ActiveCfg = Debug|x64
		{58D437A7-13EF-412C-BA5C-176CD0DD9E5C}.Debug|x64.Build.0 = Debug|x64
		{58D437A7-13EF-412C-BA5C-176CD0DD9E5C}.Debug|x86.ActiveCfg = Debug|Win32
		{58D437A7-13EF-412C-BA5C-176CD0DD9E5C}.Debug|x86.Build.0 = Debug|Win32
		{58D437A7-13EF-412C-BA5C-176CD0DD9E5C}.Release|x64.ActiveCfg = Release|x64
		{58D437A7-13EF-412C-BA5C-176CD0DD9E5C}.Release|x64.Build.0 = Release|x64
		{58D437A7-13EF-412C-BA5C-176CD0DD9E5C}.Release|x86.ActiveCfg = Release|Win32
		{58D437A7-13EF-412C-BA5C-176CD0DD9E5C}.Release|x86.Build.0 = Release|Win32
		{EC06DE70-067D-4841-954A-9C3F33EC7383}.Debug|x64.ActiveCfg = Debug|x64
		{EC06DE70-067D-4841-954A-9C3F33EC7383}.Debug|x64.Build.0 = Debug|x64
		{EC06DE70-067D-4841-954A-9C3F33EC7383}.Debug|x86.ActiveCfg = Debug|Win32
		{EC06DE70-067D-4841-954A-9C3F33EC7383}.Debug|x86.Build.0 = Debug|Win32
		{EC06DE70-067D-4841-954A-9C3F33EC7383}.Release|x64.ActiveCfg = Release|x64
		{EC06DE70-067D-4841-954A-9C3F33EC7383}.Release|x64.Build.0 = Release|x64
		{EC06DE70-067D-4841-954A-9C3F33EC7383}.Release|x86.ActiveCfg = Release|Win32
		{EC06DE70-067D-4841-954A-9C3F33EC7383}.Release|x86.Build.0 = Release|Win32
		{F7B83FFD-87F0-4918-AD72-E5C6AA67A82D}.Debug|x64.ActiveCfg = Debug|x64
		{F7B83FFD-87F0-4918-AD72-E5C6AA67A82D}.Debug|x64.Build.0 = Debug|x64
		{F7B83FFD-87F0-4918-AD72-E5C6AA67A82D}.Debug|x86.ActiveCfg = Debug|Win32
		{F7B83FFD-87F0-4918-AD72-E5C6AA67A82D}.Debug|x86.Build.0 = Debug|Win32
		{F7B83FFD-87F0-4918-AD72-E5C6AA67A82D}.Release|x64.ActiveCfg = Release|x64
		{F7B83FFD-87F0-4918-AD72-E5C6AA67A82D}.Release|x64.Build.0 = Release|x64
		{F7B83FFD-87F0-4918-AD72-E5C6AA67A82D}.Release|x86.ActiveCfg = Release|Win32
		{F7B83FFD-87F0-4918-AD72-E5C6AA67A82D}.Release|x86.Build.0 = Release|Win32
		{B3DFE55D-CBE9-4054-9F71-45CC3043DFE4}.Debug|x64.ActiveCfg = Debug|x64
		{B3DFE55D-CBE9-4054-9F71-45CC3043DFE4}.Debug|x64.Build.0 = Debug|x64
		{B3DFE55D-CBE9-4054-9F71-45CC3043DFE4}.Debug|x86.ActiveCfg = Debug|Win32
		{B3DFE55D-CBE9-4054-9F71-45CC3043DFE4}.Debug|x86.Build.0 = Debug|Win32
		{B3DFE55D-CBE9-4054-9F71-45CC3043DFE4}.Release|x64.ActiveCfg = Release|x64
		{B3DFE55D-CBE9-4054-9F71-45CC3043DFE4}.Release|x64.Build.0 = Release|x64
		{B3DFE55D-CBE9-4054-9F71-45CC3043DFE4}.Release|x86.ActiveCfg = Release|Win32
		{B3DFE55D-CBE9-4054-9F71-45CC3043DFE4}.Release|x86.Build.0 = Release|Win32
		{A3ED9E97-686E-4E18-8359-0B891228C8EE}.Debug|x64.ActiveCfg = Debug|x64
		{A3ED9E97-686E-4E18-8359-0B891228C8EE}.Debug|x64.Build.0 = Debug|x64
		{A3ED9E97-686E-4E18-8359-0B891228C8EE}.Debug|x86.ActiveCfg = Debug|Win32
		{A3ED9E97-686E-4E18-8359-0B891228C8EE}.Debug|x86.Build.0 = Debug|Win32
		{A3ED9E97-686E-4E18-8359-0B891228C8EE}.Release|x64.ActiveCfg = Release|x64
		{A3ED9E97-686E-4E18-8359-0B891228C8EE}.Release|x64.Build.0 = Release|x64
		{A3ED9E97-686E-4E18-8359-0B891228C8EE}.Release|x86.ActiveCfg = Release|Win32
		{A3ED9E97-686E-4E18-8359-0B891228C8EE}.Release|x86.Build.0 = Release|Win32
		{D33AE83E-51A3-4702-8238-F0039D632C26}.Debug|x64.ActiveCfg = Debug|x64
		{D33AE83E-51A3-4702-8238-F0039D632C26}.Debug|x64.Build.0 = Debug|x64
		{D33AE83E-51A3-4702-8238-F0039D632C26}.Debug|x86.ActiveCfg = Debug|Win32
		{D33AE83E-51A3-4702-8238-F0039D632C26}.Debug|x86.Build.0 = Debug|Win32
		{D33AE83E-51A3-4702-8238-F0039D632C26}.Release|x64.ActiveCfg = Release|x64
		{D33AE83E-51A3-4702-8238-F0039D632C26}.Release|x64.Build.0 = Release|x64
		{D33AE83E-51A3-4702-8238-F0039D632C26}.Release|x86.ActiveCfg = Release|Win32
		{D33AE83E-51A3-4702-8238-F0039D632C26}.Release|x86.Build.0 = Release|Win32
		{A0C01AC3-B909-4043-ACFE-340E101DB4CB}.Debug|x64.ActiveCfg = Debug|x64
		{A0C01AC3-B909-4043-ACFE-340E101DB4CB}.Debug|x64.Build.0 = Debug|x64
		{A0C01AC3-B909-4043-ACFE-340E101DB4CB}.Debug|x86.ActiveCfg = Debug|Win32
		{A0C01AC3-B909-4043-ACFE-340E101DB4CB}.Debug|x86.Build.0 = Debug|Win32
		{A0C01AC3-B909-4043-ACFE-340E101DB4CB}.Release|x64.ActiveCfg = Release|x64
		{A0C01AC3-B909-4043-ACFE-340E101DB4CB}.Release|x64.Build.0 = Release|x64
		{A0C01AC3-B909-4043-ACFE-340E101DB4CB}.Release|x86.ActiveCfg = Release|Win32
		{A0C01AC3-B909-4043-ACFE-340E101DB4CB}.Release|x86.Build.0 = Release|Win32
		{C567AAB7-BE3B-4F5D-B0FC-BB5EEDDDB5C2}.Debug|x64.ActiveCfg = Debug|x64
		{C567AAB7-BE3B-4F5D-B0FC-BB5EEDDDB5C2}.Debug|x64.Build.0 = Debug|x64
		{C567AAB7-BE3B-4F5D-B0FC-BB5EEDDDB5C2}.Debug|x86.ActiveCfg = Debug|Win32
		{C567AAB7-BE3B-4F5D-B0FC-BB5EEDDDB5C2}.Debug|x86.Build.0 = Debug|Win32
		{C567AAB7-BE3B-4F5D-B0FC-BB5EEDDDB5C2}.Release|x64.ActiveCfg = Release|x64
		{C567AAB7-BE3B-4F5D-B0FC-BB5EEDDDB5C2}.Release|x64.Build.0 = Release|x64
		{C567AAB7-BE3B-4F5D-B0FC-BB5EEDDDB5C2}.Release|x86.ActiveCfg = Release|Win32
		{C567AAB7-BE3B-4F5D-B0FC-BB5EEDDDB5C2}.Release|x86.Build.0 = Release|Win32
		{27E81FE7-19E3-4F97-82BD-2E86C74B4692}.Debug|x64.ActiveCfg = Debug|x64
		{27E81FE7-19E3-4F97-82BD-2E86C74B4692}.Debug|x64.Build.0 = Debug|x64
		{27E81FE7-19E3-4F97-82BD-2E86C74B4692}.Debug|x86.ActiveCfg = Debug|Win32
		{27E81FE7-19E3-4F97-82BD-2E86C74B4692}.Debug|x86.Build.0 = Debug|Win32
		{27E81FE7-19E3-4F97-82BD-2E86C74B4692}.Release|x64.ActiveCfg = Release|x64
		{27E81FE7-19E3-4F97-82BD-2E86C74B4692}.Release|x64.Build.0 = Release|x64
		{27E81FE7-19E3-4F97-82BD-2E86C74B4692}.Release|x86.ActiveCfg = Release|Win32
		{27E81FE7-19E3-4F97-82BD-2E86C74B4692}.Release|x86.Build.0 = Release|Win32
		{A2EA91D2-67D0-4AC7-BAF7-8016696B9A81}.Debug|x64.ActiveCfg = Debug|x64
		{A2EA91D2-67D0-4AC7-BAF7-8016696B9A81}.Debug|x64.Build.0 = Debug|x64
		{A2EA91D2-67D0-4AC7-BAF7-8016696B9A81}.Debug|x86.ActiveCfg = Debug|Win32
		{A2EA91D2-67D0-4AC7-BAF7-8016696B9A81}.Debug|x86.Build.0 = Debug|Win32
		{A2EA91D2-67D0-4AC7-BAF7-8016696B9A81}.Release|x64.ActiveCfg = Release|x64
		{A2EA91D2-67D0-4AC7-BAF7-8016696B9A81}.Release|x64.Build.0 = Release|x64
		{A2EA91D2-67D0-4AC7-BAF7-8016696B9A81}.Release|x86.ActiveCfg = Release|Win32
		{A2EA91D2-67D0-4AC7-BAF7-8016696B9A81}.Release|x86.Build.0 = Release|Win32
		{A0D55F97-BBCF-458C-9C85-35E93A9B3083}.Debug|x64.ActiveCfg = Debug|x64
		{A0D55F97-BBCF-458C-9C85-35E93A9B3083}.Debug|x64.Build.0 = Debug|x64
		{A0D55F97-BBCF-458C-9C85-35E93A9B3083}.Debug|x86.ActiveCfg = Debug|Win32
		{A0D55F97-BBCF-458C-9C85-35E93A9B3083}.Debug|x86.Build.0 = Debug|Win32
		{A0D55F97-BBCF-458C-9C85-35E93A9B3083}.Release|x64.ActiveCfg = Release|x64
		{A0D55F97-BBCF-458C-9C85-35E93A9B3083}.Release|x64.Build.0 = Release|x64
		{A0D55F97-BBCF-458C-9C85-35E93A9B3083}.Release|x86.ActiveCfg = Release|Win32
		{A0D55F97-BBCF-458C-9C85-35E93A9B3083}.Release|x86.Build.0 = Release|Win32
		{E321C147-03DC-42A2-81F0-223B8A888FF3}.Debug|x64.ActiveCfg = Debug|x64
		{E321C147-03DC-42A2-81F0-223B8A888FF3}.Debug|x64.Build.0 = Debug|x64
		{E321C147-03DC-42A2-81F0-223B8A888FF3}.Debug|x86.ActiveCfg = Debug|Win32
		{E321C147-03DC-42A2-81F0-223B8A888FF3}.Debug|x86.Build.0 = Debug|Win32
		{E321C147-03DC-42A2-81F0-223B8A888FF3}.Release|x64.ActiveCfg = Release|x64
		{E321C147-03DC-42A2-81F0-223B8A888FF3}.Release|x64.Build.0 = Release|x64
		{E321C147-03DC-42A2-81F0-223B8A888FF3}.Release|x86.ActiveCfg = Release|Win32
		{E321C147-03DC-42A2-81F0-223B8A888FF3}.Release|x86.Build.0 = Release|Win32
		{90473A34-3364-4FFF-8538-0EBB2ACE6309}.Debug|x64.ActiveCfg = Debug|x64
		{90473A34-3364-4FFF-8538-0EBB2ACE6309}.Debug|x64.Build.0 = Debug|x64
		{90473A34-3364-4FFF-8538-0EBB2ACE6309}.Debug|x86.ActiveCfg = Debug|Win32
		{90473A34-3364-4FFF-8538-0EBB2ACE6309}.Debug|x86.Build.0 = Debug|Win32
		{90473A34-3364-4FFF-8538-0EBB2ACE6309}.Release|x64.ActiveCfg = Release|x64
		{90473A34-3364-4FFF-8538-0EBB2ACE6309}.Release|x64.Build.0 = Release|x64
		{90473A34-3364-4FFF-8538-0EBB2ACE6309}.Release|x86.ActiveCfg = Release|Win32
		{90473A34-3364-4FFF-8538-0EBB2ACE6309}.Release|x86.Build.0 = Release|Win32
		{DB541BAB-397C-43E0-8147-797125C76D22}.Debug|x64.ActiveCfg = Debug|x64
		{DB541BAB-397C-43E0-8147-797125C76D22}.Debug|x64.Build.0 = Debug|x64
		{DB541BAB-397C-43E0-8147-797125C76D22}.Debug|x86.ActiveCfg = Debug|Win32
		{DB541BAB-397C-43E0-8147-797125C76D22}.Debug|x86.Build.0 = Debug|Win32
		{DB541BAB-397C-43E0-8147-797125C76D22}.Release|x64.ActiveCfg = Release|x64
		{DB541BAB-397C-43E0-8147-797125C76D22}.Release|x64.Build.0 = Release|x64
		{DB541BAB-397C-43E0-8147-797125C76D22}.Release|x86.ActiveCfg = Release|Win32
		{DB541BAB-397C-43E0-8147-797125C76D22}.Release|x86.Build.0 = Release|Win32
		{E583040F-1233-4DFA-ADCD-1BD08C9A0516}.Debug|x64.ActiveCfg = Debug|x64
		{E583040F-1233-4DFA-ADCD-1BD08C9A0516}.Debug|x64.Build.0 = Debug|x64
		{E583040F-1233-4DFA-ADCD-1BD08C9A0516}.Debug|x86.ActiveCfg = Debug|Win32
		{E583040F-1233-4DFA-ADCD-1BD08C9A0516}.Debug|x86.Build.0 = Debug|Win32
		{E583040F-1233-4DFA-ADCD-1BD08C9A0516}.Release|x64.ActiveCfg = Release|x64
		{E583040F-1233-4DFA-ADCD-1BD08C9A0516}.Release|x64.Build.0 = Release|x64
		{E583040F-1233-4DFA-ADCD-1BD08C9A0516}.Release|x86.ActiveCfg = Release|Win32
		{E583040F-1233-4DFA-ADCD-1BD08C9A0516}.Release|x86.Build.0 = Release|Win32
		{722FE2A9-B1A6-4D10-A5FA-20653742520B}.Debug|x64.ActiveCfg = Debug|x64
		{722FE2A9-B1A6-4D10-A5FA-20653742520B}.Debug|x64.Build.0 = Debug|x64
		{722FE2A9-B1A6-4D10-A5FA-20653742520B}.Debug|x86.ActiveCfg = Debug|Win32
		{722FE2A9-B1A6-4D10-A5FA-20653742520B}.Debug|x86.Build.0 = Debug|Win32
		{722FE2A9-B1A6-4D10-A5FA-20653742520B}.Release|x64.ActiveCfg = Release|x64
		{722FE2A9-B1A6-4D10-A5FA-20653742520B}.Release|x64.Build.0 = Release|x64
		{722FE2A9-B1A6-4D10-A5FA-20653742520B}.Release|x86.ActiveCfg = Release|Win32
		{722FE2A9-B1A6-4D10-A5FA-20653742520B}.Release|x86.Build.0 = Release|Win32
		{042DAEDC-7DE1-408A-9162-922B53D2BE16}.Debug|x64.ActiveCfg = Debug|x64
		{042DAEDC-7DE1-408A-9162-922B53D2BE16}.Debug|x64.Build.0 = Debug|x64
		{042DAEDC-7DE1-408A-9162-922B53D2BE16}.Debug|x86.ActiveCfg = Debug|Win32
		{042DAEDC-7DE1-408A-9162-922B53D2BE16}.Debug|x86.Build.0 = Debug|Win32
		{042DAEDC-7DE1-408A-9162-922B53D2BE16}.Release|x64.ActiveCfg = Release|x64
		{042DAEDC-7DE1-408A-9162-922B53D2BE16}.Release|x64.Build.0 = Release|x64
		{042DAEDC-7DE1-408A-9162-922B53D2BE16}.Release|x86.ActiveCfg = Release|Win32
		{042DAEDC-7DE1-408A-9162-922B53D2BE16}.Release|x86.Build.0 = Release|Win32
		{AEA90506-2D6E-4DA7-8E8E-73B18B1F6819}.Debug|x64.ActiveCfg = Debug|x64
		{AEA90506-2D6E-4DA7-8E8E-73B18B1F6819}.Debug|x64.Build.0 = Debug|x64
		{AEA90506-2D6E-4DA7-8E8E-73B18B1F6819}.Debug|x86.ActiveCfg = Debug|Win32
		{AEA90506-2D6E-4DA7-8E8E-73B18B1F6819}.Debug|x86.Build.0 = Debug|Win32
		{AEA90506-2D6E-4DA7-8E8E-73B18B1F6819}.Release|x64.ActiveCfg = Release|x64
		{AEA90506-2D6E-4DA7-8E8E-73B18B1F6819}.Release|x64.Build.0 = Release|x64
		{AEA90506-2D6E-4DA7-8E8E-73B18B1F6819}.Release|x86.ActiveCfg = Release|Win32
		{AEA90506-2D6E-4DA7-8E8E-73B18B1F6819}.Release|x86.Build.0 = Release|Win32
		{695FEEB9-4B9B-41B5-A8E3-5F2D0729464D}.Debug|x64.ActiveCfg = Debug|x64
		{695FEEB9-4B9B-41B5-A8E3-5F2D0729464D}.Debug|x64.Build.0 = Debug|x64
		{695FEEB9-4B9B-41B5-A8E3-5F2D0729464D}.Debug|x86.ActiveCfg = Debug|Win32
		{695FEEB9-4B9B-41B5-A8E3-5F2D0729464D}.Debug|x86.Build.0 = Debug|Win32
		{695FEEB9-4B9B-41B5-A8E3-5F2D0729464D}.Release|x64.ActiveCfg = Release|x64
		{695FEEB9-4B9B-41B5-A8E3-5F2D0729464D}.Release|x64.Build.0 = Release|x64
		{695FEEB9-4B9B-41B5-A8E3-5F2D0729464D}.Release|x86.ActiveCfg = Release|Win32
		{695FEEB9-4B9B-41B5-A8E3-5F2D0729464D}.Release|x86.Build.0 = Release|Win32
		{0CD0823E-9C0D-4969-B2B6-0BF57FF36A8D}.Debug|x64.ActiveCfg = Debug|x64
		{0CD0823E-9C0D-4969-B2B6-0BF57FF36A8D}.Debug|x64.Build.0 = Debug|x64
		{0CD0823E-9C0D-4969-B2B6-0BF57FF36A8D}.Debug|x86.ActiveCfg = Debug|Win32
		{0CD0823E-9C0D-4969-B2B6-0BF57FF36A8D}.Debug|x86.Build.0 = Debug|Win32
		{0CD0823E-9C0D-4969-B2B6-0BF57FF36A8D}.Release|x64.ActiveCfg = Release|x64
		{0CD0823E-9C0D-4969-B2B6-0BF57FF36A8D}.Release|x64.Build.0 = Release|x64
		{0CD0823E-9C0D-4969-B2B6-0BF57FF36A8D}.Release|x86.ActiveCfg = Release|Win32
		{0CD0823E-9C0D-4969-B2B6-0BF57FF36A8D}.Release|x86.Build.0 = Release|Win32
		{08BDC498-BC28-47E0-8AA0-2EC70C21B880}.Debug|x64.ActiveCfg = Debug|x64
		{08BDC498-BC28-47E0-8AA0-2EC70C21B880}.Debug|x64.Build.0 = Debug|x64
		{08BDC498-BC28-47E0-8AA0-2EC70C21B880}.Debug|x86.ActiveCfg = Debug|Win32
		{08BDC498-BC28-47E0-8AA0-2EC70C21B880}.Debug|x86.Build.0 = Debug|Win32
		{08BDC498-BC28-47E0-8AA0-2EC70C21B880}.Release|x64.ActiveCfg = Release|x64
		{08BDC498-BC28-47E0-8AA0-2EC70C21B880}.Release|x64.Build.0 = Release|x64
		{08BDC498-BC28-47E0-8AA0-2EC70C21B880}.Release|x86.ActiveCfg = Release|Win32
		{08BDC498-BC28-47E0-8AA0-2EC70C21B880}.Release|x86.Build.0 = Release|Win32
		{12AE1D1F-283F-4491-9EAB-C754F58BD2FE}.Debug|x64.ActiveCfg = Debug|x64
		{12AE1D1F-283F-4491-9EAB-C754F58BD2FE}.Debug|x64.Build.0 = Debug|x64
		{12AE1D1F-283F-4491-9EAB-C754F58BD2FE}.Debug|x86.ActiveCfg = Debug|Win32
		{12AE1D1F-283F-4491-9EAB-C754F58BD2FE}.Debug|x86.Build.0 = Debug|Win32
		{12AE1D1F-283F-4491-9EAB-C754F58BD2FE}.Release|x64.ActiveCfg = Release|x64
		{12AE1D1F-283F-4491-9EAB-C754F58BD2FE}.Release|x64.Build.0 = Release|x64
		{12AE1D1F-283F-4491-9EAB-C754F58BD2FE}.Release|x86.ActiveCfg = Release|Win32
		{12AE1D1F-283F-4491-9EAB-C754F58BD2FE}.Release|x86.Build.0 = Release|Win32
		{804B56CF-E92D-4901-89B7-AEB7A0AD86C6}.Debug|x64.ActiveCfg = Debug|x64
		{804B56CF-E92D-4901-89B7-AEB7A0AD86C6}.Debug|x64.Build.0 = Debug|x64
		{804B56CF-E92D-4901-89B7-AEB7A0AD86C6}.Debug|x86.ActiveCfg = Debug|Win32
		{804B56CF-E92D-4901-89B7-AEB7A0AD86C6}.Debug|x86.Build.0 = Debug|Win32
		{804B56CF-E92D-4901-89B7-AEB7A0AD86C6}.Release|x64.ActiveCfg = Release|x64
		{804B56CF-E92D-4901-89B7-AEB7A0AD86C6}.Release|x64.Build.0 = Release|x64
		{804B56CF-E92D-4901-89B7-AEB7A0AD86C6}.Release|x86.ActiveCfg = Release|Win32
		{804B56CF-E92D-4901-89B7-AEB7A0AD86C6}.Release|x86.Build.0 = Release|Win32
		{669AA3D0-E8C1-4CFD-9E7A-8BD7CEFCF25E}.Debug|x64.ActiveCfg = Debug|x64
		{669AA3D0-E8C1-4CFD-9E7A-8BD7CEFCF25E}.Debug|x64.Build.0 = Debug|x64
		{669AA3D0-E8C1-4CFD-9E7A-8BD7CEFCF25E}.Debug|x86.ActiveCfg = Debug|Win32
		{669AA3D0-E8C1-4CFD-9E7A-8BD7CEFCF25E}.Debug|x86.Build.0 = Debug|Win32
		{669AA3D0-E8C1-4CFD-9E7A-8BD7CEFCF25E}.Release|x64.ActiveCfg = Release|x64
		{669AA3D0-E8C1-4CFD-9E7A-8BD7CEFCF25E}.Release|x64.Build.0 = Release|x64
		{669AA3D0-E8C1-4CFD-9E7A-8BD7CEFCF25E}.Release|x86.ActiveCfg = Release|Win32
		{669AA3D0-E8C1-4CFD-9E7A-8BD7CEFCF25E}.Release|x86.Build.0 = Release|Win32
		{8855FADF-AD62-4953-9992-8855093A2FDA}.Debug|x64.ActiveCfg = Debug|x64
		{8855FADF-AD62-4953-9992-8855093A2FDA}.Debug|x64.Build.0 = Debug|x64
		{8855FADF-AD62-4953-9992-8855093A2FDA}.Debug|x86.ActiveCfg = Debug|Win32
		{8855FADF-AD62-4953-9992-8855093A2FDA}.Debug|x86.Build.0 = Debug|Win32
		{8855FADF-AD62-4953-9992-8855093A2FDA}.Release|x64.ActiveCfg = Release|x64
		{8855FADF-AD62-4953-9992-8855093A2FDA}.Release|x64.Build.0 = Release|x64
		{8855FADF-AD62-4953-9992-8855093A2FDA}.Release|x86.ActiveCfg = Release|Win32
		{8855FADF-AD62-4953-9992-8855093A2FDA}.Release|x86.Build.0 = Release|Win32
		{F05FDF97-D52F-47D4-8253-0B80F56C9B1B}.Debug|x64.ActiveCfg = Debug|x64
		{F05FDF97-D52F-47D4-8253-0B80F56C9B1B}.Debug|x64.Build.0 = Debug|x64
		{F05FDF97-D52F-47D4-8253-0B80F56C9B1B}.Debug|x86.ActiveCfg = Debug|Win32
		{F05FDF97-D52F-47D4-8253-0B80F56C9B1B}.Debug|x86.Build.0 = Debug|Win32
		{F05FDF97-D52F-47D4-8253-0B80F56C9B1B}.Release|x64.ActiveCfg = Release|x64
		{F05FDF97-D52F-47D4-8253-0B80F56C9B1B}.Release|x64.Build.0 = Release|x64
		{F05FDF97-D52F-47D4-8253-0B80F56C9B1B}.Release|x86.ActiveCfg = Release|Win32
		{F05FDF97-D52F-47D4-8253-0B80F56C9B1B}.Release|x86.Build.0 = Release|Win32
		{DD94917B-BE5A-45AF-8693-4AB344A948BE}.Debug|x64.ActiveCfg = Debug|x64
		{DD94917B-BE5A-45AF-8693-4AB344A948BE}.Debug|x64.Build.0 = Debug|x64
		{DD94917B-BE5A-45AF-8693-4AB344A948BE}.Debug|x86.ActiveCfg = Debug|Win32
		{DD94917B-BE5A-45AF-8693-4AB344A948BE}.Debug|x86.Build.0 = Debug|Win32
		{DD94917B-BE5A-45AF-8693-4AB344A948BE}.Release|x64.ActiveCfg = Release|x64
		{DD94917B-BE5A-45AF-8693-4AB344A948BE}.Release|x64.Build.0 = Release|x64
		{DD94917B-BE5A-45AF-8693-4AB344A948BE}.Release|x86.ActiveCfg = Release|Win32
		{DD94917B-BE5A-45AF-8693-4AB344A948BE}.Release|x86.Build.0 = Release|Win32
		{B3AD2A9E-9EF3-478E-BEF3-FBE3BE036585}.Debug|x64.ActiveCfg = Debug|x64
		{B3AD2A9E-9EF3-478E-BEF3-FBE3BE036585}.Debug|x64.Build.0 = Debug|x64
		{B3AD2A9E-9EF3-478E-BEF3-FBE3BE036585}.Debug|x86.ActiveCfg = Debug|Win32
		{B3AD2A9E-9EF3-478E-BEF3-FBE3BE036585}.Debug|x86.Build.0 = Debug|Win32
		{B3AD2A9E-9EF3-478E-BEF3-FBE3BE036585}.Release|x64.ActiveCfg = Release|x64
		{B3AD2A9E-9EF3-478E-BEF3-FBE3BE036585}.Release|x64.Build.0 = Release|x64
		{B3AD2A9E-9EF3-478E-BEF3-FBE3BE036585}.Release|x86.ActiveCfg = Release|Win32
		{B3AD2A9E-9EF3-478E-BEF3-FBE3BE036585}.Release|x86.Build.0 = Release|Win32
		{79A9FBD1-8D19-45EE-A07F-A7A19D5C28FF}.Debug|x64.ActiveCfg = Debug|x64
		{79A9FBD1-8D19-45EE-A07F-A7A19D5C28FF}.Debug|x64.Build.0 = Debug|x64
		{79A9FBD1-8D19-45EE-A07F-A7A19D5C28FF}.Debug|x86.ActiveCfg = Debug|Win32
		{79A9FBD1-8D19-45EE-A07F-A7A19D5C28FF}.Debug|x86.Build.0 = Debug|Win32
		{79A9FBD1-8D19-45EE-A07F-A7A19D5C28FF}.Release|x64.ActiveCfg = Release|x64
		{79A9FBD1-8D19-45EE-A07F-A7A19D5C28FF}.Release|x64.Build.0 = Release|x64
		{79A9FBD1-8D19-45EE-A07F-A7A19D5C28FF}.Release|x86.ActiveCfg = Release|Win32
		{79A9FBD1-8D19-45EE-A07F-A7A19D5C28FF}.Release|x86.Build.0 = Release|Win32
		{87BC753A-296F-4FD0-90E7-648ABD77A7E9}.Debug|x64.ActiveCfg = Debug|x64
		{87BC753A-296F-4FD0-90E7-648ABD77A7E9}.Debug|x64.Build.0 = Debug|x64
		{87BC753A-296F-4FD0-90E7-648ABD77A7E9}.Debug|x86.ActiveCfg = Debug|Win32
		{87BC753A-296F-4FD0-90E7-648ABD77A7E9}.Debug|x86.Build.0 = Debug|Win32
		{87BC753A-296F-4FD0-90E7-648ABD77A7E9}.Release|x64.ActiveCfg = Release|x64
		{87BC753A-296F-4FD0-90E7-648ABD77A7E9}.Release|x64.Build.0 = Release|x64
		{87BC753A-296F-4FD0-90E7-648ABD77A7E9}.Release|x86.ActiveCfg = Release|Win32
		{87BC753A-296F-4FD0-90E7-648ABD77A7E9}.Release|x86.Build.0 = Release|Win32
		{F7050482-FDE9-4663-A500-E76B7BB93121}.Debug|x64.ActiveCfg = Debug|x64
		{F7050482-FDE9-4663-A500-E76B7BB93121}.Debug|x64.Build.0 = Debug|x64
		{F7050482-FDE9-4663-A500-E76B7BB93121}.Debug|x86.ActiveCfg = Debug|Win32
		{F7050482-FDE9-4663-A500-E76B7BB93121}.Debug|x86.Build.0 = Debug|Win32
		{F7050482-FDE9-4663-A500-E76B7BB93121}.Release|x64.ActiveCfg = Release|x64
		{F7050482-FDE9-4663-A500-E76B7BB93121}.Release|x64.Build.0 = Release|x64
		{F7050482-FDE9-4663-A500-E76B7BB93121}.Release|x86.ActiveCfg = Release|Win32
		{F7050482-FDE9-4663-A500-E76B7BB93121}.Release|x86.Build.0 = Release|Win32
		{5DCBD289-9D15-473B-8860-EA58C6036F75}.Debug|x64.ActiveCfg = Debug|x64
		{5DCBD289-9D15-473B-8860-EA58C6036F75}.Debug|x64.Build.0 = Debug|x64
		{5DCBD289-9D15-473B-8860-EA58C6036F75}.Debug|x86.ActiveCfg = Debug|Win32
		{5DCBD289-9D15-473B-8860-EA58C6036F75}.Debug|x86.Build.0 = Debug|Win32
		{5DCBD289-9D15-473B-8860-EA58C6036F75}.Release|x64.ActiveCfg = Release|x64
		{5DCBD289-9D15-473B-8860-EA58C6036F75}.Release|x64.Build.0 = Release|x64
		{5DCBD289-9D15-473B-8860-EA58C6036F75}.Release|x86.ActiveCfg = Release|Win32
		{5DCBD289-9D15-473B-8860-EA58C6036F75}.Release|x86.Build.0 = Release|Win32
		{C26EEB0C-5B73-448B-AC52-ABAA2C0EC5DD}.Debug|x64.ActiveCfg = Debug|x64
		{C26EEB0C-5B73-448B-AC52-ABAA2C0EC5DD}.Debug|x64.Build.0 = Debug|x64
		{C26EEB0C-5B73-448B-AC52-ABAA2C0EC5DD}.Debug|x86.ActiveCfg = Debug|Win32
		{C26EEB0C-5B73-448B-AC52-ABAA2C0EC5DD}.Debug|x86.Build.0 = Debug|Win32
		{C26EEB0C-5B73-448B-AC52-ABAA2C0EC5DD}.Release|x64.ActiveCfg = Release|x64
		{C26EEB0C-5B73-448B-AC52-ABAA2C0EC5DD}.Release|x64.Build.0 = Release|x64
		{C26EEB0C-5B73-448B-AC52-ABAA2C0EC5DD}.Release|x86.ActiveCfg = Release|Win32
		{C26EEB0C-5B73-448B-AC52-ABAA2C0EC5DD}.Release|x86.Build.0 = Release|Win32
		{FCFD35A0-A6A5-44D2-8B38-C97596465DC2}.Debug|x64.ActiveCfg = Debug|x64
		{FCFD35A0-A6A5-44D2-8B38-C97596465DC2}.Debug|x64.Build.0 = Debug|x64
		{FCFD35A0-A6A5-44D2-8B38-C97596465DC2}.Debug|x86.ActiveCfg = Debug|Win32
		{FCFD35A0-A6A5-44D2-8B38-C97596465DC2}.Debug|x86.Build.0 = Debug|Win32
		{FCFD35A0-A6A5-44D2-8B38-C97596465DC2}.Release|x64.ActiveCfg = Release|x64
		{FCFD35A0-A6A5-44D2-8B38-C97596465DC2}.Release|x64.Build.0 = Release|x64
		{FCFD35A0-A6A5-44D2-8B38-C97596465DC2}.Release|x86.ActiveCfg = Release|Win32
		{FCFD35A0-A6A5-44D2-8B38-C97596465DC2}.Release|x86.Build.0 = Release|Win32
		{1607A4DB-6C48-4D29-8C9D-E39F4C6891AD}.Debug|x64.ActiveCfg = Debug|x64
		{1607A4DB-6C48-4D29-8C9D-E39F4C6891AD}.Debug|x64.Build.0 = Debug|x64
		{1607A4DB-6C48-4D29-8C9D-E39F4C6891AD}.Debug|x86.ActiveCfg = Debug|Win32
		{1607A4DB-6C48-4D29-8C9D-E39F4C6891AD}.Debug|x86.Build.0 = Debug|Win32
		{1607A4DB-6C48-4D29-8C9D-E39F4C6891AD}.Release|x64.ActiveCfg = Release|x64
		{1607A4DB-6C48-4D29-8C9D-E39F4C6891AD}.Release|x64.Build.0 = Release|x64
		{1607A4DB-6C48-4D29-8C9D-E39F4C6891AD}.Release|x86.ActiveCfg = Release|Win32
		{1607A4DB-6C48-4D29-8C9D-E39F4C6891AD}.Release|x86.Build.0 = Release|Win32
		{3D971CE3-2FFF-4C84-818E-5A3A66F94F73}.Debug|x64.ActiveCfg = Debug|x64
		{3D971CE3-2FFF-4C84-818E-5A3A66F94F73}.Debug|x64.Build.0 = Debug|x64
		{3D971CE3-2FFF-4C84-818E-5A3A66F94F73}.Debug|x86.ActiveCfg = Debug|Win32
		{3D971CE3-2FFF-4C84-818E-5A3A66F94F73}.Debug|x86.Build.0 = Debug|Win32
		{3D971CE3-2FFF-4C84-818E-5A3A66F94F73}.Release|x64.ActiveCfg = Release|x64
		{3D971CE3-2FFF-4C84-818E-5A3A66F94F73}.Release|x64.Build.0 = Release|x64
		{3D971CE3-2FFF-4C84-818E-5A3A66F94F73}.Release|x86.ActiveCfg = Release|Win32
		{3D971CE3-2FFF-4C84-818E-5A3A66F94F73}.Release|x86.Build.0 = Release|Win32
		{F8B93CEB-5FD9-4E50-8BA2-F0B997AC6BBB}.Debug|x64.ActiveCfg = Debug|x64
		{F8B93CEB-5FD9-4E50-8BA2-F0B997AC6BBB}.Debug|x64.Build.0 = Debug|x64
		{F8B93CEB-5FD9-4E50-8BA2-F0B997AC6BBB}.Debug|x86.ActiveCfg = Debug|Win32
		{F8B93CEB-5FD9-4E50-8BA2-F0B997AC6BBB}.Debug|x86.Build.0 = Debug|Win32
		{F8B93CEB-5FD9-4E50-8BA2-F0B997AC6BBB}.Release|x64.ActiveCfg = Release|x64
		{F8B93CEB-5FD9-4E50-8BA2-F0B997AC6BBB}.Release|x64.Build.0 = Release|x64
		{F8B93CEB-5FD9-4E50-8BA2-F0B997AC6BBB}.Release|x86.ActiveCfg = Release|Win32
		{F8B93CEB-5FD9-4E50-8BA2-F0B997AC6BBB}.Release|x86.Build.0 = Release|Win32
		{C2301115-7064-4213-85C3-1A890745D94D}.Debug|x64.ActiveCfg = Debug|x64
		{C2301115-7064-4213-85C3-1A890745D94D}.Debug|x64.Build.0 = Debug|x64
		{C2301115-7064-4213-85C3-1A890745D94D}.Debug|x86.ActiveCfg = Debug|Win32
		{C2301115-7064-4213-85C3-1A890745D94D}.Debug|x86.Build.0 = Debug|Win32
		{C2301115-7064-4213-85C3-1A890745D94D}.Release|x64.ActiveCfg = Release|x64
		{C2301115-7064-4213-85C3-1A890745D94D}.Release|x64.Build.0 = Release|x64
		{C2301115-7064-4213-85C3-1A890745D94D}.Release|x86.ActiveCfg = Release|Win32
		{C2301115-7064-4213-85C3-1A890745D94D}.Release|x86.Build.0 = Release|Win32
		{B537C21A-EB8A-4794-B3F1-8C4DE1A6B581}.Debug|x64.ActiveCfg = Debug|x64
		{B537C21A-EB8A-4794-B3F1-8C4DE1A6B581}.Debug|x64.Build.0 = Debug|x64
		{B537C21A-EB8A-4794-B3F1-8C4DE1A6B581}.Debug|x86.ActiveCfg = Debug|Win32
		{B537C21A-EB8A-4794-B3F1-8C4DE1A6B581}.Debug|x86.Build.0 = Debug|Win32
		{B537C21A-EB8A-4794-B3F1-8C4DE1A6B581}.Release|x64.ActiveCfg = Release|x64
		{B537C21A-EB8A-4794-B3F1-8C4DE1A6B581}.Release|x64.Build.0 = Release|x64
		{B537C21A-EB8A-4794-B3F1-8C4DE1A6B581}.Release|x86.ActiveCfg = Release|Win32
		{B537C21A-EB8A-4794-B3F1-8C4DE1A6B581}.Release|x86.Build.0 = Release|Win32
		{7A660BFA-C127-45A0-8805-9C357A9FB315}.Debug|x64.ActiveCfg = Debug|x64
		{7A660BFA-C127-45A0-8805-9C357A9FB315}.Debug|x64.Build.0 = Debug|x64
		{7A660BFA-C127-45A0-8805-9C357A9FB315}.Debug|x86.ActiveCfg = Debug|Win32
		{7A660BFA-C127-45A0-8805-9C357A9FB315}.Debug|x86.Build.0 = Debug|Win32
		{7A660BFA-C127-45A0-8805-9C357A9FB315}.Release|x64.ActiveCfg = Release|x64
		{7A660BFA-C127-45A0-8805-9C357A9FB315}.Release|x64.Build.0 = Release|x64
		{7A660BFA-C127-45A0-8805-9C357A9FB315}.Release|x86.ActiveCfg = Release|Win32
		{7A660BFA-C127-45A0-8805-9C357A9FB315}.Release|x86.Build.0 = Release|Win32
		{9080D2BB-CC64-4077-895D-DBC2FD398772}.Debug|x64.ActiveCfg = Debug|x64
		{9080D2BB-CC64-4077-895D-DBC2FD398772}.Debug|x64.Build.0 = Debug|x64
		{9080D2BB-CC64-4077-895D-DBC2FD398772}.Debug|x86.ActiveCfg = Debug|Win32
		{9080D2BB-CC64-4077-895D-DBC2FD398772}.Debug|x86.Build.0 = Debug|Win32
		{9080D2BB-CC64-4077-895D-DBC2FD398772}.Release|x64.ActiveCfg = Release|x64
		{9080D2BB-CC64-4077-895D-DBC2FD398772}.Release|x64.Build.0 = Release|x64
		{9080D2BB-CC64-4077-895D-DBC2FD398772}.Release|x86.ActiveCfg = Release|Win32
		{9080D2BB-CC64-4077-895D-DBC2FD398772}.Release|x86.Build.0 = Release|Win32
		{9959D0F8-6936-46AB-AD4C-3B6C58FCDABD}.Debug|x64.ActiveCfg = Debug|x64
		{9959D0F8-6936-46AB-AD4C-3B6C58FCDABD}.Debug|x64.Build.0 = Debug|x64
		{9959D0F8-6936-46AB-AD4C-3B6C58FCDABD}.Debug|x86.ActiveCfg = Debug|Win32
		{9959D0F8-6936-46AB-AD4C-3B6C58FCDABD}.Debug|x86.Build.0 = Debug|Win32
		{9959D0F8-6936-46AB-AD4C-3B6C58FCDABD}.Release|x64.ActiveCfg = Release|x64
		{9959D0F8-6936-46AB-AD4C-3B6C58FCDABD}.Release|x64.Build.0 = Release|x64
		{9959D0F8-6936-46AB-AD4C-3B6C58FCDABD}.Release|x86.ActiveCfg = Release|Win32
		{9959D0F8-6936-46AB-AD4C-3B6C58FCDABD}.Release|x86.Build.0 = Release|Win32
		{C52E4699-C246-4F36-992E-B5C1647A0605}.Debug|x64.ActiveCfg = Debug|x64
		{C52E4699-C246-4F36-992E-B5C1647A0605}.Debug|x64.Build.0 = Debug|x64
		{C52E4699-C246-4F36-992E-B5C1647A0605}.Debug|x86.ActiveCfg = Debug|Win32
		{C52E4699-C246-4F36-992E-B5C1647A0605}.Debug|x86.Build.0 = Debug|Win32
		{C52E4699-C246-4F36-992E-B5C1647A0605}.Release|x64.ActiveCfg = Release|x64
		{C52E4699-C246-4F36-992E-B5C1647A0605}.Release|x64.Build.0 = Release|x64
		{C52E4699-C246-4F36-992E-B5C1647A0605}.Release|x86.ActiveCfg = Release|Win32
		{C52E4699-C246-4F36-992E-B5C1647A0605}.Release|x86.Build.0 = Release|Win32
		{BDCBED84-2E6F-4516-BCDF-57561C8E3A70}.Debug|x64.ActiveCfg = Debug|x64
		{BDCBED84-2E6F-4516-BCDF-57561C8E3A70}.Debug|x64.Build.0 = Debug|x64
		{BDCBED84-2E6F-4516-BCDF-57561C8E3A70}.Debug|x86.ActiveCfg = Debug|Win32
		{BDCBED84-2E6F-4516-BCDF-57561C8E3A70}.Debug|x86.Build.0 = Debug|Win32
		{BDCBED84-2E6F-4516-BCDF-57561C8E3A70}.Release|x64.ActiveCfg = Release|x64
		{BDCBED84-2E6F-4516-BCDF-57561C8E3A70}.Release|x64.Build.0 = Release|x64
		{BDCBED84-2E6F-4516-BCDF-57561C8E3A70}.Release|x86.ActiveCfg = Release|Win32
		{BDCBED84-2E6F-4516-BCDF-57561C8E3A70}.Release|x86.Build.0 = Release|Win32
		{91CEF5B6-3482-4825-B08E-6B1A899B00FF}.Debug|x64.ActiveCfg = Debug|x64
		{91CEF5B6-3482-4825-B08E-6B1A899B00FF}.Debug|x64.Build.0 = Debug|x64
		{91CEF5B6-3482-4825-B08E-6B1A899B00FF}.Debug|x86.ActiveCfg = Debug|Win32
		{91CEF5B6-3482-4825-B08E-6B1A899B00FF}.Debug|x86.Build.0 = Debug|Win32
		{91CEF5B6-3482-4825-B08E-6B1A899B00FF}.Release|x64.ActiveCfg = Release|x64
		{91CEF5B6-3482-4825-B08E-6B1A899B00FF}.Release|x64.Build.0 = Release|x64
		{91CEF5B6-3482-4825-B08E-6B1A899B00FF}.Release|x86.ActiveCfg = Release|Win32
		{91CEF5B6-3482-4825-B08E-6B1A899B00FF}.Release|x86.Build.0 = Release|Win32
		{AFFF2966-94AF-4BC5-9862-97DBD6192EAC}.Debug|x64.ActiveCfg = Debug|x64
		{AFFF2966-94AF-4BC5-9862-97DBD6192EAC}.Debug|x64.Build.0 = Debug|x64
		{AFFF2966-94AF-4BC5-9862-97DBD6192EAC}.Debug|x86.ActiveCfg = Debug|Win32
		{AFFF2966-94AF-4BC5-9862-97DBD6192EAC}.Debug|x86.Build.0 = Debug|Win32
		{AFFF2966-94AF-4BC5-9862-97DBD6192EAC}.Release|x64.ActiveCfg = Release|x64
		{AFFF2966-94AF-4BC5-9862-97DBD6192EAC}.Release|x64.Build.0 = Release|x64
		{AFFF2966-94AF-4BC5-9862-97DBD6192EAC}.Release|x86.ActiveCfg = Release|Win32
		{AFFF2966-94AF-4BC5-9862-97DBD6192EAC}.Release|x86.Build.0 = Release|Win32
		{28B2D5A3-FB44-4AD5-98A4-0C5373CF01A1}.Debug|x64.ActiveCfg = Debug|x64
		{28B2D5A3-FB44-4AD5-98A4-0C5373CF01A1}.Debug|x64.Build.0 = Debug|x64
		{28B2D5A3-FB44-4AD5-98A4-0C5373CF01A1}.Debug|x86.ActiveCfg = Debug|Win32
		{28B2D5A3-FB44-4AD5-98A4-0C5373CF01A1}.Debug|x86.Build.0 = Debug|Win32
		{28B2D5A3-FB44-4AD5-98A4-0C5373CF01A1}.Release|x64.ActiveCfg = Release|x64
		{28B2D5A3-FB44-4AD5-98A4-0C5373CF01A1}.Release|x64.Build.0 = Release|x64
		{28B2D5A3-FB44-4AD5-98A4-0C5373CF01A1}.Release|x86.ActiveCfg = Release|Win32
		{28B2D5A3-FB44-4AD5-98A4-0C5373CF01A1}.Release|x86.Build.0 = Release|Win32
		{39F6F4C9-140A-4D8A-9B5D-12CF91C2130C}.Debug|x64.ActiveCfg = Debug|x64
		{39F6F4C9-140A-4D8A-9B5D-12CF91C2130C}.Debug|x64.Build.0 = Debug|x64
		{39F6F4C9-140A-4D8A-9B5D-12CF91C2130C}.Debug|x86.ActiveCfg = Debug|Win32
		{39F6F4C9-140A-4D8A-9B5D-12CF91C2130C}.Debug|x86.Build.0 = Debug|Win32
		{39F6F4C9-140A-4D8A-9B5D-12CF91C2130C}.Release|x64.ActiveCfg = Release|x64
		{39F6F4C9-140A-4D8A-9B5D-12CF91C2130C}.Release|x64.Build.0 = Release|x64
		{39F6F4C9-140A-4D8A-9B5D-12CF91C2130C}.Release|x86.ActiveCfg = Release|Win32
		{39F6F4C9-140A-4D8A-9B5D-12CF91C2130C}.Release|x86.Build.0 = Release|Win32
		{1C78BA45-DF48-4A0B-8549-674F627FE64E}.Debug|x64.ActiveCfg = Debug|x64
		{1C78BA45-DF48-4A0B-8549-674F627FE64E}.Debug|x64.Build.0 = Debug|x64
		{1C78BA45-DF48-4A0B-8549-674F627FE64E}.Debug|x86.ActiveCfg = Debug|Win32
		{1C78BA45-DF48-4A0B-8549-674F627FE64E}.Debug|x86.Build.0 = Debug|Win32
		{1C78BA45-DF48-4A0B-8549-674F627FE64E}.Release|x64.ActiveCfg = Release|x64
		{1C78BA45-DF48-4A0B-8549-674F627FE64E}.Release|x64.Build.0 = Release|x64
		{1C78BA45-DF48-4A0B-8549-674F627FE64E}.Release|x86.ActiveCfg = Release|Win32
		{1C78BA45-DF48-4A0B-8549-674F627FE64E}.Release|x86.Build.0 = Release|Win32
		{4310C6C6-A195-4B7A-A08F-935E3843DFA8}.Debug|x64.ActiveCfg = Debug|x64
		{4310C6C6-A195-4B7A-A08F-935E3843DFA8}.Debug|x64.Build.0 = Debug|x64
		{4310C6C6-A195-4B7A-A08F-935E3843DFA8}.Debug|x86.ActiveCfg = Debug|Win32
		{4310C6C6-A195-4B7A-A08F-935E3843DFA8}.Debug|x86.Build.0 = Debug|Win32
		{4310C6C6-A195-4B7A-A08F-935E3843DFA8}.Release|x64.ActiveCfg = Release|x64
		{4310C6C6-A195-4B7A-A08F-935E3843DFA8}.Release|x64.Build.0 = Release|x64
		{4310C6C6-A195-4B7A-A08F-935E3843DFA8}.Release|x86.ActiveCfg = Release|Win32
		{4310C6C6-A195-4B7A-A08F-935E3843DFA8}.Release|x86.Build.0 = Release|Win32
		{1CF49321-9EC6-4182-BE2D-5A226BCC01E1}.Debug|x64.ActiveCfg = Debug|x64
		{1CF49321-9EC6-4182-BE2D-5A226BCC01E1}.Debug|x64.Build.0 = Debug|x64
		{1CF49321-9EC6-4182-BE2D-5A226BCC01E1}.Debug|x86.ActiveCfg = Debug|Win32
		{1CF49321-9EC6-4182-BE2D-5A226BCC01E1}.Debug|x86.Build.0 = Debug|Win32
		{1CF49321-9EC6-4182-BE2D-5A226BCC01E1}.Release|x64.ActiveCfg = Release|x64
		{1CF49321-9EC6-4182-BE2D-5A226BCC01E1}.Release|x64.Build.0 = Release|x64
		{1CF49321-9EC6-4182-BE2D-5A226BCC01E1}.Release|x86.ActiveCfg = Release|Win32
		{1CF49321-9EC6-4182-BE2D-5A226BCC01E1}.Release|x86.Build.0 = Release|Win32
		{6FCA3CC1-CF2B-4C3B-876F-40294287ECB3}.Debug|x64.ActiveCfg = Debug|x64
		{6FCA3CC1-CF2B-4C3B-876F-40294287ECB3}.Debug|x64.Build.0 = Debug|x64
		{6FCA3CC1-CF2B-4C3B-876F-40294287ECB3}.Debug|x86.ActiveCfg = Debug|Win32
		{6FCA3CC1-CF2B-4C3B-876F-40294287ECB3}.Debug|x86.Build.0 = Debug|Win32
		{6FCA3CC1-CF2B-4C3B-876F-40294287ECB3}.Release|x64.ActiveCfg = Release|x64
		{6FCA3CC1-CF2B-4C3B-876F-40294287ECB3}.Release|x64.Build.0 = Release|x64
		{6FCA3CC1-CF2B-4C3B-876F-40294287ECB3}.Release|x86.ActiveCfg = Release|Win32
		{6FCA3CC1-CF2B-4C3B-876F-40294287ECB3}.Release|x86.Build.0 = Release|Win32
		{999E3A8B-D35F-40E5-879B-4B047FA390E5}.Debug|x64.ActiveCfg = Debug|x64
		{999E3A8B-D35F-40E5-879B-4B047FA390E5}.Debug|x64.Build.0 = Debug|x64
		{999E3A8B-D35F-40E5-879B-4B047FA390E5}.Debug|x86.ActiveCfg = Debug|Win32
		{999E3A8B-D35F-40E5-879B-4B047FA390E5}.Debug|x86.Build.0 = Debug|Win32
		{999E3A8B-D35F-40E5-879B-4B047FA390E5}.Release|x64.ActiveCfg = Release|x64
		{999E3A8B-D35F-40E5-879B-4B047FA390E5}.Release|x64.Build.0 = Release|x64
		{999E3A8B-D35F-40E5-879B-4B047FA390E5}.Release|x86.ActiveCfg = Release|Win32
		{999E3A8B-D35F-40E5-879B-4B047FA390E5}.Release|x86.Build.0 = Release|Win32
		{97BF7CF8-8D5E-4024-A483-F272FB2D7FEA}.Debug|x64.ActiveCfg = Debug|x64
		{97BF7CF8-8D5E-4024-A483-F272FB2D7FEA}.Debug|x64.Build.0 = Debug|x64
		{97BF7CF8-8D5E-4024-A483-F272FB2D7FEA}.Debug|x86.ActiveCfg = Debug|Win32
		{97BF7CF8-8D5E-4024-A483-F272FB2D7FEA}.Debug|x86.Build.0 = Debug|Win32
		{97BF7CF8-8D5E-4024-A483-F272FB2D7FEA}.Release|x64.ActiveCfg = Release|x64
		{97BF7CF8-8D5E-4024-A483-F272FB2D7FEA}.Release|x64.Build.0 = Release|x64
		{97BF7CF8-8D5E-4024-A483-F272FB2D7FEA}.Release|x86.ActiveCfg = Release|Win32
		{97BF7CF8-8D5E-4024-A483-F272FB2D7FEA}.Release|x86.Build.0 = Release|Win32
		{C62C9B61-C6AE-46D7-82F7-B7E0DB118F44}.Debug|x64.ActiveCfg = Debug|x64
		{C62C9B61-C6AE-46D7-82F7-B7E0DB118F44}.Debug|x64.Build.0 = Debug|x64
		{C62C9B61-C6AE-46D7-82F7-B7E0DB118F44}.Debug|x86.ActiveCfg = Debug|Win32
		{C62C9B61-C6AE-46D7-82F7-B7E0DB118F44}.Debug|x86.Build.0 = Debug|Win32
		{C62C9B61-C6AE-46D7-82F7-B7E0DB118F44}.Release|x64.ActiveCfg = Release|x64
		{C62C9B61-C6AE-46D7-82F7-B7E0DB118F44}.Release|x64.Build.0 = Release|x64
		{C62C9B61-C6AE-46D7-82F7-B7E0DB118F44}.Release|x86.ActiveCfg = Release|Win32
		{C62C9B61-C6AE-46D7-82F7-B7E0DB118F44}.Release|x86.Build.0 = Release|Win32
		{7F215673-20D6-4CE6-A5BA-C115B2F672B9}.Debug|x64.ActiveCfg = Debug|x64
		{7F215673-20D6-4CE6-A5BA-C115B2F672B9}.Debug|x64.Build.0 = Debug|x64
		{7F215673-20D6-4CE6-A5BA-C115B2F672B9}.Debug|x86.ActiveCfg = Debug|Win32
		{7F215673-20D6-4CE6-A5BA-C115B2F672B9}.Debug|x86.Build.0 = Debug|Win32
		{7F215673-20D6-4CE6-A5BA-C115B2F672B9}.Release|x64.ActiveCfg = Release|x64
		{7F215673-20D6-4CE6-A5BA-C115B2F672B9}.Release|x64.Build.0 = Release|x64
		{7F215673-20D6-4CE6-A5BA-C115B2F672B9}.Release|x86.ActiveCfg = Release|Win32
		{7F215673-20D6-4CE6-A5BA-C115B2F672B9}.Release|x86.Build.0 = Release|Win32
		{E7F20438-3023-4B57-A0B2-933F200B9921}.Debug|x64.ActiveCfg = Debug|x64
		{E7F20438-3023-4B57-A0B2-933F200B9921}.Debug|x64.Build.0 = Debug|x64
		{E7F20438-3023-4B57-A0B2-933F200B9921}.Debug|x86.ActiveCfg = Debug|Win32
		{E7F20438-3023-4B57-A0B2-933F200B9921}.Debug|x86.Build.0 = Debug|Win32
		{E7F20438-3023-4B57-A0B2-933F200B9921}.Release|x64.ActiveCfg = Release|x64
		{E7F20438-3023-4B57-A0B2-933F200B9921}.Release|x64.Build.0 = Release|x64
		{E7F20438-3023-4B57-A0B2-933F200B9921}.Release|x86.ActiveCfg = Release|Win32
		{E7F20438-3023-4B57-A0B2-933F200B9921}.Release|x86.Build.0 = Release|Win32
		{735D6DF3-1224-4D8D-AC16-1EACC7B61E81}.Debug|x64.ActiveCfg = Debug|x64
		{735D6DF3-1224-4D8D-AC16-1EACC7B61E81}.Debug|x64.Build.0 = Debug|x64
		{735D6DF3-1224-4D8D-AC16-1EACC7B61E81}.Debug|x86.ActiveCfg = Debug|Win32
		{735D6DF3-1224-4D8D-AC16-1EACC7B61E81}.Debug|x86.Build.0 = Debug|Win32
		{735D6DF3-1224-4D8D-AC16-1EACC7B61E81}.Release|x64.ActiveCfg = Release|x64
		{735D6DF3-1224-4D8D-AC16-1EACC7B61E81}.Release|x64.Build.0 = Release|x64
		{735D6DF3-1224-4D8D-AC16-1EACC7B61E81}.Release|x86.ActiveCfg = Release|Win32
		{735D6DF3-1224-4D8D-AC16-1EACC7B61E81}.Release|x86.Build.0 = Release|Win32
		{2BD85CE9-363B-44BB-AA3F-4A4F7F04199B}.Debug|x64.ActiveCfg = Debug|x64
		{2BD85CE9-363B-44BB-AA3F-4A4F7F04199B}.Debug|x64.Build.0 = Debug|x64
		{2BD85CE9-363B-44BB-AA3F-4A4F7F04199B}.Debug|x86.ActiveCfg = Debug|Win32
		{2BD85CE9-363B-44BB-AA3F-4A4F7F04199B}.Debug|x86.Build.0 = Debug|Win32
		{2BD85CE9-363B-44BB-AA3F-4A4F7F04199B}.Release|x64.ActiveCfg = Release|x64
		{2BD85CE9-363B-44BB-AA3F-4A4F7F04199B}.Release|x64.Build.0 = Release|x64
		{2BD85CE9-363B-44BB-AA3F-4A4F7F04199B}.Release|x86.ActiveCfg = Release|Win32
		{2BD85CE9-363B-44BB-AA3F-4A4F7F04199B}.Release|x86.Build.0 = Release|Win32
	EndGlobalSection
	GlobalSection(SolutionProperties) = preSolution
		HideSolutionNode = FALSE
	EndGlobalSection
EndGlobal
