
Microsoft Visual Studio Solution File, Format Version 12.00
# Visual Studio 15
VisualStudioVersion = 15.0.28307.852
MinimumVisualStudioVersion = 10.0.40219.1
Project("{8BC9CEB8-8B4A-11D0-8D11-00A0C91BC942}") = "组合的输出", "组合的输出\组合的输出.vcxproj", "{96760280-83ED-4F51-9803-33E125030581}"
EndProject
Project("{8BC9CEB8-8B4A-11D0-8D11-00A0C91BC942}") = "自然数的拆分", "自然数的拆分\自然数的拆分.vcxproj", "{38B36FB1-8F20-4780-84E6-35E81418025F}"
EndProject
Project("{8BC9CEB8-8B4A-11D0-8D11-00A0C91BC942}") = "八皇后", "八皇后\八皇后.vcxproj", "{F049E9ED-64E4-411B-AFA7-63A7234EF972}"
EndProject
Project("{8BC9CEB8-8B4A-11D0-8D11-00A0C91BC942}") = "LETTERS", "LETTERS\LETTERS.vcxproj", "{D9B10A43-E3B1-4369-B68F-4295ED297588}"
EndProject
Project("{8BC9CEB8-8B4A-11D0-8D11-00A0C91BC942}") = "八皇后变种", "八皇后变种\八皇后变种.vcxproj", "{0B5B4872-6C70-4755-BE2A-C919DE97DA3E}"
EndProject
Project("{8BC9CEB8-8B4A-11D0-8D11-00A0C91BC942}") = "迷宫", "Project1\Project1.vcxproj", "{F73D07A4-5359-46FC-91A8-605078B4C978}"
EndProject
Project("{8BC9CEB8-8B4A-11D0-8D11-00A0C91BC942}") = "红与黑", "红与黑\红与黑.vcxproj", "{6CA53157-9620-4E93-AA94-09E1D01803AE}"
EndProject
Project("{8BC9CEB8-8B4A-11D0-8D11-00A0C91BC942}") = "棋盘问题", "棋盘问题\棋盘问题.vcxproj", "{AB01CE3A-ECB7-48C4-B20C-4ADC12328C33}"
EndProject
Project("{8BC9CEB8-8B4A-11D0-8D11-00A0C91BC942}") = "取石子游戏", "取石子游戏\取石子游戏.vcxproj", "{C38217E0-3CB7-497F-91ED-9FF247AC1BD7}"
EndProject
Project("{8BC9CEB8-8B4A-11D0-8D11-00A0C91BC942}") = "马走日", "马走日\马走日.vcxproj", "{591BF602-2229-4B1B-B053-003563137A19}"
EndProject
Project("{8BC9CEB8-8B4A-11D0-8D11-00A0C91BC942}") = "单词接龙", "单词接龙\单词接龙.vcxproj", "{18593274-E456-4857-8BD1-A59CE3A3CD08}"
EndProject
Project("{8BC9CEB8-8B4A-11D0-8D11-00A0C91BC942}") = "分成互为质数", "分成互为质数\分成互为质数.vcxproj", "{BB786693-BD8A-422F-823A-99EE8925CFEE}"
EndProject
Project("{8BC9CEB8-8B4A-11D0-8D11-00A0C91BC942}") = "放苹果", "仿苹果\仿苹果.vcxproj", "{AA2B8692-B986-4C55-BBD8-80F2F357F888}"
EndProject
Global
	GlobalSection(SolutionConfigurationPlatforms) = preSolution
		Debug|x64 = Debug|x64
		Debug|x86 = Debug|x86
		Release|x64 = Release|x64
		Release|x86 = Release|x86
	EndGlobalSection
	GlobalSection(ProjectConfigurationPlatforms) = postSolution
		{96760280-83ED-4F51-9803-33E125030581}.Debug|x64.ActiveCfg = Debug|x64
		{96760280-83ED-4F51-9803-33E125030581}.Debug|x64.Build.0 = Debug|x64
		{96760280-83ED-4F51-9803-33E125030581}.Debug|x86.ActiveCfg = Debug|Win32
		{96760280-83ED-4F51-9803-33E125030581}.Debug|x86.Build.0 = Debug|Win32
		{96760280-83ED-4F51-9803-33E125030581}.Release|x64.ActiveCfg = Release|x64
		{96760280-83ED-4F51-9803-33E125030581}.Release|x64.Build.0 = Release|x64
		{96760280-83ED-4F51-9803-33E125030581}.Release|x86.ActiveCfg = Release|Win32
		{96760280-83ED-4F51-9803-33E125030581}.Release|x86.Build.0 = Release|Win32
		{38B36FB1-8F20-4780-84E6-35E81418025F}.Debug|x64.ActiveCfg = Debug|x64
		{38B36FB1-8F20-4780-84E6-35E81418025F}.Debug|x64.Build.0 = Debug|x64
		{38B36FB1-8F20-4780-84E6-35E81418025F}.Debug|x86.ActiveCfg = Debug|Win32
		{38B36FB1-8F20-4780-84E6-35E81418025F}.Debug|x86.Build.0 = Debug|Win32
		{38B36FB1-8F20-4780-84E6-35E81418025F}.Release|x64.ActiveCfg = Release|x64
		{38B36FB1-8F20-4780-84E6-35E81418025F}.Release|x64.Build.0 = Release|x64
		{38B36FB1-8F20-4780-84E6-35E81418025F}.Release|x86.ActiveCfg = Release|Win32
		{38B36FB1-8F20-4780-84E6-35E81418025F}.Release|x86.Build.0 = Release|Win32
		{F049E9ED-64E4-411B-AFA7-63A7234EF972}.Debug|x64.ActiveCfg = Debug|x64
		{F049E9ED-64E4-411B-AFA7-63A7234EF972}.Debug|x64.Build.0 = Debug|x64
		{F049E9ED-64E4-411B-AFA7-63A7234EF972}.Debug|x86.ActiveCfg = Debug|Win32
		{F049E9ED-64E4-411B-AFA7-63A7234EF972}.Debug|x86.Build.0 = Debug|Win32
		{F049E9ED-64E4-411B-AFA7-63A7234EF972}.Release|x64.ActiveCfg = Release|x64
		{F049E9ED-64E4-411B-AFA7-63A7234EF972}.Release|x64.Build.0 = Release|x64
		{F049E9ED-64E4-411B-AFA7-63A7234EF972}.Release|x86.ActiveCfg = Release|Win32
		{F049E9ED-64E4-411B-AFA7-63A7234EF972}.Release|x86.Build.0 = Release|Win32
		{D9B10A43-E3B1-4369-B68F-4295ED297588}.Debug|x64.ActiveCfg = Debug|x64
		{D9B10A43-E3B1-4369-B68F-4295ED297588}.Debug|x64.Build.0 = Debug|x64
		{D9B10A43-E3B1-4369-B68F-4295ED297588}.Debug|x86.ActiveCfg = Debug|Win32
		{D9B10A43-E3B1-4369-B68F-4295ED297588}.Debug|x86.Build.0 = Debug|Win32
		{D9B10A43-E3B1-4369-B68F-4295ED297588}.Release|x64.ActiveCfg = Release|x64
		{D9B10A43-E3B1-4369-B68F-4295ED297588}.Release|x64.Build.0 = Release|x64
		{D9B10A43-E3B1-4369-B68F-4295ED297588}.Release|x86.ActiveCfg = Release|Win32
		{D9B10A43-E3B1-4369-B68F-4295ED297588}.Release|x86.Build.0 = Release|Win32
		{0B5B4872-6C70-4755-BE2A-C919DE97DA3E}.Debug|x64.ActiveCfg = Debug|x64
		{0B5B4872-6C70-4755-BE2A-C919DE97DA3E}.Debug|x64.Build.0 = Debug|x64
		{0B5B4872-6C70-4755-BE2A-C919DE97DA3E}.Debug|x86.ActiveCfg = Debug|Win32
		{0B5B4872-6C70-4755-BE2A-C919DE97DA3E}.Debug|x86.Build.0 = Debug|Win32
		{0B5B4872-6C70-4755-BE2A-C919DE97DA3E}.Release|x64.ActiveCfg = Release|x64
		{0B5B4872-6C70-4755-BE2A-C919DE97DA3E}.Release|x64.Build.0 = Release|x64
		{0B5B4872-6C70-4755-BE2A-C919DE97DA3E}.Release|x86.ActiveCfg = Release|Win32
		{0B5B4872-6C70-4755-BE2A-C919DE97DA3E}.Release|x86.Build.0 = Release|Win32
		{F73D07A4-5359-46FC-91A8-605078B4C978}.Debug|x64.ActiveCfg = Debug|x64
		{F73D07A4-5359-46FC-91A8-605078B4C978}.Debug|x64.Build.0 = Debug|x64
		{F73D07A4-5359-46FC-91A8-605078B4C978}.Debug|x86.ActiveCfg = Debug|Win32
		{F73D07A4-5359-46FC-91A8-605078B4C978}.Debug|x86.Build.0 = Debug|Win32
		{F73D07A4-5359-46FC-91A8-605078B4C978}.Release|x64.ActiveCfg = Release|x64
		{F73D07A4-5359-46FC-91A8-605078B4C978}.Release|x64.Build.0 = Release|x64
		{F73D07A4-5359-46FC-91A8-605078B4C978}.Release|x86.ActiveCfg = Release|Win32
		{F73D07A4-5359-46FC-91A8-605078B4C978}.Release|x86.Build.0 = Release|Win32
		{6CA53157-9620-4E93-AA94-09E1D01803AE}.Debug|x64.ActiveCfg = Debug|x64
		{6CA53157-9620-4E93-AA94-09E1D01803AE}.Debug|x64.Build.0 = Debug|x64
		{6CA53157-9620-4E93-AA94-09E1D01803AE}.Debug|x86.ActiveCfg = Debug|Win32
		{6CA53157-9620-4E93-AA94-09E1D01803AE}.Debug|x86.Build.0 = Debug|Win32
		{6CA53157-9620-4E93-AA94-09E1D01803AE}.Release|x64.ActiveCfg = Release|x64
		{6CA53157-9620-4E93-AA94-09E1D01803AE}.Release|x64.Build.0 = Release|x64
		{6CA53157-9620-4E93-AA94-09E1D01803AE}.Release|x86.ActiveCfg = Release|Win32
		{6CA53157-9620-4E93-AA94-09E1D01803AE}.Release|x86.Build.0 = Release|Win32
		{AB01CE3A-ECB7-48C4-B20C-4ADC12328C33}.Debug|x64.ActiveCfg = Debug|x64
		{AB01CE3A-ECB7-48C4-B20C-4ADC12328C33}.Debug|x64.Build.0 = Debug|x64
		{AB01CE3A-ECB7-48C4-B20C-4ADC12328C33}.Debug|x86.ActiveCfg = Debug|Win32
		{AB01CE3A-ECB7-48C4-B20C-4ADC12328C33}.Debug|x86.Build.0 = Debug|Win32
		{AB01CE3A-ECB7-48C4-B20C-4ADC12328C33}.Release|x64.ActiveCfg = Release|x64
		{AB01CE3A-ECB7-48C4-B20C-4ADC12328C33}.Release|x64.Build.0 = Release|x64
		{AB01CE3A-ECB7-48C4-B20C-4ADC12328C33}.Release|x86.ActiveCfg = Release|Win32
		{AB01CE3A-ECB7-48C4-B20C-4ADC12328C33}.Release|x86.Build.0 = Release|Win32
		{C38217E0-3CB7-497F-91ED-9FF247AC1BD7}.Debug|x64.ActiveCfg = Debug|x64
		{C38217E0-3CB7-497F-91ED-9FF247AC1BD7}.Debug|x64.Build.0 = Debug|x64
		{C38217E0-3CB7-497F-91ED-9FF247AC1BD7}.Debug|x86.ActiveCfg = Debug|Win32
		{C38217E0-3CB7-497F-91ED-9FF247AC1BD7}.Debug|x86.Build.0 = Debug|Win32
		{C38217E0-3CB7-497F-91ED-9FF247AC1BD7}.Release|x64.ActiveCfg = Release|x64
		{C38217E0-3CB7-497F-91ED-9FF247AC1BD7}.Release|x64.Build.0 = Release|x64
		{C38217E0-3CB7-497F-91ED-9FF247AC1BD7}.Release|x86.ActiveCfg = Release|Win32
		{C38217E0-3CB7-497F-91ED-9FF247AC1BD7}.Release|x86.Build.0 = Release|Win32
		{591BF602-2229-4B1B-B053-003563137A19}.Debug|x64.ActiveCfg = Debug|x64
		{591BF602-2229-4B1B-B053-003563137A19}.Debug|x64.Build.0 = Debug|x64
		{591BF602-2229-4B1B-B053-003563137A19}.Debug|x86.ActiveCfg = Debug|Win32
		{591BF602-2229-4B1B-B053-003563137A19}.Debug|x86.Build.0 = Debug|Win32
		{591BF602-2229-4B1B-B053-003563137A19}.Release|x64.ActiveCfg = Release|x64
		{591BF602-2229-4B1B-B053-003563137A19}.Release|x64.Build.0 = Release|x64
		{591BF602-2229-4B1B-B053-003563137A19}.Release|x86.ActiveCfg = Release|Win32
		{591BF602-2229-4B1B-B053-003563137A19}.Release|x86.Build.0 = Release|Win32
		{18593274-E456-4857-8BD1-A59CE3A3CD08}.Debug|x64.ActiveCfg = Debug|x64
		{18593274-E456-4857-8BD1-A59CE3A3CD08}.Debug|x64.Build.0 = Debug|x64
		{18593274-E456-4857-8BD1-A59CE3A3CD08}.Debug|x86.ActiveCfg = Debug|Win32
		{18593274-E456-4857-8BD1-A59CE3A3CD08}.Debug|x86.Build.0 = Debug|Win32
		{18593274-E456-4857-8BD1-A59CE3A3CD08}.Release|x64.ActiveCfg = Release|x64
		{18593274-E456-4857-8BD1-A59CE3A3CD08}.Release|x64.Build.0 = Release|x64
		{18593274-E456-4857-8BD1-A59CE3A3CD08}.Release|x86.ActiveCfg = Release|Win32
		{18593274-E456-4857-8BD1-A59CE3A3CD08}.Release|x86.Build.0 = Release|Win32
		{BB786693-BD8A-422F-823A-99EE8925CFEE}.Debug|x64.ActiveCfg = Debug|x64
		{BB786693-BD8A-422F-823A-99EE8925CFEE}.Debug|x64.Build.0 = Debug|x64
		{BB786693-BD8A-422F-823A-99EE8925CFEE}.Debug|x86.ActiveCfg = Debug|Win32
		{BB786693-BD8A-422F-823A-99EE8925CFEE}.Debug|x86.Build.0 = Debug|Win32
		{BB786693-BD8A-422F-823A-99EE8925CFEE}.Release|x64.ActiveCfg = Release|x64
		{BB786693-BD8A-422F-823A-99EE8925CFEE}.Release|x64.Build.0 = Release|x64
		{BB786693-BD8A-422F-823A-99EE8925CFEE}.Release|x86.ActiveCfg = Release|Win32
		{BB786693-BD8A-422F-823A-99EE8925CFEE}.Release|x86.Build.0 = Release|Win32
		{AA2B8692-B986-4C55-BBD8-80F2F357F888}.Debug|x64.ActiveCfg = Debug|x64
		{AA2B8692-B986-4C55-BBD8-80F2F357F888}.Debug|x64.Build.0 = Debug|x64
		{AA2B8692-B986-4C55-BBD8-80F2F357F888}.Debug|x86.ActiveCfg = Debug|Win32
		{AA2B8692-B986-4C55-BBD8-80F2F357F888}.Debug|x86.Build.0 = Debug|Win32
		{AA2B8692-B986-4C55-BBD8-80F2F357F888}.Release|x64.ActiveCfg = Release|x64
		{AA2B8692-B986-4C55-BBD8-80F2F357F888}.Release|x64.Build.0 = Release|x64
		{AA2B8692-B986-4C55-BBD8-80F2F357F888}.Release|x86.ActiveCfg = Release|Win32
		{AA2B8692-B986-4C55-BBD8-80F2F357F888}.Release|x86.Build.0 = Release|Win32
	EndGlobalSection
	GlobalSection(SolutionProperties) = preSolution
		HideSolutionNode = FALSE
	EndGlobalSection
	GlobalSection(ExtensibilityGlobals) = postSolution
		SolutionGuid = {E15E0101-5CE1-4622-8D04-E80CBBD010E7}
	EndGlobalSection
EndGlobal
