
Microsoft Visual Studio Solution File, Format Version 12.00
# Visual Studio 2013
VisualStudioVersion = 12.0.21005.1
MinimumVisualStudioVersion = 10.0.40219.1
Project("{FAE04EC0-301F-11D3-BF4B-00C04F79EFBC}") = "符号图", "符号图\符号图.csproj", "{1251BA60-245C-4B0C-A168-DB732EAA8CC6}"
EndProject
Project("{FAE04EC0-301F-11D3-BF4B-00C04F79EFBC}") = "有向图", "有向图\有向图.csproj", "{BA62E1E2-0963-48D4-A40A-AAF3A73D3263}"
EndProject
Global
	GlobalSection(SolutionConfigurationPlatforms) = preSolution
		Debug|Any CPU = Debug|Any CPU
		Release|Any CPU = Release|Any CPU
	EndGlobalSection
	GlobalSection(ProjectConfigurationPlatforms) = postSolution
		{1251BA60-245C-4B0C-A168-DB732EAA8CC6}.Debug|Any CPU.ActiveCfg = Debug|Any CPU
		{1251BA60-245C-4B0C-A168-DB732EAA8CC6}.Debug|Any CPU.Build.0 = Debug|Any CPU
		{1251BA60-245C-4B0C-A168-DB732EAA8CC6}.Release|Any CPU.ActiveCfg = Release|Any CPU
		{1251BA60-245C-4B0C-A168-DB732EAA8CC6}.Release|Any CPU.Build.0 = Release|Any CPU
		{BA62E1E2-0963-48D4-A40A-AAF3A73D3263}.Debug|Any CPU.ActiveCfg = Debug|Any CPU
		{BA62E1E2-0963-48D4-A40A-AAF3A73D3263}.Debug|Any CPU.Build.0 = Debug|Any CPU
		{BA62E1E2-0963-48D4-A40A-AAF3A73D3263}.Release|Any CPU.ActiveCfg = Release|Any CPU
		{BA62E1E2-0963-48D4-A40A-AAF3A73D3263}.Release|Any CPU.Build.0 = Release|Any CPU
	EndGlobalSection
	GlobalSection(SolutionProperties) = preSolution
		HideSolutionNode = FALSE
	EndGlobalSection
EndGlobal
