
Microsoft Visual Studio Solution File, Format Version 12.00
# Visual Studio 14
VisualStudioVersion = 14.0.25420.1
MinimumVisualStudioVersion = 10.0.40219.1
Project("{8BC9CEB8-8B4A-11D0-8D11-00A0C91BC942}") = "TwoSum(Easy)", "TwoSum(Easy)\TwoSum(Easy).vcxproj", "{C3BFA0A9-9742-4190-B39C-0DFA3F482D9A}"
EndProject
Project("{8BC9CEB8-8B4A-11D0-8D11-00A0C91BC942}") = "Longest Substring Without Repeating Characters", "..\Longest Substring Without Repeating Characters\Longest Substring Without Repeating Characters.vcxproj", "{4B27EC0A-E77B-4283-A534-44640087589D}"
EndProject
Project("{8BC9CEB8-8B4A-11D0-8D11-00A0C91BC942}") = "Median of Two Sorted Arrays", "Median of Two Sorted Arrays\Median of Two Sorted Arrays.vcxproj", "{8B8204C4-AEBD-4143-B407-8792A36E5CAD}"
EndProject
Project("{8BC9CEB8-8B4A-11D0-8D11-00A0C91BC942}") = "Longest Palindromic Substring", "..\Longest Palindromic Substring\Longest Palindromic Substring.vcxproj", "{96AA887B-DA81-494A-8B61-2BEE9EDEC842}"
EndProject
Project("{8BC9CEB8-8B4A-11D0-8D11-00A0C91BC942}") = "ZigZag Conversion", "..\ZigZag Conversion\ZigZag Conversion.vcxproj", "{732AD2E9-B426-4FFE-B2FB-1371F3E1F406}"
EndProject
Project("{8BC9CEB8-8B4A-11D0-8D11-00A0C91BC942}") = "Reverse Integer", "..\Reverse Integer\Reverse Integer.vcxproj", "{B28E4681-6004-499E-9432-DAA2E7778655}"
EndProject
Project("{8BC9CEB8-8B4A-11D0-8D11-00A0C91BC942}") = "String to Integer", "..\String to Integer\String to Integer.vcxproj", "{8966708A-E1EE-4FC0-862A-762489645832}"
EndProject
Project("{8BC9CEB8-8B4A-11D0-8D11-00A0C91BC942}") = "Palindrome Number", "..\Palindrome Number\Palindrome Number.vcxproj", "{EAED27E6-8E1B-4E6B-B506-F3636FB5E641}"
EndProject
Global
	GlobalSection(SolutionConfigurationPlatforms) = preSolution
		Debug|x64 = Debug|x64
		Debug|x86 = Debug|x86
		Release|x64 = Release|x64
		Release|x86 = Release|x86
	EndGlobalSection
	GlobalSection(ProjectConfigurationPlatforms) = postSolution
		{C3BFA0A9-9742-4190-B39C-0DFA3F482D9A}.Debug|x64.ActiveCfg = Debug|x64
		{C3BFA0A9-9742-4190-B39C-0DFA3F482D9A}.Debug|x64.Build.0 = Debug|x64
		{C3BFA0A9-9742-4190-B39C-0DFA3F482D9A}.Debug|x86.ActiveCfg = Debug|Win32
		{C3BFA0A9-9742-4190-B39C-0DFA3F482D9A}.Debug|x86.Build.0 = Debug|Win32
		{C3BFA0A9-9742-4190-B39C-0DFA3F482D9A}.Release|x64.ActiveCfg = Release|x64
		{C3BFA0A9-9742-4190-B39C-0DFA3F482D9A}.Release|x64.Build.0 = Release|x64
		{C3BFA0A9-9742-4190-B39C-0DFA3F482D9A}.Release|x86.ActiveCfg = Release|Win32
		{C3BFA0A9-9742-4190-B39C-0DFA3F482D9A}.Release|x86.Build.0 = Release|Win32
		{4B27EC0A-E77B-4283-A534-44640087589D}.Debug|x64.ActiveCfg = Debug|x64
		{4B27EC0A-E77B-4283-A534-44640087589D}.Debug|x64.Build.0 = Debug|x64
		{4B27EC0A-E77B-4283-A534-44640087589D}.Debug|x86.ActiveCfg = Debug|Win32
		{4B27EC0A-E77B-4283-A534-44640087589D}.Debug|x86.Build.0 = Debug|Win32
		{4B27EC0A-E77B-4283-A534-44640087589D}.Release|x64.ActiveCfg = Release|x64
		{4B27EC0A-E77B-4283-A534-44640087589D}.Release|x64.Build.0 = Release|x64
		{4B27EC0A-E77B-4283-A534-44640087589D}.Release|x86.ActiveCfg = Release|Win32
		{4B27EC0A-E77B-4283-A534-44640087589D}.Release|x86.Build.0 = Release|Win32
		{8B8204C4-AEBD-4143-B407-8792A36E5CAD}.Debug|x64.ActiveCfg = Debug|x64
		{8B8204C4-AEBD-4143-B407-8792A36E5CAD}.Debug|x64.Build.0 = Debug|x64
		{8B8204C4-AEBD-4143-B407-8792A36E5CAD}.Debug|x86.ActiveCfg = Debug|Win32
		{8B8204C4-AEBD-4143-B407-8792A36E5CAD}.Debug|x86.Build.0 = Debug|Win32
		{8B8204C4-AEBD-4143-B407-8792A36E5CAD}.Release|x64.ActiveCfg = Release|x64
		{8B8204C4-AEBD-4143-B407-8792A36E5CAD}.Release|x64.Build.0 = Release|x64
		{8B8204C4-AEBD-4143-B407-8792A36E5CAD}.Release|x86.ActiveCfg = Release|Win32
		{8B8204C4-AEBD-4143-B407-8792A36E5CAD}.Release|x86.Build.0 = Release|Win32
		{96AA887B-DA81-494A-8B61-2BEE9EDEC842}.Debug|x64.ActiveCfg = Debug|x64
		{96AA887B-DA81-494A-8B61-2BEE9EDEC842}.Debug|x64.Build.0 = Debug|x64
		{96AA887B-DA81-494A-8B61-2BEE9EDEC842}.Debug|x86.ActiveCfg = Debug|Win32
		{96AA887B-DA81-494A-8B61-2BEE9EDEC842}.Debug|x86.Build.0 = Debug|Win32
		{96AA887B-DA81-494A-8B61-2BEE9EDEC842}.Release|x64.ActiveCfg = Release|x64
		{96AA887B-DA81-494A-8B61-2BEE9EDEC842}.Release|x64.Build.0 = Release|x64
		{96AA887B-DA81-494A-8B61-2BEE9EDEC842}.Release|x86.ActiveCfg = Release|Win32
		{96AA887B-DA81-494A-8B61-2BEE9EDEC842}.Release|x86.Build.0 = Release|Win32
		{732AD2E9-B426-4FFE-B2FB-1371F3E1F406}.Debug|x64.ActiveCfg = Debug|x64
		{732AD2E9-B426-4FFE-B2FB-1371F3E1F406}.Debug|x64.Build.0 = Debug|x64
		{732AD2E9-B426-4FFE-B2FB-1371F3E1F406}.Debug|x86.ActiveCfg = Debug|Win32
		{732AD2E9-B426-4FFE-B2FB-1371F3E1F406}.Debug|x86.Build.0 = Debug|Win32
		{732AD2E9-B426-4FFE-B2FB-1371F3E1F406}.Release|x64.ActiveCfg = Release|x64
		{732AD2E9-B426-4FFE-B2FB-1371F3E1F406}.Release|x64.Build.0 = Release|x64
		{732AD2E9-B426-4FFE-B2FB-1371F3E1F406}.Release|x86.ActiveCfg = Release|Win32
		{732AD2E9-B426-4FFE-B2FB-1371F3E1F406}.Release|x86.Build.0 = Release|Win32
		{B28E4681-6004-499E-9432-DAA2E7778655}.Debug|x64.ActiveCfg = Debug|x64
		{B28E4681-6004-499E-9432-DAA2E7778655}.Debug|x64.Build.0 = Debug|x64
		{B28E4681-6004-499E-9432-DAA2E7778655}.Debug|x86.ActiveCfg = Debug|Win32
		{B28E4681-6004-499E-9432-DAA2E7778655}.Debug|x86.Build.0 = Debug|Win32
		{B28E4681-6004-499E-9432-DAA2E7778655}.Release|x64.ActiveCfg = Release|x64
		{B28E4681-6004-499E-9432-DAA2E7778655}.Release|x64.Build.0 = Release|x64
		{B28E4681-6004-499E-9432-DAA2E7778655}.Release|x86.ActiveCfg = Release|Win32
		{B28E4681-6004-499E-9432-DAA2E7778655}.Release|x86.Build.0 = Release|Win32
		{8966708A-E1EE-4FC0-862A-762489645832}.Debug|x64.ActiveCfg = Debug|x64
		{8966708A-E1EE-4FC0-862A-762489645832}.Debug|x64.Build.0 = Debug|x64
		{8966708A-E1EE-4FC0-862A-762489645832}.Debug|x86.ActiveCfg = Debug|Win32
		{8966708A-E1EE-4FC0-862A-762489645832}.Debug|x86.Build.0 = Debug|Win32
		{8966708A-E1EE-4FC0-862A-762489645832}.Release|x64.ActiveCfg = Release|x64
		{8966708A-E1EE-4FC0-862A-762489645832}.Release|x64.Build.0 = Release|x64
		{8966708A-E1EE-4FC0-862A-762489645832}.Release|x86.ActiveCfg = Release|Win32
		{8966708A-E1EE-4FC0-862A-762489645832}.Release|x86.Build.0 = Release|Win32
		{EAED27E6-8E1B-4E6B-B506-F3636FB5E641}.Debug|x64.ActiveCfg = Debug|x64
		{EAED27E6-8E1B-4E6B-B506-F3636FB5E641}.Debug|x64.Build.0 = Debug|x64
		{EAED27E6-8E1B-4E6B-B506-F3636FB5E641}.Debug|x86.ActiveCfg = Debug|Win32
		{EAED27E6-8E1B-4E6B-B506-F3636FB5E641}.Debug|x86.Build.0 = Debug|Win32
		{EAED27E6-8E1B-4E6B-B506-F3636FB5E641}.Release|x64.ActiveCfg = Release|x64
		{EAED27E6-8E1B-4E6B-B506-F3636FB5E641}.Release|x64.Build.0 = Release|x64
		{EAED27E6-8E1B-4E6B-B506-F3636FB5E641}.Release|x86.ActiveCfg = Release|Win32
		{EAED27E6-8E1B-4E6B-B506-F3636FB5E641}.Release|x86.Build.0 = Release|Win32
	EndGlobalSection
	GlobalSection(SolutionProperties) = preSolution
		HideSolutionNode = FALSE
	EndGlobalSection
EndGlobal
