
Microsoft Visual Studio Solution File, Format Version 12.00
# Visual Studio 15
VisualStudioVersion = 15.0.28307.902
MinimumVisualStudioVersion = 10.0.40219.1
Project("{8BC9CEB8-8B4A-11D0-8D11-00A0C91BC942}") = "01背包问题", "01背包问题\01背包问题.vcxproj", "{970B40A5-0201-4800-B7F0-D2E62EA1F20C}"
EndProject
Project("{8BC9CEB8-8B4A-11D0-8D11-00A0C91BC942}") = "完全背包问题", "完全背包问题\完全背包问题.vcxproj", "{2AC8DFBF-39A1-4880-AD0C-097CFD7F590E}"
EndProject
Project("{8BC9CEB8-8B4A-11D0-8D11-00A0C91BC942}") = "庆功会-多重背包问题", "庆功会\庆功会.vcxproj", "{453FFDDD-7734-4799-910C-EB27CC6E87C7}"
EndProject
Project("{8BC9CEB8-8B4A-11D0-8D11-00A0C91BC942}") = "混合背包", "混合背包\混合背包.vcxproj", "{B75CC04A-5719-4C16-A1A3-2501C57E5F29}"
EndProject
Project("{8BC9CEB8-8B4A-11D0-8D11-00A0C91BC942}") = "潜水员", "潜水员\潜水员.vcxproj", "{7CCBA7D8-C014-4250-99A3-2E401C17C612}"
EndProject
Project("{8BC9CEB8-8B4A-11D0-8D11-00A0C91BC942}") = "分组背包", "分组背包\分组背包.vcxproj", "{654D0831-4713-4010-850C-24F68533CD5F}"
EndProject
Project("{8BC9CEB8-8B4A-11D0-8D11-00A0C91BC942}") = "货币问题", "货币问题\货币问题.vcxproj", "{EF1BA752-84FF-49E7-A345-941362C0B1BB}"
EndProject
Project("{8BC9CEB8-8B4A-11D0-8D11-00A0C91BC942}") = "采药", "采药\采药.vcxproj", "{3476BA59-BA26-4508-88E9-4A3FD3404B85}"
EndProject
Project("{8BC9CEB8-8B4A-11D0-8D11-00A0C91BC942}") = "数字组合", "数字组合\数字组合.vcxproj", "{351FA923-B621-4C93-9F78-C8CB8DF31CFF}"
EndProject
Project("{8BC9CEB8-8B4A-11D0-8D11-00A0C91BC942}") = "宠物小精灵之收服", "宠物小精灵之收服\宠物小精灵之收服.vcxproj", "{3F162DC1-82EE-4D52-B8B3-52E6D9CC6178}"
EndProject
Project("{8BC9CEB8-8B4A-11D0-8D11-00A0C91BC942}") = "买书", "买书\买书.vcxproj", "{A7529765-CB45-46B4-B197-C2CAB3E0B2ED}"
EndProject
Project("{8BC9CEB8-8B4A-11D0-8D11-00A0C91BC942}") = "Charm Bracelet", "Charm Bracelet\Charm Bracelet.vcxproj", "{0CEB1763-D28A-40EC-A6C0-4A22245A5E65}"
EndProject
Project("{8BC9CEB8-8B4A-11D0-8D11-00A0C91BC942}") = "装箱问题", "装箱问题\装箱问题.vcxproj", "{AABC4557-30ED-4442-967B-7F705E20B46F}"
EndProject
Project("{8BC9CEB8-8B4A-11D0-8D11-00A0C91BC942}") = "开餐馆", "开餐馆\开餐馆.vcxproj", "{35B89DF5-AB2F-4300-8E0F-F2F880CEABCB}"
EndProject
Global
	GlobalSection(SolutionConfigurationPlatforms) = preSolution
		Debug|x64 = Debug|x64
		Debug|x86 = Debug|x86
		Release|x64 = Release|x64
		Release|x86 = Release|x86
	EndGlobalSection
	GlobalSection(ProjectConfigurationPlatforms) = postSolution
		{970B40A5-0201-4800-B7F0-D2E62EA1F20C}.Debug|x64.ActiveCfg = Debug|x64
		{970B40A5-0201-4800-B7F0-D2E62EA1F20C}.Debug|x64.Build.0 = Debug|x64
		{970B40A5-0201-4800-B7F0-D2E62EA1F20C}.Debug|x86.ActiveCfg = Debug|Win32
		{970B40A5-0201-4800-B7F0-D2E62EA1F20C}.Debug|x86.Build.0 = Debug|Win32
		{970B40A5-0201-4800-B7F0-D2E62EA1F20C}.Release|x64.ActiveCfg = Release|x64
		{970B40A5-0201-4800-B7F0-D2E62EA1F20C}.Release|x64.Build.0 = Release|x64
		{970B40A5-0201-4800-B7F0-D2E62EA1F20C}.Release|x86.ActiveCfg = Release|Win32
		{970B40A5-0201-4800-B7F0-D2E62EA1F20C}.Release|x86.Build.0 = Release|Win32
		{2AC8DFBF-39A1-4880-AD0C-097CFD7F590E}.Debug|x64.ActiveCfg = Debug|x64
		{2AC8DFBF-39A1-4880-AD0C-097CFD7F590E}.Debug|x64.Build.0 = Debug|x64
		{2AC8DFBF-39A1-4880-AD0C-097CFD7F590E}.Debug|x86.ActiveCfg = Debug|Win32
		{2AC8DFBF-39A1-4880-AD0C-097CFD7F590E}.Debug|x86.Build.0 = Debug|Win32
		{2AC8DFBF-39A1-4880-AD0C-097CFD7F590E}.Release|x64.ActiveCfg = Release|x64
		{2AC8DFBF-39A1-4880-AD0C-097CFD7F590E}.Release|x64.Build.0 = Release|x64
		{2AC8DFBF-39A1-4880-AD0C-097CFD7F590E}.Release|x86.ActiveCfg = Release|Win32
		{2AC8DFBF-39A1-4880-AD0C-097CFD7F590E}.Release|x86.Build.0 = Release|Win32
		{453FFDDD-7734-4799-910C-EB27CC6E87C7}.Debug|x64.ActiveCfg = Debug|x64
		{453FFDDD-7734-4799-910C-EB27CC6E87C7}.Debug|x64.Build.0 = Debug|x64
		{453FFDDD-7734-4799-910C-EB27CC6E87C7}.Debug|x86.ActiveCfg = Debug|Win32
		{453FFDDD-7734-4799-910C-EB27CC6E87C7}.Debug|x86.Build.0 = Debug|Win32
		{453FFDDD-7734-4799-910C-EB27CC6E87C7}.Release|x64.ActiveCfg = Release|x64
		{453FFDDD-7734-4799-910C-EB27CC6E87C7}.Release|x64.Build.0 = Release|x64
		{453FFDDD-7734-4799-910C-EB27CC6E87C7}.Release|x86.ActiveCfg = Release|Win32
		{453FFDDD-7734-4799-910C-EB27CC6E87C7}.Release|x86.Build.0 = Release|Win32
		{B75CC04A-5719-4C16-A1A3-2501C57E5F29}.Debug|x64.ActiveCfg = Debug|x64
		{B75CC04A-5719-4C16-A1A3-2501C57E5F29}.Debug|x64.Build.0 = Debug|x64
		{B75CC04A-5719-4C16-A1A3-2501C57E5F29}.Debug|x86.ActiveCfg = Debug|Win32
		{B75CC04A-5719-4C16-A1A3-2501C57E5F29}.Debug|x86.Build.0 = Debug|Win32
		{B75CC04A-5719-4C16-A1A3-2501C57E5F29}.Release|x64.ActiveCfg = Release|x64
		{B75CC04A-5719-4C16-A1A3-2501C57E5F29}.Release|x64.Build.0 = Release|x64
		{B75CC04A-5719-4C16-A1A3-2501C57E5F29}.Release|x86.ActiveCfg = Release|Win32
		{B75CC04A-5719-4C16-A1A3-2501C57E5F29}.Release|x86.Build.0 = Release|Win32
		{7CCBA7D8-C014-4250-99A3-2E401C17C612}.Debug|x64.ActiveCfg = Debug|x64
		{7CCBA7D8-C014-4250-99A3-2E401C17C612}.Debug|x64.Build.0 = Debug|x64
		{7CCBA7D8-C014-4250-99A3-2E401C17C612}.Debug|x86.ActiveCfg = Debug|Win32
		{7CCBA7D8-C014-4250-99A3-2E401C17C612}.Debug|x86.Build.0 = Debug|Win32
		{7CCBA7D8-C014-4250-99A3-2E401C17C612}.Release|x64.ActiveCfg = Release|x64
		{7CCBA7D8-C014-4250-99A3-2E401C17C612}.Release|x64.Build.0 = Release|x64
		{7CCBA7D8-C014-4250-99A3-2E401C17C612}.Release|x86.ActiveCfg = Release|Win32
		{7CCBA7D8-C014-4250-99A3-2E401C17C612}.Release|x86.Build.0 = Release|Win32
		{654D0831-4713-4010-850C-24F68533CD5F}.Debug|x64.ActiveCfg = Debug|x64
		{654D0831-4713-4010-850C-24F68533CD5F}.Debug|x64.Build.0 = Debug|x64
		{654D0831-4713-4010-850C-24F68533CD5F}.Debug|x86.ActiveCfg = Debug|Win32
		{654D0831-4713-4010-850C-24F68533CD5F}.Debug|x86.Build.0 = Debug|Win32
		{654D0831-4713-4010-850C-24F68533CD5F}.Release|x64.ActiveCfg = Release|x64
		{654D0831-4713-4010-850C-24F68533CD5F}.Release|x64.Build.0 = Release|x64
		{654D0831-4713-4010-850C-24F68533CD5F}.Release|x86.ActiveCfg = Release|Win32
		{654D0831-4713-4010-850C-24F68533CD5F}.Release|x86.Build.0 = Release|Win32
		{EF1BA752-84FF-49E7-A345-941362C0B1BB}.Debug|x64.ActiveCfg = Debug|x64
		{EF1BA752-84FF-49E7-A345-941362C0B1BB}.Debug|x64.Build.0 = Debug|x64
		{EF1BA752-84FF-49E7-A345-941362C0B1BB}.Debug|x86.ActiveCfg = Debug|Win32
		{EF1BA752-84FF-49E7-A345-941362C0B1BB}.Debug|x86.Build.0 = Debug|Win32
		{EF1BA752-84FF-49E7-A345-941362C0B1BB}.Release|x64.ActiveCfg = Release|x64
		{EF1BA752-84FF-49E7-A345-941362C0B1BB}.Release|x64.Build.0 = Release|x64
		{EF1BA752-84FF-49E7-A345-941362C0B1BB}.Release|x86.ActiveCfg = Release|Win32
		{EF1BA752-84FF-49E7-A345-941362C0B1BB}.Release|x86.Build.0 = Release|Win32
		{3476BA59-BA26-4508-88E9-4A3FD3404B85}.Debug|x64.ActiveCfg = Debug|x64
		{3476BA59-BA26-4508-88E9-4A3FD3404B85}.Debug|x64.Build.0 = Debug|x64
		{3476BA59-BA26-4508-88E9-4A3FD3404B85}.Debug|x86.ActiveCfg = Debug|Win32
		{3476BA59-BA26-4508-88E9-4A3FD3404B85}.Debug|x86.Build.0 = Debug|Win32
		{3476BA59-BA26-4508-88E9-4A3FD3404B85}.Release|x64.ActiveCfg = Release|x64
		{3476BA59-BA26-4508-88E9-4A3FD3404B85}.Release|x64.Build.0 = Release|x64
		{3476BA59-BA26-4508-88E9-4A3FD3404B85}.Release|x86.ActiveCfg = Release|Win32
		{3476BA59-BA26-4508-88E9-4A3FD3404B85}.Release|x86.Build.0 = Release|Win32
		{351FA923-B621-4C93-9F78-C8CB8DF31CFF}.Debug|x64.ActiveCfg = Debug|x64
		{351FA923-B621-4C93-9F78-C8CB8DF31CFF}.Debug|x64.Build.0 = Debug|x64
		{351FA923-B621-4C93-9F78-C8CB8DF31CFF}.Debug|x86.ActiveCfg = Debug|Win32
		{351FA923-B621-4C93-9F78-C8CB8DF31CFF}.Debug|x86.Build.0 = Debug|Win32
		{351FA923-B621-4C93-9F78-C8CB8DF31CFF}.Release|x64.ActiveCfg = Release|x64
		{351FA923-B621-4C93-9F78-C8CB8DF31CFF}.Release|x64.Build.0 = Release|x64
		{351FA923-B621-4C93-9F78-C8CB8DF31CFF}.Release|x86.ActiveCfg = Release|Win32
		{351FA923-B621-4C93-9F78-C8CB8DF31CFF}.Release|x86.Build.0 = Release|Win32
		{3F162DC1-82EE-4D52-B8B3-52E6D9CC6178}.Debug|x64.ActiveCfg = Debug|x64
		{3F162DC1-82EE-4D52-B8B3-52E6D9CC6178}.Debug|x64.Build.0 = Debug|x64
		{3F162DC1-82EE-4D52-B8B3-52E6D9CC6178}.Debug|x86.ActiveCfg = Debug|Win32
		{3F162DC1-82EE-4D52-B8B3-52E6D9CC6178}.Debug|x86.Build.0 = Debug|Win32
		{3F162DC1-82EE-4D52-B8B3-52E6D9CC6178}.Release|x64.ActiveCfg = Release|x64
		{3F162DC1-82EE-4D52-B8B3-52E6D9CC6178}.Release|x64.Build.0 = Release|x64
		{3F162DC1-82EE-4D52-B8B3-52E6D9CC6178}.Release|x86.ActiveCfg = Release|Win32
		{3F162DC1-82EE-4D52-B8B3-52E6D9CC6178}.Release|x86.Build.0 = Release|Win32
		{A7529765-CB45-46B4-B197-C2CAB3E0B2ED}.Debug|x64.ActiveCfg = Debug|x64
		{A7529765-CB45-46B4-B197-C2CAB3E0B2ED}.Debug|x64.Build.0 = Debug|x64
		{A7529765-CB45-46B4-B197-C2CAB3E0B2ED}.Debug|x86.ActiveCfg = Debug|Win32
		{A7529765-CB45-46B4-B197-C2CAB3E0B2ED}.Debug|x86.Build.0 = Debug|Win32
		{A7529765-CB45-46B4-B197-C2CAB3E0B2ED}.Release|x64.ActiveCfg = Release|x64
		{A7529765-CB45-46B4-B197-C2CAB3E0B2ED}.Release|x64.Build.0 = Release|x64
		{A7529765-CB45-46B4-B197-C2CAB3E0B2ED}.Release|x86.ActiveCfg = Release|Win32
		{A7529765-CB45-46B4-B197-C2CAB3E0B2ED}.Release|x86.Build.0 = Release|Win32
		{0CEB1763-D28A-40EC-A6C0-4A22245A5E65}.Debug|x64.ActiveCfg = Debug|x64
		{0CEB1763-D28A-40EC-A6C0-4A22245A5E65}.Debug|x64.Build.0 = Debug|x64
		{0CEB1763-D28A-40EC-A6C0-4A22245A5E65}.Debug|x86.ActiveCfg = Debug|Win32
		{0CEB1763-D28A-40EC-A6C0-4A22245A5E65}.Debug|x86.Build.0 = Debug|Win32
		{0CEB1763-D28A-40EC-A6C0-4A22245A5E65}.Release|x64.ActiveCfg = Release|x64
		{0CEB1763-D28A-40EC-A6C0-4A22245A5E65}.Release|x64.Build.0 = Release|x64
		{0CEB1763-D28A-40EC-A6C0-4A22245A5E65}.Release|x86.ActiveCfg = Release|Win32
		{0CEB1763-D28A-40EC-A6C0-4A22245A5E65}.Release|x86.Build.0 = Release|Win32
		{AABC4557-30ED-4442-967B-7F705E20B46F}.Debug|x64.ActiveCfg = Debug|x64
		{AABC4557-30ED-4442-967B-7F705E20B46F}.Debug|x64.Build.0 = Debug|x64
		{AABC4557-30ED-4442-967B-7F705E20B46F}.Debug|x86.ActiveCfg = Debug|Win32
		{AABC4557-30ED-4442-967B-7F705E20B46F}.Debug|x86.Build.0 = Debug|Win32
		{AABC4557-30ED-4442-967B-7F705E20B46F}.Release|x64.ActiveCfg = Release|x64
		{AABC4557-30ED-4442-967B-7F705E20B46F}.Release|x64.Build.0 = Release|x64
		{AABC4557-30ED-4442-967B-7F705E20B46F}.Release|x86.ActiveCfg = Release|Win32
		{AABC4557-30ED-4442-967B-7F705E20B46F}.Release|x86.Build.0 = Release|Win32
		{35B89DF5-AB2F-4300-8E0F-F2F880CEABCB}.Debug|x64.ActiveCfg = Debug|x64
		{35B89DF5-AB2F-4300-8E0F-F2F880CEABCB}.Debug|x64.Build.0 = Debug|x64
		{35B89DF5-AB2F-4300-8E0F-F2F880CEABCB}.Debug|x86.ActiveCfg = Debug|Win32
		{35B89DF5-AB2F-4300-8E0F-F2F880CEABCB}.Debug|x86.Build.0 = Debug|Win32
		{35B89DF5-AB2F-4300-8E0F-F2F880CEABCB}.Release|x64.ActiveCfg = Release|x64
		{35B89DF5-AB2F-4300-8E0F-F2F880CEABCB}.Release|x64.Build.0 = Release|x64
		{35B89DF5-AB2F-4300-8E0F-F2F880CEABCB}.Release|x86.ActiveCfg = Release|Win32
		{35B89DF5-AB2F-4300-8E0F-F2F880CEABCB}.Release|x86.Build.0 = Release|Win32
	EndGlobalSection
	GlobalSection(SolutionProperties) = preSolution
		HideSolutionNode = FALSE
	EndGlobalSection
	GlobalSection(ExtensibilityGlobals) = postSolution
		SolutionGuid = {FD03498F-D745-4082-B433-7651D376F191}
	EndGlobalSection
EndGlobal
