
Microsoft Visual Studio Solution File, Format Version 12.00
# Visual Studio 14
VisualStudioVersion = 14.0.25420.1
MinimumVisualStudioVersion = 10.0.40219.1
Project("{8BC9CEB8-8B4A-11D0-8D11-00A0C91BC942}") = "插入排序", "算法深入\算法深入.vcxproj", "{23CB4A45-0B56-4F50-B35A-D5987B1B2D86}"
EndProject
Project("{8BC9CEB8-8B4A-11D0-8D11-00A0C91BC942}") = "选择排序", "选择排序\选择排序.vcxproj", "{3169B8BF-48CB-48FB-9592-9D6A6D3D1FAF}"
EndProject
Project("{8BC9CEB8-8B4A-11D0-8D11-00A0C91BC942}") = "冒泡排序", "冒泡排序\冒泡排序.vcxproj", "{C455F623-0B1B-4863-9223-896EC86AB228}"
EndProject
Project("{8BC9CEB8-8B4A-11D0-8D11-00A0C91BC942}") = "归并排序", "归并排序\归并排序.vcxproj", "{399CCAF1-D027-4B71-9215-009F731787E4}"
EndProject
Project("{8BC9CEB8-8B4A-11D0-8D11-00A0C91BC942}") = "希尔排序", "希尔排序\希尔排序.vcxproj", "{E4C375DA-E3BE-404E-8D5E-C3651F2CE48B}"
EndProject
Project("{8BC9CEB8-8B4A-11D0-8D11-00A0C91BC942}") = "快速排序", "快速排序\快速排序.vcxproj", "{57FDAA99-8650-4BC1-BBD6-E69B707CDD53}"
EndProject
Project("{8BC9CEB8-8B4A-11D0-8D11-00A0C91BC942}") = "堆排序", "堆排序\堆排序.vcxproj", "{184C672F-279B-4264-A8F1-4EE0FBF5FD3D}"
EndProject
Project("{8BC9CEB8-8B4A-11D0-8D11-00A0C91BC942}") = "桶排序", "桶排序\桶排序.vcxproj", "{34F3A803-9A0C-45F7-87B8-AF99773563E8}"
EndProject
Project("{8BC9CEB8-8B4A-11D0-8D11-00A0C91BC942}") = "基数排序", "基数排序\基数排序.vcxproj", "{86C7A487-BD90-4845-ACC0-88D20D300F51}"
EndProject
Project("{8BC9CEB8-8B4A-11D0-8D11-00A0C91BC942}") = "堆", "堆\堆.vcxproj", "{1594527D-5BBD-4208-B259-3A34C225D2BC}"
EndProject
Project("{8BC9CEB8-8B4A-11D0-8D11-00A0C91BC942}") = "寻路算法总结", "寻路算法总结\寻路算法总结.vcxproj", "{F03A7921-68BC-4E99-81A7-FE68B9ECA117}"
EndProject
Project("{8BC9CEB8-8B4A-11D0-8D11-00A0C91BC942}") = "并查集", "并查集\并查集.vcxproj", "{C5EAD15D-A836-45D0-8C09-CBA651A513C8}"
EndProject
Global
	GlobalSection(SolutionConfigurationPlatforms) = preSolution
		Debug|x64 = Debug|x64
		Debug|x86 = Debug|x86
		Release|x64 = Release|x64
		Release|x86 = Release|x86
	EndGlobalSection
	GlobalSection(ProjectConfigurationPlatforms) = postSolution
		{23CB4A45-0B56-4F50-B35A-D5987B1B2D86}.Debug|x64.ActiveCfg = Debug|x64
		{23CB4A45-0B56-4F50-B35A-D5987B1B2D86}.Debug|x64.Build.0 = Debug|x64
		{23CB4A45-0B56-4F50-B35A-D5987B1B2D86}.Debug|x86.ActiveCfg = Debug|Win32
		{23CB4A45-0B56-4F50-B35A-D5987B1B2D86}.Debug|x86.Build.0 = Debug|Win32
		{23CB4A45-0B56-4F50-B35A-D5987B1B2D86}.Release|x64.ActiveCfg = Release|x64
		{23CB4A45-0B56-4F50-B35A-D5987B1B2D86}.Release|x64.Build.0 = Release|x64
		{23CB4A45-0B56-4F50-B35A-D5987B1B2D86}.Release|x86.ActiveCfg = Release|Win32
		{23CB4A45-0B56-4F50-B35A-D5987B1B2D86}.Release|x86.Build.0 = Release|Win32
		{3169B8BF-48CB-48FB-9592-9D6A6D3D1FAF}.Debug|x64.ActiveCfg = Debug|x64
		{3169B8BF-48CB-48FB-9592-9D6A6D3D1FAF}.Debug|x64.Build.0 = Debug|x64
		{3169B8BF-48CB-48FB-9592-9D6A6D3D1FAF}.Debug|x86.ActiveCfg = Debug|Win32
		{3169B8BF-48CB-48FB-9592-9D6A6D3D1FAF}.Debug|x86.Build.0 = Debug|Win32
		{3169B8BF-48CB-48FB-9592-9D6A6D3D1FAF}.Release|x64.ActiveCfg = Release|x64
		{3169B8BF-48CB-48FB-9592-9D6A6D3D1FAF}.Release|x64.Build.0 = Release|x64
		{3169B8BF-48CB-48FB-9592-9D6A6D3D1FAF}.Release|x86.ActiveCfg = Release|Win32
		{3169B8BF-48CB-48FB-9592-9D6A6D3D1FAF}.Release|x86.Build.0 = Release|Win32
		{C455F623-0B1B-4863-9223-896EC86AB228}.Debug|x64.ActiveCfg = Debug|x64
		{C455F623-0B1B-4863-9223-896EC86AB228}.Debug|x64.Build.0 = Debug|x64
		{C455F623-0B1B-4863-9223-896EC86AB228}.Debug|x86.ActiveCfg = Debug|Win32
		{C455F623-0B1B-4863-9223-896EC86AB228}.Debug|x86.Build.0 = Debug|Win32
		{C455F623-0B1B-4863-9223-896EC86AB228}.Release|x64.ActiveCfg = Release|x64
		{C455F623-0B1B-4863-9223-896EC86AB228}.Release|x64.Build.0 = Release|x64
		{C455F623-0B1B-4863-9223-896EC86AB228}.Release|x86.ActiveCfg = Release|Win32
		{C455F623-0B1B-4863-9223-896EC86AB228}.Release|x86.Build.0 = Release|Win32
		{399CCAF1-D027-4B71-9215-009F731787E4}.Debug|x64.ActiveCfg = Debug|x64
		{399CCAF1-D027-4B71-9215-009F731787E4}.Debug|x64.Build.0 = Debug|x64
		{399CCAF1-D027-4B71-9215-009F731787E4}.Debug|x86.ActiveCfg = Debug|Win32
		{399CCAF1-D027-4B71-9215-009F731787E4}.Debug|x86.Build.0 = Debug|Win32
		{399CCAF1-D027-4B71-9215-009F731787E4}.Release|x64.ActiveCfg = Release|x64
		{399CCAF1-D027-4B71-9215-009F731787E4}.Release|x64.Build.0 = Release|x64
		{399CCAF1-D027-4B71-9215-009F731787E4}.Release|x86.ActiveCfg = Release|Win32
		{399CCAF1-D027-4B71-9215-009F731787E4}.Release|x86.Build.0 = Release|Win32
		{E4C375DA-E3BE-404E-8D5E-C3651F2CE48B}.Debug|x64.ActiveCfg = Debug|x64
		{E4C375DA-E3BE-404E-8D5E-C3651F2CE48B}.Debug|x64.Build.0 = Debug|x64
		{E4C375DA-E3BE-404E-8D5E-C3651F2CE48B}.Debug|x86.ActiveCfg = Debug|Win32
		{E4C375DA-E3BE-404E-8D5E-C3651F2CE48B}.Debug|x86.Build.0 = Debug|Win32
		{E4C375DA-E3BE-404E-8D5E-C3651F2CE48B}.Release|x64.ActiveCfg = Release|x64
		{E4C375DA-E3BE-404E-8D5E-C3651F2CE48B}.Release|x64.Build.0 = Release|x64
		{E4C375DA-E3BE-404E-8D5E-C3651F2CE48B}.Release|x86.ActiveCfg = Release|Win32
		{E4C375DA-E3BE-404E-8D5E-C3651F2CE48B}.Release|x86.Build.0 = Release|Win32
		{57FDAA99-8650-4BC1-BBD6-E69B707CDD53}.Debug|x64.ActiveCfg = Debug|x64
		{57FDAA99-8650-4BC1-BBD6-E69B707CDD53}.Debug|x64.Build.0 = Debug|x64
		{57FDAA99-8650-4BC1-BBD6-E69B707CDD53}.Debug|x86.ActiveCfg = Debug|Win32
		{57FDAA99-8650-4BC1-BBD6-E69B707CDD53}.Debug|x86.Build.0 = Debug|Win32
		{57FDAA99-8650-4BC1-BBD6-E69B707CDD53}.Release|x64.ActiveCfg = Release|x64
		{57FDAA99-8650-4BC1-BBD6-E69B707CDD53}.Release|x64.Build.0 = Release|x64
		{57FDAA99-8650-4BC1-BBD6-E69B707CDD53}.Release|x86.ActiveCfg = Release|Win32
		{57FDAA99-8650-4BC1-BBD6-E69B707CDD53}.Release|x86.Build.0 = Release|Win32
		{184C672F-279B-4264-A8F1-4EE0FBF5FD3D}.Debug|x64.ActiveCfg = Debug|x64
		{184C672F-279B-4264-A8F1-4EE0FBF5FD3D}.Debug|x64.Build.0 = Debug|x64
		{184C672F-279B-4264-A8F1-4EE0FBF5FD3D}.Debug|x86.ActiveCfg = Debug|Win32
		{184C672F-279B-4264-A8F1-4EE0FBF5FD3D}.Debug|x86.Build.0 = Debug|Win32
		{184C672F-279B-4264-A8F1-4EE0FBF5FD3D}.Release|x64.ActiveCfg = Release|x64
		{184C672F-279B-4264-A8F1-4EE0FBF5FD3D}.Release|x64.Build.0 = Release|x64
		{184C672F-279B-4264-A8F1-4EE0FBF5FD3D}.Release|x86.ActiveCfg = Release|Win32
		{184C672F-279B-4264-A8F1-4EE0FBF5FD3D}.Release|x86.Build.0 = Release|Win32
		{34F3A803-9A0C-45F7-87B8-AF99773563E8}.Debug|x64.ActiveCfg = Debug|x64
		{34F3A803-9A0C-45F7-87B8-AF99773563E8}.Debug|x64.Build.0 = Debug|x64
		{34F3A803-9A0C-45F7-87B8-AF99773563E8}.Debug|x86.ActiveCfg = Debug|Win32
		{34F3A803-9A0C-45F7-87B8-AF99773563E8}.Debug|x86.Build.0 = Debug|Win32
		{34F3A803-9A0C-45F7-87B8-AF99773563E8}.Release|x64.ActiveCfg = Release|x64
		{34F3A803-9A0C-45F7-87B8-AF99773563E8}.Release|x64.Build.0 = Release|x64
		{34F3A803-9A0C-45F7-87B8-AF99773563E8}.Release|x86.ActiveCfg = Release|Win32
		{34F3A803-9A0C-45F7-87B8-AF99773563E8}.Release|x86.Build.0 = Release|Win32
		{86C7A487-BD90-4845-ACC0-88D20D300F51}.Debug|x64.ActiveCfg = Debug|x64
		{86C7A487-BD90-4845-ACC0-88D20D300F51}.Debug|x64.Build.0 = Debug|x64
		{86C7A487-BD90-4845-ACC0-88D20D300F51}.Debug|x86.ActiveCfg = Debug|Win32
		{86C7A487-BD90-4845-ACC0-88D20D300F51}.Debug|x86.Build.0 = Debug|Win32
		{86C7A487-BD90-4845-ACC0-88D20D300F51}.Release|x64.ActiveCfg = Release|x64
		{86C7A487-BD90-4845-ACC0-88D20D300F51}.Release|x64.Build.0 = Release|x64
		{86C7A487-BD90-4845-ACC0-88D20D300F51}.Release|x86.ActiveCfg = Release|Win32
		{86C7A487-BD90-4845-ACC0-88D20D300F51}.Release|x86.Build.0 = Release|Win32
		{1594527D-5BBD-4208-B259-3A34C225D2BC}.Debug|x64.ActiveCfg = Debug|x64
		{1594527D-5BBD-4208-B259-3A34C225D2BC}.Debug|x64.Build.0 = Debug|x64
		{1594527D-5BBD-4208-B259-3A34C225D2BC}.Debug|x86.ActiveCfg = Debug|Win32
		{1594527D-5BBD-4208-B259-3A34C225D2BC}.Debug|x86.Build.0 = Debug|Win32
		{1594527D-5BBD-4208-B259-3A34C225D2BC}.Release|x64.ActiveCfg = Release|x64
		{1594527D-5BBD-4208-B259-3A34C225D2BC}.Release|x64.Build.0 = Release|x64
		{1594527D-5BBD-4208-B259-3A34C225D2BC}.Release|x86.ActiveCfg = Release|Win32
		{1594527D-5BBD-4208-B259-3A34C225D2BC}.Release|x86.Build.0 = Release|Win32
		{F03A7921-68BC-4E99-81A7-FE68B9ECA117}.Debug|x64.ActiveCfg = Debug|x64
		{F03A7921-68BC-4E99-81A7-FE68B9ECA117}.Debug|x64.Build.0 = Debug|x64
		{F03A7921-68BC-4E99-81A7-FE68B9ECA117}.Debug|x86.ActiveCfg = Debug|Win32
		{F03A7921-68BC-4E99-81A7-FE68B9ECA117}.Debug|x86.Build.0 = Debug|Win32
		{F03A7921-68BC-4E99-81A7-FE68B9ECA117}.Release|x64.ActiveCfg = Release|x64
		{F03A7921-68BC-4E99-81A7-FE68B9ECA117}.Release|x64.Build.0 = Release|x64
		{F03A7921-68BC-4E99-81A7-FE68B9ECA117}.Release|x86.ActiveCfg = Release|Win32
		{F03A7921-68BC-4E99-81A7-FE68B9ECA117}.Release|x86.Build.0 = Release|Win32
		{C5EAD15D-A836-45D0-8C09-CBA651A513C8}.Debug|x64.ActiveCfg = Debug|x64
		{C5EAD15D-A836-45D0-8C09-CBA651A513C8}.Debug|x64.Build.0 = Debug|x64
		{C5EAD15D-A836-45D0-8C09-CBA651A513C8}.Debug|x86.ActiveCfg = Debug|Win32
		{C5EAD15D-A836-45D0-8C09-CBA651A513C8}.Debug|x86.Build.0 = Debug|Win32
		{C5EAD15D-A836-45D0-8C09-CBA651A513C8}.Release|x64.ActiveCfg = Release|x64
		{C5EAD15D-A836-45D0-8C09-CBA651A513C8}.Release|x64.Build.0 = Release|x64
		{C5EAD15D-A836-45D0-8C09-CBA651A513C8}.Release|x86.ActiveCfg = Release|Win32
		{C5EAD15D-A836-45D0-8C09-CBA651A513C8}.Release|x86.Build.0 = Release|Win32
	EndGlobalSection
	GlobalSection(SolutionProperties) = preSolution
		HideSolutionNode = FALSE
	EndGlobalSection
EndGlobal
